// !$*UTF8*$!
{
	archiveVersion = 1;
	classes = {
	};
	objectVersion = 46;
	objects = {

/* Begin PBXBuildFile section */
		4D12A10F13E1A6B8005E6F62 /* iPhoneHelp.m in Sources */ = {isa = PBXBuildFile; fileRef = 4D12A10D13E1A6B8005E6F62 /* iPhoneHelp.m */; };
		4D12A11013E1A6B8005E6F62 /* iPhoneHelp.xib in Resources */ = {isa = PBXBuildFile; fileRef = 4D12A10E13E1A6B8005E6F62 /* iPhoneHelp.xib */; };
		4D33AD7513E1BCE4006A9203 /* PopoverViewController.m in Sources */ = {isa = PBXBuildFile; fileRef = 4D33AD7413E1BCE4006A9203 /* PopoverViewController.m */; };
		4D33AD7D13E1F998006A9203 /* DiceiPhoneScroller.png in Resources */ = {isa = PBXBuildFile; fileRef = 4D33AD7713E1F998006A9203 /* DiceiPhoneScroller.png */; };
		4D33AD7E13E1F998006A9203 /* DiceiPhoneScroller2.png in Resources */ = {isa = PBXBuildFile; fileRef = 4D33AD7813E1F998006A9203 /* DiceiPhoneScroller2.png */; };
		4D33AD7F13E1F998006A9203 /* DiceiPhoneScroller3.png in Resources */ = {isa = PBXBuildFile; fileRef = 4D33AD7913E1F998006A9203 /* DiceiPhoneScroller3.png */; };
		4D33AD8013E1F998006A9203 /* DiceiPhoneScroller4.png in Resources */ = {isa = PBXBuildFile; fileRef = 4D33AD7A13E1F998006A9203 /* DiceiPhoneScroller4.png */; };
		4D33AD8113E1F998006A9203 /* DiceiPhoneScroller5.png in Resources */ = {isa = PBXBuildFile; fileRef = 4D33AD7B13E1F998006A9203 /* DiceiPhoneScroller5.png */; };
		4D33AD8213E1F998006A9203 /* DiceiPhoneScroller6.png in Resources */ = {isa = PBXBuildFile; fileRef = 4D33AD7C13E1F998006A9203 /* DiceiPhoneScroller6.png */; };
		4D51F37113F9AEE70040D09C /* WifiServer.m in Sources */ = {isa = PBXBuildFile; fileRef = 4D51F37013F9AEE70040D09C /* WifiServer.m */; };
		4D51F37413F9AEF20040D09C /* WifiClient.m in Sources */ = {isa = PBXBuildFile; fileRef = 4D51F37313F9AEF20040D09C /* WifiClient.m */; };
		4D51F37713F9B9410040D09C /* WifiConnection.m in Sources */ = {isa = PBXBuildFile; fileRef = 4D51F37613F9B9410040D09C /* WifiConnection.m */; };
		4D84DDC013CF701900F924B2 /* Dice2Pushed.png in Resources */ = {isa = PBXBuildFile; fileRef = 4D84DDBA13CF701900F924B2 /* Dice2Pushed.png */; };
		4D84DDC113CF701900F924B2 /* Dice3Pushed.png in Resources */ = {isa = PBXBuildFile; fileRef = 4D84DDBB13CF701900F924B2 /* Dice3Pushed.png */; };
		4D84DDC213CF701900F924B2 /* Dice4Pushed.png in Resources */ = {isa = PBXBuildFile; fileRef = 4D84DDBC13CF701900F924B2 /* Dice4Pushed.png */; };
		4D84DDC313CF701900F924B2 /* Dice5Pushed.png in Resources */ = {isa = PBXBuildFile; fileRef = 4D84DDBD13CF701900F924B2 /* Dice5Pushed.png */; };
		4D84DDC413CF701900F924B2 /* Dice6Pushed.png in Resources */ = {isa = PBXBuildFile; fileRef = 4D84DDBE13CF701900F924B2 /* Dice6Pushed.png */; };
		4D84DDC513CF701900F924B2 /* DicePushed.png in Resources */ = {isa = PBXBuildFile; fileRef = 4D84DDBF13CF701900F924B2 /* DicePushed.png */; };
		4D84DDC813CF749D00F924B2 /* Logo.png in Resources */ = {isa = PBXBuildFile; fileRef = 4D84DDC713CF749D00F924B2 /* Logo.png */; };
		4D84DDCA13CF74BD00F924B2 /* Logo.png in Resources */ = {isa = PBXBuildFile; fileRef = 4D84DDC913CF74BD00F924B2 /* Logo.png */; };
		4D84DDCD13CF751000F924B2 /* Logo-iPhone.png in Resources */ = {isa = PBXBuildFile; fileRef = 4D84DDCB13CF751000F924B2 /* Logo-iPhone.png */; };
		4D84DDCE13CF751000F924B2 /* Logo-Retina.png in Resources */ = {isa = PBXBuildFile; fileRef = 4D84DDCC13CF751000F924B2 /* Logo-Retina.png */; };
		4D84DDD013CF751800F924B2 /* Logo-iPhone.png in Resources */ = {isa = PBXBuildFile; fileRef = 4D84DDCF13CF751800F924B2 /* Logo-iPhone.png */; };
		4D84DDD213CF751C00F924B2 /* Logo-Retina.png in Resources */ = {isa = PBXBuildFile; fileRef = 4D84DDD113CF751C00F924B2 /* Logo-Retina.png */; };
		4D84DDD513CF774A00F924B2 /* Launch-Image-iPad.png in Resources */ = {isa = PBXBuildFile; fileRef = 4D84DDD313CF774A00F924B2 /* Launch-Image-iPad.png */; };
		4D84DDD613CF774A00F924B2 /* Launch-Image-iPhone.png in Resources */ = {isa = PBXBuildFile; fileRef = 4D84DDD413CF774A00F924B2 /* Launch-Image-iPhone.png */; };
		4D84DDD813CF775300F924B2 /* Default@2x.png in Resources */ = {isa = PBXBuildFile; fileRef = 4D84DDD713CF775300F924B2 /* Default@2x.png */; };
		4D84DDDA13CF775A00F924B2 /* Default.png in Resources */ = {isa = PBXBuildFile; fileRef = 4D84DDD913CF775A00F924B2 /* Default.png */; };
		4D87542413C76CEE00D1586B /* Peer.m in Sources */ = {isa = PBXBuildFile; fileRef = 4D87542313C76CEE00D1586B /* Peer.m */; };
		4DB74E1013D4A06000B68673 /* iPhoneMainMenu.m in Sources */ = {isa = PBXBuildFile; fileRef = 4DB74E0E13D4A06000B68673 /* iPhoneMainMenu.m */; };
		4DB74E1113D4A06000B68673 /* iPhoneMainMenu.xib in Resources */ = {isa = PBXBuildFile; fileRef = 4DB74E0F13D4A06000B68673 /* iPhoneMainMenu.xib */; };
		4DC720D113E08C8200D5484F /* iPadHelp.m in Sources */ = {isa = PBXBuildFile; fileRef = 4DC720CF13E08C8200D5484F /* iPadHelp.m */; };
		4DC720D213E08C8200D5484F /* iPadHelp.xib in Resources */ = {isa = PBXBuildFile; fileRef = 4DC720D013E08C8200D5484F /* iPadHelp.xib */; };
		4DD48F46140568CF0016A32B /* iPhoneServer.xib in Resources */ = {isa = PBXBuildFile; fileRef = 4DD48F44140568CF0016A32B /* iPhoneServer.xib */; };
		4DD48F4B1405710A0016A32B /* Server.m in Sources */ = {isa = PBXBuildFile; fileRef = 4DD48F4A1405710A0016A32B /* Server.m */; };
		4DDA885613FD9BAF008D3900 /* Reachability.m in Sources */ = {isa = PBXBuildFile; fileRef = 4DDA885513FD9BAF008D3900 /* Reachability.m */; };
		4DDA885913FD9C35008D3900 /* SystemConfiguration.framework in Frameworks */ = {isa = PBXBuildFile; fileRef = 4DDA885813FD9C35008D3900 /* SystemConfiguration.framework */; };
		4DDA885B13FDA1F2008D3900 /* CoreFoundation.framework in Frameworks */ = {isa = PBXBuildFile; fileRef = 4DDA885A13FDA1F2008D3900 /* CoreFoundation.framework */; };
		4DEAE53413FC42050044FF11 /* BluetoothDisabled.png in Resources */ = {isa = PBXBuildFile; fileRef = 4DEAE53013FC42050044FF11 /* BluetoothDisabled.png */; };
		4DEAE53513FC42050044FF11 /* BluetoothEnabled.png in Resources */ = {isa = PBXBuildFile; fileRef = 4DEAE53113FC42050044FF11 /* BluetoothEnabled.png */; };
		4DEAE53613FC42050044FF11 /* WifiEnabled.png in Resources */ = {isa = PBXBuildFile; fileRef = 4DEAE53213FC42050044FF11 /* WifiEnabled.png */; };
		4DEAE53713FC42050044FF11 /* WifiDisabled.png in Resources */ = {isa = PBXBuildFile; fileRef = 4DEAE53313FC42050044FF11 /* WifiDisabled.png */; };
		CD07ACCD13BCF2AB00FB8DC8 /* Dice.png in Resources */ = {isa = PBXBuildFile; fileRef = CD07ACCC13BCF2AB00FB8DC8 /* Dice.png */; };
		CD548D3313C612B700D70176 /* GameKit.framework in Frameworks */ = {isa = PBXBuildFile; fileRef = CD548D3213C612B700D70176 /* GameKit.framework */; };
		CD86D64813BB9E450005A182 /* UIKit.framework in Frameworks */ = {isa = PBXBuildFile; fileRef = CD86D64713BB9E450005A182 /* UIKit.framework */; };
		CD86D64A13BB9E450005A182 /* Foundation.framework in Frameworks */ = {isa = PBXBuildFile; fileRef = CD86D64913BB9E450005A182 /* Foundation.framework */; };
		CD86D64C13BB9E450005A182 /* CoreGraphics.framework in Frameworks */ = {isa = PBXBuildFile; fileRef = CD86D64B13BB9E450005A182 /* CoreGraphics.framework */; };
		CD86D64E13BB9E450005A182 /* CoreData.framework in Frameworks */ = {isa = PBXBuildFile; fileRef = CD86D64D13BB9E450005A182 /* CoreData.framework */; };
		CD86D65413BB9E460005A182 /* InfoPlist.strings in Resources */ = {isa = PBXBuildFile; fileRef = CD86D65213BB9E460005A182 /* InfoPlist.strings */; };
		CD86D65713BB9E460005A182 /* main.m in Sources */ = {isa = PBXBuildFile; fileRef = CD86D65613BB9E460005A182 /* main.m */; };
		CD86D65A13BB9E460005A182 /* Lair_s_DiceAppDelegate.m in Sources */ = {isa = PBXBuildFile; fileRef = CD86D65913BB9E460005A182 /* Lair_s_DiceAppDelegate.m */; };
		CD86D65D13BB9E460005A182 /* Lair_s_Dice.xcdatamodeld in Sources */ = {isa = PBXBuildFile; fileRef = CD86D65B13BB9E460005A182 /* Lair_s_Dice.xcdatamodeld */; };
		CD86D66113BB9E460005A182 /* Lair_s_DiceAppDelegate_iPhone.m in Sources */ = {isa = PBXBuildFile; fileRef = CD86D66013BB9E460005A182 /* Lair_s_DiceAppDelegate_iPhone.m */; };
		CD86D66413BB9E460005A182 /* MainWindow_iPhone.xib in Resources */ = {isa = PBXBuildFile; fileRef = CD86D66213BB9E460005A182 /* MainWindow_iPhone.xib */; };
		CD86D66813BB9E460005A182 /* Lair_s_DiceAppDelegate_iPad.m in Sources */ = {isa = PBXBuildFile; fileRef = CD86D66713BB9E460005A182 /* Lair_s_DiceAppDelegate_iPad.m */; };
		CD86D66B13BB9E460005A182 /* MainWindow_iPad.xib in Resources */ = {isa = PBXBuildFile; fileRef = CD86D66913BB9E460005A182 /* MainWindow_iPad.xib */; };
		CD86D67413BB9E6F0005A182 /* iPadServerViewController.m in Sources */ = {isa = PBXBuildFile; fileRef = CD86D67213BB9E6F0005A182 /* iPadServerViewController.m */; };
		CD86D67513BB9E6F0005A182 /* iPadServerViewController.xib in Resources */ = {isa = PBXBuildFile; fileRef = CD86D67313BB9E6F0005A182 /* iPadServerViewController.xib */; };
		CD86D67713BB9E800005A182 /* Background.jpg in Resources */ = {isa = PBXBuildFile; fileRef = CD86D67613BB9E800005A182 /* Background.jpg */; };
		CD86D69113BBA2F80005A182 /* dice-model-bot-new in Resources */ = {isa = PBXBuildFile; fileRef = CD86D68413BBA2F80005A182 /* dice-model-bot-new */; };
		CD86D69213BBA2F80005A182 /* default in Resources */ = {isa = PBXBuildFile; fileRef = CD86D68513BBA2F80005A182 /* default */; };
		CD86D69313BBA2F80005A182 /* dice-rl in Resources */ = {isa = PBXBuildFile; fileRef = CD86D68613BBA2F80005A182 /* dice-rl */; };
		CD86D69413BBA2F80005A182 /* dice in Resources */ = {isa = PBXBuildFile; fileRef = CD86D68713BBA2F80005A182 /* dice */; };
		CD86D69513BBA2F80005A182 /* dice-model-bot-new.soar in Resources */ = {isa = PBXBuildFile; fileRef = CD86D68813BBA2F80005A182 /* dice-model-bot-new.soar */; };
		CD86D69613BBA2F80005A182 /* dice-p0-m0-c0.soar in Resources */ = {isa = PBXBuildFile; fileRef = CD86D68913BBA2F80005A182 /* dice-p0-m0-c0.soar */; };
		CD86D69713BBA2F80005A182 /* dice-p0-m1-c0.soar in Resources */ = {isa = PBXBuildFile; fileRef = CD86D68A13BBA2F80005A182 /* dice-p0-m1-c0.soar */; };
		CD86D69813BBA2F80005A182 /* dice-p1-m1-c0.soar in Resources */ = {isa = PBXBuildFile; fileRef = CD86D68B13BBA2F80005A182 /* dice-p1-m1-c0.soar */; };
		CD86D69913BBA2F80005A182 /* dice-rl.soar in Resources */ = {isa = PBXBuildFile; fileRef = CD86D68C13BBA2F80005A182 /* dice-rl.soar */; };
		CD86D69A13BBA2F80005A182 /* dice-rl.vsa in Resources */ = {isa = PBXBuildFile; fileRef = CD86D68D13BBA2F80005A182 /* dice-rl.vsa */; };
		CD86D69B13BBA2F80005A182 /* dice.soar in Resources */ = {isa = PBXBuildFile; fileRef = CD86D68E13BBA2F80005A182 /* dice.soar */; };
		CD86D69C13BBA2F80005A182 /* dice.vsa in Resources */ = {isa = PBXBuildFile; fileRef = CD86D68F13BBA2F80005A182 /* dice.vsa */; };
		CD86D69D13BBA2F80005A182 /* improvements.soar in Resources */ = {isa = PBXBuildFile; fileRef = CD86D69013BBA2F80005A182 /* improvements.soar */; };
		CD86D6E913BBA3070005A182 /* stlsoft in Resources */ = {isa = PBXBuildFile; fileRef = CD86D69E13BBA3070005A182 /* stlsoft */; };
		CD86D6EA13BBA3070005A182 /* unixstl in Resources */ = {isa = PBXBuildFile; fileRef = CD86D69F13BBA3070005A182 /* unixstl */; };
		CD86D6F113BBA33E0005A182 /* DiceEngine.m in Sources */ = {isa = PBXBuildFile; fileRef = CD86D6EF13BBA33E0005A182 /* DiceEngine.m */; };
		CD86D6FC13BBA3430005A182 /* Bid.m in Sources */ = {isa = PBXBuildFile; fileRef = CD86D6F313BBA3430005A182 /* Bid.m */; };
		CD86D6FD13BBA3430005A182 /* DiceGameState.m in Sources */ = {isa = PBXBuildFile; fileRef = CD86D6F513BBA3430005A182 /* DiceGameState.m */; };
		CD86D6FE13BBA3430005A182 /* Die.m in Sources */ = {isa = PBXBuildFile; fileRef = CD86D6F713BBA3430005A182 /* Die.m */; };
		CD86D6FF13BBA3430005A182 /* HistoryItem.m in Sources */ = {isa = PBXBuildFile; fileRef = CD86D6F913BBA3430005A182 /* HistoryItem.m */; };
		CD86D70013BBA3430005A182 /* PlayerState.m in Sources */ = {isa = PBXBuildFile; fileRef = CD86D6FB13BBA3430005A182 /* PlayerState.m */; };
		CD86D70613BBA37C0005A182 /* Agent.mm in Sources */ = {isa = PBXBuildFile; fileRef = CD86D70413BBA37C0005A182 /* Agent.mm */; };
		CD86D70F13BBA3870005A182 /* NetworkPlayer.m in Sources */ = {isa = PBXBuildFile; fileRef = CD86D70E13BBA3870005A182 /* NetworkPlayer.m */; };
		CD86D71D13BBB1B60005A182 /* OpenGLES.framework in Frameworks */ = {isa = PBXBuildFile; fileRef = CD86D71C13BBB1B60005A182 /* OpenGLES.framework */; };
		CD86D71F13BBB1BB0005A182 /* QuartzCore.framework in Frameworks */ = {isa = PBXBuildFile; fileRef = CD86D71E13BBB1BA0005A182 /* QuartzCore.framework */; };
		CD96574613C39D4B00F79BB4 /* MainMenu.m in Sources */ = {isa = PBXBuildFile; fileRef = CD96574413C39D4B00F79BB4 /* MainMenu.m */; };
		CD96574713C39D4B00F79BB4 /* MainMenu.xib in Resources */ = {isa = PBXBuildFile; fileRef = CD96574513C39D4B00F79BB4 /* MainMenu.xib */; };
		CDCC457B13C4C92C002B4996 /* NetworkParser.m in Sources */ = {isa = PBXBuildFile; fileRef = CDCC457A13C4C92C002B4996 /* NetworkParser.m */; };
		CDCC457F13C4E828002B4996 /* iPhoneViewController.m in Sources */ = {isa = PBXBuildFile; fileRef = CDCC457D13C4E828002B4996 /* iPhoneViewController.m */; };
		CDCC458013C4E828002B4996 /* iPhoneViewController.xib in Resources */ = {isa = PBXBuildFile; fileRef = CDCC457E13C4E828002B4996 /* iPhoneViewController.xib */; };
		CDF1A11A13BE4BAF009AB116 /* Dice2.png in Resources */ = {isa = PBXBuildFile; fileRef = CDF1A11513BE4BAF009AB116 /* Dice2.png */; };
		CDF1A11B13BE4BAF009AB116 /* Dice3.png in Resources */ = {isa = PBXBuildFile; fileRef = CDF1A11613BE4BAF009AB116 /* Dice3.png */; };
		CDF1A11C13BE4BAF009AB116 /* Dice4.png in Resources */ = {isa = PBXBuildFile; fileRef = CDF1A11713BE4BAF009AB116 /* Dice4.png */; };
		CDF1A11D13BE4BAF009AB116 /* Dice5.png in Resources */ = {isa = PBXBuildFile; fileRef = CDF1A11813BE4BAF009AB116 /* Dice5.png */; };
		CDF1A11E13BE4BAF009AB116 /* Dice6.png in Resources */ = {isa = PBXBuildFile; fileRef = CDF1A11913BE4BAF009AB116 /* Dice6.png */; };
		CDF1A12913BE5D2E009AB116 /* QuestionMark.png in Resources */ = {isa = PBXBuildFile; fileRef = CDF1A12813BE5D2E009AB116 /* QuestionMark.png */; };
		CDF1A12C13BE6318009AB116 /* QuestionMark.png in Resources */ = {isa = PBXBuildFile; fileRef = CDF1A12B13BE6318009AB116 /* QuestionMark.png */; };
		CDF1A12E13BE64D7009AB116 /* Launch-Image-iPad.png in Resources */ = {isa = PBXBuildFile; fileRef = CDF1A12D13BE64D7009AB116 /* Launch-Image-iPad.png */; };
		CDF1A13013BE64E4009AB116 /* Default-Landscape~ipad.png in Resources */ = {isa = PBXBuildFile; fileRef = CDF1A12F13BE64E4009AB116 /* Default-Landscape~ipad.png */; };
		CDF1A13213BE64EB009AB116 /* Default-Portrait~ipad.png in Resources */ = {isa = PBXBuildFile; fileRef = CDF1A13113BE64EB009AB116 /* Default-Portrait~ipad.png */; };
/* End PBXBuildFile section */

/* Begin PBXFileReference section */
		4D12A10C13E1A6B8005E6F62 /* iPhoneHelp.h */ = {isa = PBXFileReference; fileEncoding = 4; lastKnownFileType = sourcecode.c.h; name = iPhoneHelp.h; path = iPhone/iPhoneHelp.h; sourceTree = "<group>"; };
		4D12A10D13E1A6B8005E6F62 /* iPhoneHelp.m */ = {isa = PBXFileReference; fileEncoding = 4; lastKnownFileType = sourcecode.c.objc; name = iPhoneHelp.m; path = iPhone/iPhoneHelp.m; sourceTree = "<group>"; };
		4D12A10E13E1A6B8005E6F62 /* iPhoneHelp.xib */ = {isa = PBXFileReference; fileEncoding = 4; lastKnownFileType = file.xib; name = iPhoneHelp.xib; path = iPhone/iPhoneHelp.xib; sourceTree = "<group>"; };
		4D33AD7313E1BCE4006A9203 /* PopoverViewController.h */ = {isa = PBXFileReference; fileEncoding = 4; lastKnownFileType = sourcecode.c.h; name = PopoverViewController.h; path = iPad/PopoverViewController.h; sourceTree = "<group>"; };
		4D33AD7413E1BCE4006A9203 /* PopoverViewController.m */ = {isa = PBXFileReference; fileEncoding = 4; lastKnownFileType = sourcecode.c.objc; name = PopoverViewController.m; path = iPad/PopoverViewController.m; sourceTree = "<group>"; };
		4D33AD7713E1F998006A9203 /* DiceiPhoneScroller.png */ = {isa = PBXFileReference; lastKnownFileType = image.png; name = DiceiPhoneScroller.png; path = Assets/Textures/DiceiPhoneScroller.png; sourceTree = "<group>"; };
		4D33AD7813E1F998006A9203 /* DiceiPhoneScroller2.png */ = {isa = PBXFileReference; lastKnownFileType = image.png; name = DiceiPhoneScroller2.png; path = Assets/Textures/DiceiPhoneScroller2.png; sourceTree = "<group>"; };
		4D33AD7913E1F998006A9203 /* DiceiPhoneScroller3.png */ = {isa = PBXFileReference; lastKnownFileType = image.png; name = DiceiPhoneScroller3.png; path = Assets/Textures/DiceiPhoneScroller3.png; sourceTree = "<group>"; };
		4D33AD7A13E1F998006A9203 /* DiceiPhoneScroller4.png */ = {isa = PBXFileReference; lastKnownFileType = image.png; name = DiceiPhoneScroller4.png; path = Assets/Textures/DiceiPhoneScroller4.png; sourceTree = "<group>"; };
		4D33AD7B13E1F998006A9203 /* DiceiPhoneScroller5.png */ = {isa = PBXFileReference; lastKnownFileType = image.png; name = DiceiPhoneScroller5.png; path = Assets/Textures/DiceiPhoneScroller5.png; sourceTree = "<group>"; };
		4D33AD7C13E1F998006A9203 /* DiceiPhoneScroller6.png */ = {isa = PBXFileReference; lastKnownFileType = image.png; name = DiceiPhoneScroller6.png; path = Assets/Textures/DiceiPhoneScroller6.png; sourceTree = "<group>"; };
		4D51F36F13F9AEE70040D09C /* WifiServer.h */ = {isa = PBXFileReference; fileEncoding = 4; lastKnownFileType = sourcecode.c.h; name = WifiServer.h; path = Networking/WifiServer.h; sourceTree = "<group>"; };
		4D51F37013F9AEE70040D09C /* WifiServer.m */ = {isa = PBXFileReference; fileEncoding = 4; lastKnownFileType = sourcecode.c.objc; name = WifiServer.m; path = Networking/WifiServer.m; sourceTree = "<group>"; };
		4D51F37213F9AEF20040D09C /* WifiClient.h */ = {isa = PBXFileReference; fileEncoding = 4; lastKnownFileType = sourcecode.c.h; name = WifiClient.h; path = Networking/WifiClient.h; sourceTree = "<group>"; };
		4D51F37313F9AEF20040D09C /* WifiClient.m */ = {isa = PBXFileReference; fileEncoding = 4; lastKnownFileType = sourcecode.c.objc; name = WifiClient.m; path = Networking/WifiClient.m; sourceTree = "<group>"; };
		4D51F37513F9B9410040D09C /* WifiConnection.h */ = {isa = PBXFileReference; fileEncoding = 4; lastKnownFileType = sourcecode.c.h; name = WifiConnection.h; path = Networking/WifiConnection.h; sourceTree = "<group>"; };
		4D51F37613F9B9410040D09C /* WifiConnection.m */ = {isa = PBXFileReference; fileEncoding = 4; lastKnownFileType = sourcecode.c.objc; name = WifiConnection.m; path = Networking/WifiConnection.m; sourceTree = "<group>"; };
		4D84DDBA13CF701900F924B2 /* Dice2Pushed.png */ = {isa = PBXFileReference; lastKnownFileType = image.png; name = Dice2Pushed.png; path = Assets/Textures/Dice2Pushed.png; sourceTree = "<group>"; };
		4D84DDBB13CF701900F924B2 /* Dice3Pushed.png */ = {isa = PBXFileReference; lastKnownFileType = image.png; name = Dice3Pushed.png; path = Assets/Textures/Dice3Pushed.png; sourceTree = "<group>"; };
		4D84DDBC13CF701900F924B2 /* Dice4Pushed.png */ = {isa = PBXFileReference; lastKnownFileType = image.png; name = Dice4Pushed.png; path = Assets/Textures/Dice4Pushed.png; sourceTree = "<group>"; };
		4D84DDBD13CF701900F924B2 /* Dice5Pushed.png */ = {isa = PBXFileReference; lastKnownFileType = image.png; name = Dice5Pushed.png; path = Assets/Textures/Dice5Pushed.png; sourceTree = "<group>"; };
		4D84DDBE13CF701900F924B2 /* Dice6Pushed.png */ = {isa = PBXFileReference; lastKnownFileType = image.png; name = Dice6Pushed.png; path = Assets/Textures/Dice6Pushed.png; sourceTree = "<group>"; };
		4D84DDBF13CF701900F924B2 /* DicePushed.png */ = {isa = PBXFileReference; lastKnownFileType = image.png; name = DicePushed.png; path = Assets/Textures/DicePushed.png; sourceTree = "<group>"; };
		4D84DDC713CF749D00F924B2 /* Logo.png */ = {isa = PBXFileReference; lastKnownFileType = image.png; name = Logo.png; path = Assets/Textures/Logo.png; sourceTree = "<group>"; };
		4D84DDC913CF74BD00F924B2 /* Logo.png */ = {isa = PBXFileReference; lastKnownFileType = image.png; path = Logo.png; sourceTree = "<group>"; };
		4D84DDCB13CF751000F924B2 /* Logo-iPhone.png */ = {isa = PBXFileReference; lastKnownFileType = image.png; name = "Logo-iPhone.png"; path = "Assets/Textures/Logo-iPhone.png"; sourceTree = "<group>"; };
		4D84DDCC13CF751000F924B2 /* Logo-Retina.png */ = {isa = PBXFileReference; lastKnownFileType = image.png; name = "Logo-Retina.png"; path = "Assets/Textures/Logo-Retina.png"; sourceTree = "<group>"; };
		4D84DDCF13CF751800F924B2 /* Logo-iPhone.png */ = {isa = PBXFileReference; lastKnownFileType = image.png; path = "Logo-iPhone.png"; sourceTree = "<group>"; };
		4D84DDD113CF751C00F924B2 /* Logo-Retina.png */ = {isa = PBXFileReference; lastKnownFileType = image.png; path = "Logo-Retina.png"; sourceTree = "<group>"; };
		4D84DDD313CF774A00F924B2 /* Launch-Image-iPad.png */ = {isa = PBXFileReference; lastKnownFileType = image.png; name = "Launch-Image-iPad.png"; path = "Assets/Textures/Launch-Image-iPad.png"; sourceTree = "<group>"; };
		4D84DDD413CF774A00F924B2 /* Launch-Image-iPhone.png */ = {isa = PBXFileReference; lastKnownFileType = image.png; name = "Launch-Image-iPhone.png"; path = "Assets/Textures/Launch-Image-iPhone.png"; sourceTree = "<group>"; };
		4D84DDD713CF775300F924B2 /* Default@2x.png */ = {isa = PBXFileReference; lastKnownFileType = image.png; path = "Default@2x.png"; sourceTree = "<group>"; };
		4D84DDD913CF775A00F924B2 /* Default.png */ = {isa = PBXFileReference; lastKnownFileType = image.png; path = Default.png; sourceTree = "<group>"; };
		4D87542213C76CEE00D1586B /* Peer.h */ = {isa = PBXFileReference; fileEncoding = 4; lastKnownFileType = sourcecode.c.h; name = Peer.h; path = Networking/Peer.h; sourceTree = "<group>"; };
		4D87542313C76CEE00D1586B /* Peer.m */ = {isa = PBXFileReference; fileEncoding = 4; lastKnownFileType = sourcecode.c.objc; name = Peer.m; path = Networking/Peer.m; sourceTree = "<group>"; };
		4DB74E0D13D4A06000B68673 /* iPhoneMainMenu.h */ = {isa = PBXFileReference; fileEncoding = 4; lastKnownFileType = sourcecode.c.h; name = iPhoneMainMenu.h; path = iPhone/iPhoneMainMenu.h; sourceTree = "<group>"; };
		4DB74E0E13D4A06000B68673 /* iPhoneMainMenu.m */ = {isa = PBXFileReference; fileEncoding = 4; lastKnownFileType = sourcecode.c.objc; name = iPhoneMainMenu.m; path = iPhone/iPhoneMainMenu.m; sourceTree = "<group>"; };
		4DB74E0F13D4A06000B68673 /* iPhoneMainMenu.xib */ = {isa = PBXFileReference; fileEncoding = 4; lastKnownFileType = file.xib; name = iPhoneMainMenu.xib; path = iPhone/iPhoneMainMenu.xib; sourceTree = "<group>"; };
		4DC720CE13E08C8200D5484F /* iPadHelp.h */ = {isa = PBXFileReference; fileEncoding = 4; lastKnownFileType = sourcecode.c.h; name = iPadHelp.h; path = iPad/iPadHelp.h; sourceTree = "<group>"; };
		4DC720CF13E08C8200D5484F /* iPadHelp.m */ = {isa = PBXFileReference; fileEncoding = 4; lastKnownFileType = sourcecode.c.objc; name = iPadHelp.m; path = iPad/iPadHelp.m; sourceTree = "<group>"; };
		4DC720D013E08C8200D5484F /* iPadHelp.xib */ = {isa = PBXFileReference; fileEncoding = 4; lastKnownFileType = file.xib; name = iPadHelp.xib; path = iPad/iPadHelp.xib; sourceTree = "<group>"; };
		4DD48F44140568CF0016A32B /* iPhoneServer.xib */ = {isa = PBXFileReference; fileEncoding = 4; lastKnownFileType = file.xib; name = iPhoneServer.xib; path = iPhone/iPhoneServer.xib; sourceTree = "<group>"; };
		4DD48F491405710A0016A32B /* Server.h */ = {isa = PBXFileReference; fileEncoding = 4; lastKnownFileType = sourcecode.c.h; name = Server.h; path = "Unification Classes/Server.h"; sourceTree = "<group>"; };
		4DD48F4A1405710A0016A32B /* Server.m */ = {isa = PBXFileReference; fileEncoding = 4; lastKnownFileType = sourcecode.c.objc; name = Server.m; path = "Unification Classes/Server.m"; sourceTree = "<group>"; };
		4DDA885413FD9BAF008D3900 /* Reachability.h */ = {isa = PBXFileReference; fileEncoding = 4; lastKnownFileType = sourcecode.c.h; name = Reachability.h; path = Networking/Reachability.h; sourceTree = "<group>"; };
		4DDA885513FD9BAF008D3900 /* Reachability.m */ = {isa = PBXFileReference; fileEncoding = 4; lastKnownFileType = sourcecode.c.objc; name = Reachability.m; path = Networking/Reachability.m; sourceTree = "<group>"; };
		4DDA885813FD9C35008D3900 /* SystemConfiguration.framework */ = {isa = PBXFileReference; lastKnownFileType = wrapper.framework; name = SystemConfiguration.framework; path = System/Library/Frameworks/SystemConfiguration.framework; sourceTree = SDKROOT; };
		4DDA885A13FDA1F2008D3900 /* CoreFoundation.framework */ = {isa = PBXFileReference; lastKnownFileType = wrapper.framework; name = CoreFoundation.framework; path = System/Library/Frameworks/CoreFoundation.framework; sourceTree = SDKROOT; };
		4DEAE53013FC42050044FF11 /* BluetoothDisabled.png */ = {isa = PBXFileReference; lastKnownFileType = image.png; name = BluetoothDisabled.png; path = Assets/Textures/BluetoothDisabled.png; sourceTree = "<group>"; };
		4DEAE53113FC42050044FF11 /* BluetoothEnabled.png */ = {isa = PBXFileReference; lastKnownFileType = image.png; name = BluetoothEnabled.png; path = Assets/Textures/BluetoothEnabled.png; sourceTree = "<group>"; };
		4DEAE53213FC42050044FF11 /* WifiEnabled.png */ = {isa = PBXFileReference; lastKnownFileType = image.png; name = WifiEnabled.png; path = Assets/Textures/WifiEnabled.png; sourceTree = "<group>"; };
		4DEAE53313FC42050044FF11 /* WifiDisabled.png */ = {isa = PBXFileReference; lastKnownFileType = image.png; name = WifiDisabled.png; path = Assets/Textures/WifiDisabled.png; sourceTree = "<group>"; };
		CD07ACCC13BCF2AB00FB8DC8 /* Dice.png */ = {isa = PBXFileReference; lastKnownFileType = image.png; name = Dice.png; path = Assets/Textures/Dice.png; sourceTree = "<group>"; };
		CD548D3213C612B700D70176 /* GameKit.framework */ = {isa = PBXFileReference; lastKnownFileType = wrapper.framework; name = GameKit.framework; path = System/Library/Frameworks/GameKit.framework; sourceTree = SDKROOT; };
		CD86D64313BB9E450005A182 /* Lair's Dice.app */ = {isa = PBXFileReference; explicitFileType = wrapper.application; includeInIndex = 0; path = "Lair's Dice.app"; sourceTree = BUILT_PRODUCTS_DIR; };
		CD86D64713BB9E450005A182 /* UIKit.framework */ = {isa = PBXFileReference; lastKnownFileType = wrapper.framework; name = UIKit.framework; path = System/Library/Frameworks/UIKit.framework; sourceTree = SDKROOT; };
		CD86D64913BB9E450005A182 /* Foundation.framework */ = {isa = PBXFileReference; lastKnownFileType = wrapper.framework; name = Foundation.framework; path = System/Library/Frameworks/Foundation.framework; sourceTree = SDKROOT; };
		CD86D64B13BB9E450005A182 /* CoreGraphics.framework */ = {isa = PBXFileReference; lastKnownFileType = wrapper.framework; name = CoreGraphics.framework; path = System/Library/Frameworks/CoreGraphics.framework; sourceTree = SDKROOT; };
		CD86D64D13BB9E450005A182 /* CoreData.framework */ = {isa = PBXFileReference; lastKnownFileType = wrapper.framework; name = CoreData.framework; path = System/Library/Frameworks/CoreData.framework; sourceTree = SDKROOT; };
		CD86D65113BB9E450005A182 /* Lair's Dice-Info.plist */ = {isa = PBXFileReference; lastKnownFileType = text.plist.xml; path = "Lair's Dice-Info.plist"; sourceTree = "<group>"; };
		CD86D65313BB9E460005A182 /* en */ = {isa = PBXFileReference; lastKnownFileType = text.plist.strings; name = en; path = en.lproj/InfoPlist.strings; sourceTree = "<group>"; };
		CD86D65513BB9E460005A182 /* Lair's Dice-Prefix.pch */ = {isa = PBXFileReference; lastKnownFileType = sourcecode.c.h; path = "Lair's Dice-Prefix.pch"; sourceTree = "<group>"; };
		CD86D65613BB9E460005A182 /* main.m */ = {isa = PBXFileReference; lastKnownFileType = sourcecode.c.objc; path = main.m; sourceTree = "<group>"; };
		CD86D65813BB9E460005A182 /* Lair_s_DiceAppDelegate.h */ = {isa = PBXFileReference; lastKnownFileType = sourcecode.c.h; path = Lair_s_DiceAppDelegate.h; sourceTree = "<group>"; };
		CD86D65913BB9E460005A182 /* Lair_s_DiceAppDelegate.m */ = {isa = PBXFileReference; lastKnownFileType = sourcecode.c.objc; path = Lair_s_DiceAppDelegate.m; sourceTree = "<group>"; };
		CD86D65C13BB9E460005A182 /* Lair_s_Dice.xcdatamodel */ = {isa = PBXFileReference; lastKnownFileType = wrapper.xcdatamodel; path = Lair_s_Dice.xcdatamodel; sourceTree = "<group>"; };
		CD86D65F13BB9E460005A182 /* Lair_s_DiceAppDelegate_iPhone.h */ = {isa = PBXFileReference; lastKnownFileType = sourcecode.c.h; name = Lair_s_DiceAppDelegate_iPhone.h; path = iPhone/Lair_s_DiceAppDelegate_iPhone.h; sourceTree = "<group>"; };
		CD86D66013BB9E460005A182 /* Lair_s_DiceAppDelegate_iPhone.m */ = {isa = PBXFileReference; lastKnownFileType = sourcecode.c.objc; name = Lair_s_DiceAppDelegate_iPhone.m; path = iPhone/Lair_s_DiceAppDelegate_iPhone.m; sourceTree = "<group>"; };
		CD86D66313BB9E460005A182 /* en */ = {isa = PBXFileReference; lastKnownFileType = file.xib; name = en; path = iPhone/en.lproj/MainWindow_iPhone.xib; sourceTree = "<group>"; };
		CD86D66613BB9E460005A182 /* Lair_s_DiceAppDelegate_iPad.h */ = {isa = PBXFileReference; lastKnownFileType = sourcecode.c.h; name = Lair_s_DiceAppDelegate_iPad.h; path = iPad/Lair_s_DiceAppDelegate_iPad.h; sourceTree = "<group>"; };
		CD86D66713BB9E460005A182 /* Lair_s_DiceAppDelegate_iPad.m */ = {isa = PBXFileReference; lastKnownFileType = sourcecode.c.objc; name = Lair_s_DiceAppDelegate_iPad.m; path = iPad/Lair_s_DiceAppDelegate_iPad.m; sourceTree = "<group>"; };
		CD86D66A13BB9E460005A182 /* en */ = {isa = PBXFileReference; lastKnownFileType = file.xib; name = en; path = iPad/en.lproj/MainWindow_iPad.xib; sourceTree = "<group>"; };
		CD86D67113BB9E6F0005A182 /* iPadServerViewController.h */ = {isa = PBXFileReference; fileEncoding = 4; lastKnownFileType = sourcecode.c.h; name = iPadServerViewController.h; path = iPad/iPadServerViewController.h; sourceTree = "<group>"; };
		CD86D67213BB9E6F0005A182 /* iPadServerViewController.m */ = {isa = PBXFileReference; fileEncoding = 4; lastKnownFileType = sourcecode.c.objc; name = iPadServerViewController.m; path = iPad/iPadServerViewController.m; sourceTree = "<group>"; };
		CD86D67313BB9E6F0005A182 /* iPadServerViewController.xib */ = {isa = PBXFileReference; fileEncoding = 4; lastKnownFileType = file.xib; name = iPadServerViewController.xib; path = iPad/iPadServerViewController.xib; sourceTree = "<group>"; };
		CD86D67613BB9E800005A182 /* Background.jpg */ = {isa = PBXFileReference; lastKnownFileType = image.jpeg; name = Background.jpg; path = iPad/Background.jpg; sourceTree = "<group>"; };
		CD86D68413BBA2F80005A182 /* dice-model-bot-new */ = {isa = PBXFileReference; lastKnownFileType = folder; name = "dice-model-bot-new"; path = "Soar/Soar Rules/dice-model-bot-new"; sourceTree = "<group>"; };
		CD86D68513BBA2F80005A182 /* default */ = {isa = PBXFileReference; lastKnownFileType = folder; name = default; path = "Soar/Soar Rules/default"; sourceTree = "<group>"; };
		CD86D68613BBA2F80005A182 /* dice-rl */ = {isa = PBXFileReference; lastKnownFileType = folder; name = "dice-rl"; path = "Soar/Soar Rules/dice-rl"; sourceTree = "<group>"; };
		CD86D68713BBA2F80005A182 /* dice */ = {isa = PBXFileReference; lastKnownFileType = folder; name = dice; path = "Soar/Soar Rules/dice"; sourceTree = "<group>"; };
		CD86D68813BBA2F80005A182 /* dice-model-bot-new.soar */ = {isa = PBXFileReference; fileEncoding = 4; lastKnownFileType = text; name = "dice-model-bot-new.soar"; path = "Soar/Soar Rules/dice-model-bot-new.soar"; sourceTree = "<group>"; };
		CD86D68913BBA2F80005A182 /* dice-p0-m0-c0.soar */ = {isa = PBXFileReference; fileEncoding = 4; lastKnownFileType = text; name = "dice-p0-m0-c0.soar"; path = "Soar/Soar Rules/dice-p0-m0-c0.soar"; sourceTree = "<group>"; };
		CD86D68A13BBA2F80005A182 /* dice-p0-m1-c0.soar */ = {isa = PBXFileReference; fileEncoding = 4; lastKnownFileType = text; name = "dice-p0-m1-c0.soar"; path = "Soar/Soar Rules/dice-p0-m1-c0.soar"; sourceTree = "<group>"; };
		CD86D68B13BBA2F80005A182 /* dice-p1-m1-c0.soar */ = {isa = PBXFileReference; fileEncoding = 4; lastKnownFileType = text; name = "dice-p1-m1-c0.soar"; path = "Soar/Soar Rules/dice-p1-m1-c0.soar"; sourceTree = "<group>"; };
		CD86D68C13BBA2F80005A182 /* dice-rl.soar */ = {isa = PBXFileReference; fileEncoding = 4; lastKnownFileType = text; name = "dice-rl.soar"; path = "Soar/Soar Rules/dice-rl.soar"; sourceTree = "<group>"; };
		CD86D68D13BBA2F80005A182 /* dice-rl.vsa */ = {isa = PBXFileReference; fileEncoding = 4; lastKnownFileType = text; name = "dice-rl.vsa"; path = "Soar/Soar Rules/dice-rl.vsa"; sourceTree = "<group>"; };
		CD86D68E13BBA2F80005A182 /* dice.soar */ = {isa = PBXFileReference; fileEncoding = 4; lastKnownFileType = text; name = dice.soar; path = "Soar/Soar Rules/dice.soar"; sourceTree = "<group>"; };
		CD86D68F13BBA2F80005A182 /* dice.vsa */ = {isa = PBXFileReference; fileEncoding = 4; lastKnownFileType = text; name = dice.vsa; path = "Soar/Soar Rules/dice.vsa"; sourceTree = "<group>"; };
		CD86D69013BBA2F80005A182 /* improvements.soar */ = {isa = PBXFileReference; fileEncoding = 4; lastKnownFileType = text; name = improvements.soar; path = "Soar/Soar Rules/improvements.soar"; sourceTree = "<group>"; };
		CD86D69E13BBA3070005A182 /* stlsoft */ = {isa = PBXFileReference; lastKnownFileType = folder; name = stlsoft; path = "Soar/Soar Headers/stlsoft"; sourceTree = "<group>"; };
		CD86D69F13BBA3070005A182 /* unixstl */ = {isa = PBXFileReference; lastKnownFileType = folder; name = unixstl; path = "Soar/Soar Headers/unixstl"; sourceTree = "<group>"; };
		CD86D6A013BBA3070005A182 /* sml_ClientKernel.h */ = {isa = PBXFileReference; fileEncoding = 4; lastKnownFileType = sourcecode.c.h; name = sml_ClientKernel.h; path = "Soar/Soar Headers/sml_ClientKernel.h"; sourceTree = "<group>"; };
		CD86D6A113BBA3070005A182 /* sml_ClientAgent.h */ = {isa = PBXFileReference; fileEncoding = 4; lastKnownFileType = sourcecode.c.h; name = sml_ClientAgent.h; path = "Soar/Soar Headers/sml_ClientAgent.h"; sourceTree = "<group>"; };
		CD86D6A213BBA3070005A182 /* ElementXML.h */ = {isa = PBXFileReference; fileEncoding = 4; lastKnownFileType = sourcecode.c.h; name = ElementXML.h; path = "Soar/Soar Headers/ElementXML.h"; sourceTree = "<group>"; };
		CD86D6A313BBA3070005A182 /* sml_Connection.h */ = {isa = PBXFileReference; fileEncoding = 4; lastKnownFileType = sourcecode.c.h; name = sml_Connection.h; path = "Soar/Soar Headers/sml_Connection.h"; sourceTree = "<group>"; };
		CD86D6A413BBA3070005A182 /* ElementXMLImpl.h */ = {isa = PBXFileReference; fileEncoding = 4; lastKnownFileType = sourcecode.c.h; name = ElementXMLImpl.h; path = "Soar/Soar Headers/ElementXMLImpl.h"; sourceTree = "<group>"; };
		CD86D6A513BBA3070005A182 /* ElementXMLInterface.h */ = {isa = PBXFileReference; fileEncoding = 4; lastKnownFileType = sourcecode.c.h; name = ElementXMLInterface.h; path = "Soar/Soar Headers/ElementXMLInterface.h"; sourceTree = "<group>"; };
		CD86D6A613BBA3070005A182 /* tokenizer.h */ = {isa = PBXFileReference; fileEncoding = 4; lastKnownFileType = sourcecode.c.h; name = tokenizer.h; path = "Soar/Soar Headers/tokenizer.h"; sourceTree = "<group>"; };
		CD86D6A713BBA3070005A182 /* sml_Names.h */ = {isa = PBXFileReference; fileEncoding = 4; lastKnownFileType = sourcecode.c.h; name = sml_Names.h; path = "Soar/Soar Headers/sml_Names.h"; sourceTree = "<group>"; };
		CD86D6A813BBA3070005A182 /* sml_Events.h */ = {isa = PBXFileReference; fileEncoding = 4; lastKnownFileType = sourcecode.c.h; name = sml_Events.h; path = "Soar/Soar Headers/sml_Events.h"; sourceTree = "<group>"; };
		CD86D6A913BBA3070005A182 /* misc.h */ = {isa = PBXFileReference; fileEncoding = 4; lastKnownFileType = sourcecode.c.h; name = misc.h; path = "Soar/Soar Headers/misc.h"; sourceTree = "<group>"; };
		CD86D6AA13BBA3070005A182 /* ParseXML.h */ = {isa = PBXFileReference; fileEncoding = 4; lastKnownFileType = sourcecode.c.h; name = ParseXML.h; path = "Soar/Soar Headers/ParseXML.h"; sourceTree = "<group>"; };
		CD86D6AB13BBA3070005A182 /* sml_ClientIdentifier.h */ = {isa = PBXFileReference; fileEncoding = 4; lastKnownFileType = sourcecode.c.h; name = sml_ClientIdentifier.h; path = "Soar/Soar Headers/sml_ClientIdentifier.h"; sourceTree = "<group>"; };
		CD86D6AC13BBA3070005A182 /* sml_ClientXML.h */ = {isa = PBXFileReference; fileEncoding = 4; lastKnownFileType = sourcecode.c.h; name = sml_ClientXML.h; path = "Soar/Soar Headers/sml_ClientXML.h"; sourceTree = "<group>"; };
		CD86D6AD13BBA3070005A182 /* soar_TraceNames.h */ = {isa = PBXFileReference; fileEncoding = 4; lastKnownFileType = sourcecode.c.h; name = soar_TraceNames.h; path = "Soar/Soar Headers/soar_TraceNames.h"; sourceTree = "<group>"; };
		CD86D6AE13BBA3070005A182 /* EmbeddedSMLInterface.h */ = {isa = PBXFileReference; fileEncoding = 4; lastKnownFileType = sourcecode.c.h; name = EmbeddedSMLInterface.h; path = "Soar/Soar Headers/EmbeddedSMLInterface.h"; sourceTree = "<group>"; };
		CD86D6AF13BBA3070005A182 /* pcreposix.h */ = {isa = PBXFileReference; fileEncoding = 4; lastKnownFileType = sourcecode.c.h; name = pcreposix.h; path = "Soar/Soar Headers/pcreposix.h"; sourceTree = "<group>"; };
		CD86D6B013BBA3070005A182 /* sml_AnalyzeXML.h */ = {isa = PBXFileReference; fileEncoding = 4; lastKnownFileType = sourcecode.c.h; name = sml_AnalyzeXML.h; path = "Soar/Soar Headers/sml_AnalyzeXML.h"; sourceTree = "<group>"; };
		CD86D6B113BBA3070005A182 /* sml_ClientEvents.h */ = {isa = PBXFileReference; fileEncoding = 4; lastKnownFileType = sourcecode.c.h; name = sml_ClientEvents.h; path = "Soar/Soar Headers/sml_ClientEvents.h"; sourceTree = "<group>"; };
		CD86D6B213BBA3070005A182 /* sml_ClientTraceXML.h */ = {isa = PBXFileReference; fileEncoding = 4; lastKnownFileType = sourcecode.c.h; name = sml_ClientTraceXML.h; path = "Soar/Soar Headers/sml_ClientTraceXML.h"; sourceTree = "<group>"; };
		CD86D6B313BBA3070005A182 /* sml_ClientWMElement.h */ = {isa = PBXFileReference; fileEncoding = 4; lastKnownFileType = sourcecode.c.h; name = sml_ClientWMElement.h; path = "Soar/Soar Headers/sml_ClientWMElement.h"; sourceTree = "<group>"; };
		CD86D6B413BBA3070005A182 /* sml_ClientWorkingMemory.h */ = {isa = PBXFileReference; fileEncoding = 4; lastKnownFileType = sourcecode.c.h; name = sml_ClientWorkingMemory.h; path = "Soar/Soar Headers/sml_ClientWorkingMemory.h"; sourceTree = "<group>"; };
		CD86D6B513BBA3070005A182 /* sml_EmbeddedConnection.h */ = {isa = PBXFileReference; fileEncoding = 4; lastKnownFileType = sourcecode.c.h; name = sml_EmbeddedConnection.h; path = "Soar/Soar Headers/sml_EmbeddedConnection.h"; sourceTree = "<group>"; };
		CD86D6B613BBA3070005A182 /* sml_ListMap.h */ = {isa = PBXFileReference; fileEncoding = 4; lastKnownFileType = sourcecode.c.h; name = sml_ListMap.h; path = "Soar/Soar Headers/sml_ListMap.h"; sourceTree = "<group>"; };
		CD86D6B713BBA3070005A182 /* sml_Utils.h */ = {isa = PBXFileReference; fileEncoding = 4; lastKnownFileType = sourcecode.c.h; name = sml_Utils.h; path = "Soar/Soar Headers/sml_Utils.h"; sourceTree = "<group>"; };
		CD86D6B813BBA3070005A182 /* XMLTrace.h */ = {isa = PBXFileReference; fileEncoding = 4; lastKnownFileType = sourcecode.c.h; name = XMLTrace.h; path = "Soar/Soar Headers/XMLTrace.h"; sourceTree = "<group>"; };
		CD86D6B913BBA3070005A182 /* ElementXMLHandle.h */ = {isa = PBXFileReference; fileEncoding = 4; lastKnownFileType = sourcecode.c.h; name = ElementXMLHandle.h; path = "Soar/Soar Headers/ElementXMLHandle.h"; sourceTree = "<group>"; };
		CD86D6BA13BBA3070005A182 /* Export.h */ = {isa = PBXFileReference; fileEncoding = 4; lastKnownFileType = sourcecode.c.h; name = Export.h; path = "Soar/Soar Headers/Export.h"; sourceTree = "<group>"; };
		CD86D6BB13BBA3070005A182 /* KernelSMLDirect.h */ = {isa = PBXFileReference; fileEncoding = 4; lastKnownFileType = sourcecode.c.h; name = KernelSMLDirect.h; path = "Soar/Soar Headers/KernelSMLDirect.h"; sourceTree = "<group>"; };
		CD86D6BC13BBA3070005A182 /* ParseXMLFile.h */ = {isa = PBXFileReference; fileEncoding = 4; lastKnownFileType = sourcecode.c.h; name = ParseXMLFile.h; path = "Soar/Soar Headers/ParseXMLFile.h"; sourceTree = "<group>"; };
		CD86D6BD13BBA3070005A182 /* ParseXMLString.h */ = {isa = PBXFileReference; fileEncoding = 4; lastKnownFileType = sourcecode.c.h; name = ParseXMLString.h; path = "Soar/Soar Headers/ParseXMLString.h"; sourceTree = "<group>"; };
		CD86D6BE13BBA3070005A182 /* portability_posix.h */ = {isa = PBXFileReference; fileEncoding = 4; lastKnownFileType = sourcecode.c.h; name = portability_posix.h; path = "Soar/Soar Headers/portability_posix.h"; sourceTree = "<group>"; };
		CD86D6BF13BBA3070005A182 /* portability_windows.h */ = {isa = PBXFileReference; fileEncoding = 4; lastKnownFileType = sourcecode.c.h; name = portability_windows.h; path = "Soar/Soar Headers/portability_windows.h"; sourceTree = "<group>"; };
		CD86D6C013BBA3070005A182 /* portability.h */ = {isa = PBXFileReference; fileEncoding = 4; lastKnownFileType = sourcecode.c.h; name = portability.h; path = "Soar/Soar Headers/portability.h"; sourceTree = "<group>"; };
		CD86D6C113BBA3070005A182 /* sml_ArgMap.h */ = {isa = PBXFileReference; fileEncoding = 4; lastKnownFileType = sourcecode.c.h; name = sml_ArgMap.h; path = "Soar/Soar Headers/sml_ArgMap.h"; sourceTree = "<group>"; };
		CD86D6C213BBA3070005A182 /* sml_Client.h */ = {isa = PBXFileReference; fileEncoding = 4; lastKnownFileType = sourcecode.c.h; name = sml_Client.h; path = "Soar/Soar Headers/sml_Client.h"; sourceTree = "<group>"; };
		CD86D6C313BBA3070005A182 /* sml_ClientAnalyzedXML.h */ = {isa = PBXFileReference; fileEncoding = 4; lastKnownFileType = sourcecode.c.h; name = sml_ClientAnalyzedXML.h; path = "Soar/Soar Headers/sml_ClientAnalyzedXML.h"; sourceTree = "<group>"; };
		CD86D6C413BBA3070005A182 /* sml_ClientDirect.h */ = {isa = PBXFileReference; fileEncoding = 4; lastKnownFileType = sourcecode.c.h; name = sml_ClientDirect.h; path = "Soar/Soar Headers/sml_ClientDirect.h"; sourceTree = "<group>"; };
		CD86D6C513BBA3070005A182 /* sml_ClientErrors.h */ = {isa = PBXFileReference; fileEncoding = 4; lastKnownFileType = sourcecode.c.h; name = sml_ClientErrors.h; path = "Soar/Soar Headers/sml_ClientErrors.h"; sourceTree = "<group>"; };
		CD86D6C613BBA3070005A182 /* sml_ClientFloatElement.h */ = {isa = PBXFileReference; fileEncoding = 4; lastKnownFileType = sourcecode.c.h; name = sml_ClientFloatElement.h; path = "Soar/Soar Headers/sml_ClientFloatElement.h"; sourceTree = "<group>"; };
		CD86D6C713BBA3070005A182 /* sml_ClientIntElement.h */ = {isa = PBXFileReference; fileEncoding = 4; lastKnownFileType = sourcecode.c.h; name = sml_ClientIntElement.h; path = "Soar/Soar Headers/sml_ClientIntElement.h"; sourceTree = "<group>"; };
		CD86D6C813BBA3070005A182 /* sml_ClientStringElement.h */ = {isa = PBXFileReference; fileEncoding = 4; lastKnownFileType = sourcecode.c.h; name = sml_ClientStringElement.h; path = "Soar/Soar Headers/sml_ClientStringElement.h"; sourceTree = "<group>"; };
		CD86D6C913BBA3070005A182 /* sml_DeltaList.h */ = {isa = PBXFileReference; fileEncoding = 4; lastKnownFileType = sourcecode.c.h; name = sml_DeltaList.h; path = "Soar/Soar Headers/sml_DeltaList.h"; sourceTree = "<group>"; };
		CD86D6CA13BBA3070005A182 /* sml_EmbeddedConnectionAsynch.h */ = {isa = PBXFileReference; fileEncoding = 4; lastKnownFileType = sourcecode.c.h; name = sml_EmbeddedConnectionAsynch.h; path = "Soar/Soar Headers/sml_EmbeddedConnectionAsynch.h"; sourceTree = "<group>"; };
		CD86D6CB13BBA3070005A182 /* sml_EmbeddedConnectionSynch.h */ = {isa = PBXFileReference; fileEncoding = 4; lastKnownFileType = sourcecode.c.h; name = sml_EmbeddedConnectionSynch.h; path = "Soar/Soar Headers/sml_EmbeddedConnectionSynch.h"; sourceTree = "<group>"; };
		CD86D6CC13BBA3070005A182 /* sml_Errors.h */ = {isa = PBXFileReference; fileEncoding = 4; lastKnownFileType = sourcecode.c.h; name = sml_Errors.h; path = "Soar/Soar Headers/sml_Errors.h"; sourceTree = "<group>"; };
		CD86D6CD13BBA3070005A182 /* sml_EventThread.h */ = {isa = PBXFileReference; fileEncoding = 4; lastKnownFileType = sourcecode.c.h; name = sml_EventThread.h; path = "Soar/Soar Headers/sml_EventThread.h"; sourceTree = "<group>"; };
		CD86D6CE13BBA3070005A182 /* sml_Handles.h */ = {isa = PBXFileReference; fileEncoding = 4; lastKnownFileType = sourcecode.c.h; name = sml_Handles.h; path = "Soar/Soar Headers/sml_Handles.h"; sourceTree = "<group>"; };
		CD86D6CF13BBA3070005A182 /* sml_MessageSML.h */ = {isa = PBXFileReference; fileEncoding = 4; lastKnownFileType = sourcecode.c.h; name = sml_MessageSML.h; path = "Soar/Soar Headers/sml_MessageSML.h"; sourceTree = "<group>"; };
		CD86D6D013BBA3070005A182 /* sml_ObjectMap.h */ = {isa = PBXFileReference; fileEncoding = 4; lastKnownFileType = sourcecode.c.h; name = sml_ObjectMap.h; path = "Soar/Soar Headers/sml_ObjectMap.h"; sourceTree = "<group>"; };
		CD86D6D113BBA3070005A182 /* sml_OutputDeltaList.h */ = {isa = PBXFileReference; fileEncoding = 4; lastKnownFileType = sourcecode.c.h; name = sml_OutputDeltaList.h; path = "Soar/Soar Headers/sml_OutputDeltaList.h"; sourceTree = "<group>"; };
		CD86D6D213BBA3070005A182 /* sml_RemoteConnection.h */ = {isa = PBXFileReference; fileEncoding = 4; lastKnownFileType = sourcecode.c.h; name = sml_RemoteConnection.h; path = "Soar/Soar Headers/sml_RemoteConnection.h"; sourceTree = "<group>"; };
		CD86D6D313BBA3070005A182 /* sml_StringOps.h */ = {isa = PBXFileReference; fileEncoding = 4; lastKnownFileType = sourcecode.c.h; name = sml_StringOps.h; path = "Soar/Soar Headers/sml_StringOps.h"; sourceTree = "<group>"; };
		CD86D6D413BBA3070005A182 /* sml_TagArg.h */ = {isa = PBXFileReference; fileEncoding = 4; lastKnownFileType = sourcecode.c.h; name = sml_TagArg.h; path = "Soar/Soar Headers/sml_TagArg.h"; sourceTree = "<group>"; };
		CD86D6D513BBA3070005A182 /* sml_TagCommand.h */ = {isa = PBXFileReference; fileEncoding = 4; lastKnownFileType = sourcecode.c.h; name = sml_TagCommand.h; path = "Soar/Soar Headers/sml_TagCommand.h"; sourceTree = "<group>"; };
		CD86D6D613BBA3070005A182 /* sml_TagError.h */ = {isa = PBXFileReference; fileEncoding = 4; lastKnownFileType = sourcecode.c.h; name = sml_TagError.h; path = "Soar/Soar Headers/sml_TagError.h"; sourceTree = "<group>"; };
		CD86D6D713BBA3070005A182 /* sml_TagFilter.h */ = {isa = PBXFileReference; fileEncoding = 4; lastKnownFileType = sourcecode.c.h; name = sml_TagFilter.h; path = "Soar/Soar Headers/sml_TagFilter.h"; sourceTree = "<group>"; };
		CD86D6D813BBA3070005A182 /* sml_TagName.h */ = {isa = PBXFileReference; fileEncoding = 4; lastKnownFileType = sourcecode.c.h; name = sml_TagName.h; path = "Soar/Soar Headers/sml_TagName.h"; sourceTree = "<group>"; };
		CD86D6D913BBA3070005A182 /* sml_TagResult.h */ = {isa = PBXFileReference; fileEncoding = 4; lastKnownFileType = sourcecode.c.h; name = sml_TagResult.h; path = "Soar/Soar Headers/sml_TagResult.h"; sourceTree = "<group>"; };
		CD86D6DA13BBA3070005A182 /* sml_TagWme.h */ = {isa = PBXFileReference; fileEncoding = 4; lastKnownFileType = sourcecode.c.h; name = sml_TagWme.h; path = "Soar/Soar Headers/sml_TagWme.h"; sourceTree = "<group>"; };
		CD86D6DB13BBA3070005A182 /* soarversion.h */ = {isa = PBXFileReference; fileEncoding = 4; lastKnownFileType = sourcecode.c.h; name = soarversion.h; path = "Soar/Soar Headers/soarversion.h"; sourceTree = "<group>"; };
		CD86D6DC13BBA3070005A182 /* sock_ClientNamedPipe.h */ = {isa = PBXFileReference; fileEncoding = 4; lastKnownFileType = sourcecode.c.h; name = sock_ClientNamedPipe.h; path = "Soar/Soar Headers/sock_ClientNamedPipe.h"; sourceTree = "<group>"; };
		CD86D6DD13BBA3070005A182 /* sock_ClientSocket.h */ = {isa = PBXFileReference; fileEncoding = 4; lastKnownFileType = sourcecode.c.h; name = sock_ClientSocket.h; path = "Soar/Soar Headers/sock_ClientSocket.h"; sourceTree = "<group>"; };
		CD86D6DE13BBA3070005A182 /* sock_DataSender.h */ = {isa = PBXFileReference; fileEncoding = 4; lastKnownFileType = sourcecode.c.h; name = sock_DataSender.h; path = "Soar/Soar Headers/sock_DataSender.h"; sourceTree = "<group>"; };
		CD86D6DF13BBA3070005A182 /* sock_ListenerNamedPipe.h */ = {isa = PBXFileReference; fileEncoding = 4; lastKnownFileType = sourcecode.c.h; name = sock_ListenerNamedPipe.h; path = "Soar/Soar Headers/sock_ListenerNamedPipe.h"; sourceTree = "<group>"; };
		CD86D6E013BBA3070005A182 /* sock_ListenerSocket.h */ = {isa = PBXFileReference; fileEncoding = 4; lastKnownFileType = sourcecode.c.h; name = sock_ListenerSocket.h; path = "Soar/Soar Headers/sock_ListenerSocket.h"; sourceTree = "<group>"; };
		CD86D6E113BBA3070005A182 /* sock_NamedPipe.h */ = {isa = PBXFileReference; fileEncoding = 4; lastKnownFileType = sourcecode.c.h; name = sock_NamedPipe.h; path = "Soar/Soar Headers/sock_NamedPipe.h"; sourceTree = "<group>"; };
		CD86D6E213BBA3070005A182 /* sock_OSspecific.h */ = {isa = PBXFileReference; fileEncoding = 4; lastKnownFileType = sourcecode.c.h; name = sock_OSspecific.h; path = "Soar/Soar Headers/sock_OSspecific.h"; sourceTree = "<group>"; };
		CD86D6E313BBA3070005A182 /* sock_Socket.h */ = {isa = PBXFileReference; fileEncoding = 4; lastKnownFileType = sourcecode.c.h; name = sock_Socket.h; path = "Soar/Soar Headers/sock_Socket.h"; sourceTree = "<group>"; };
		CD86D6E413BBA3070005A182 /* sock_SocketLib.h */ = {isa = PBXFileReference; fileEncoding = 4; lastKnownFileType = sourcecode.c.h; name = sock_SocketLib.h; path = "Soar/Soar Headers/sock_SocketLib.h"; sourceTree = "<group>"; };
		CD86D6E513BBA3070005A182 /* thread_Event.h */ = {isa = PBXFileReference; fileEncoding = 4; lastKnownFileType = sourcecode.c.h; name = thread_Event.h; path = "Soar/Soar Headers/thread_Event.h"; sourceTree = "<group>"; };
		CD86D6E613BBA3070005A182 /* thread_Lock.h */ = {isa = PBXFileReference; fileEncoding = 4; lastKnownFileType = sourcecode.c.h; name = thread_Lock.h; path = "Soar/Soar Headers/thread_Lock.h"; sourceTree = "<group>"; };
		CD86D6E713BBA3070005A182 /* thread_OSspecific.h */ = {isa = PBXFileReference; fileEncoding = 4; lastKnownFileType = sourcecode.c.h; name = thread_OSspecific.h; path = "Soar/Soar Headers/thread_OSspecific.h"; sourceTree = "<group>"; };
		CD86D6E813BBA3070005A182 /* thread_Thread.h */ = {isa = PBXFileReference; fileEncoding = 4; lastKnownFileType = sourcecode.c.h; name = thread_Thread.h; path = "Soar/Soar Headers/thread_Thread.h"; sourceTree = "<group>"; };
		CD86D6EF13BBA33E0005A182 /* DiceEngine.m */ = {isa = PBXFileReference; fileEncoding = 4; lastKnownFileType = sourcecode.c.objc; name = DiceEngine.m; path = "Logic Engine/DiceEngine.m"; sourceTree = "<group>"; };
		CD86D6F013BBA33E0005A182 /* DiceEngine.h */ = {isa = PBXFileReference; fileEncoding = 4; lastKnownFileType = sourcecode.c.h; name = DiceEngine.h; path = "Logic Engine/DiceEngine.h"; sourceTree = "<group>"; };
		CD86D6F213BBA3430005A182 /* Bid.h */ = {isa = PBXFileReference; fileEncoding = 4; lastKnownFileType = sourcecode.c.h; name = Bid.h; path = "Logic Engine/Gamestate/Bid.h"; sourceTree = "<group>"; };
		CD86D6F313BBA3430005A182 /* Bid.m */ = {isa = PBXFileReference; fileEncoding = 4; lastKnownFileType = sourcecode.c.objc; name = Bid.m; path = "Logic Engine/Gamestate/Bid.m"; sourceTree = "<group>"; };
		CD86D6F413BBA3430005A182 /* DiceGameState.h */ = {isa = PBXFileReference; fileEncoding = 4; lastKnownFileType = sourcecode.c.h; name = DiceGameState.h; path = "Logic Engine/Gamestate/DiceGameState.h"; sourceTree = "<group>"; };
		CD86D6F513BBA3430005A182 /* DiceGameState.m */ = {isa = PBXFileReference; fileEncoding = 4; lastKnownFileType = sourcecode.c.objc; name = DiceGameState.m; path = "Logic Engine/Gamestate/DiceGameState.m"; sourceTree = "<group>"; };
		CD86D6F613BBA3430005A182 /* Die.h */ = {isa = PBXFileReference; fileEncoding = 4; lastKnownFileType = sourcecode.c.h; name = Die.h; path = "Logic Engine/Gamestate/Die.h"; sourceTree = "<group>"; };
		CD86D6F713BBA3430005A182 /* Die.m */ = {isa = PBXFileReference; fileEncoding = 4; lastKnownFileType = sourcecode.c.objc; name = Die.m; path = "Logic Engine/Gamestate/Die.m"; sourceTree = "<group>"; };
		CD86D6F813BBA3430005A182 /* HistoryItem.h */ = {isa = PBXFileReference; fileEncoding = 4; lastKnownFileType = sourcecode.c.h; name = HistoryItem.h; path = "Logic Engine/Gamestate/HistoryItem.h"; sourceTree = "<group>"; };
		CD86D6F913BBA3430005A182 /* HistoryItem.m */ = {isa = PBXFileReference; fileEncoding = 4; lastKnownFileType = sourcecode.c.objc; name = HistoryItem.m; path = "Logic Engine/Gamestate/HistoryItem.m"; sourceTree = "<group>"; };
		CD86D6FA13BBA3430005A182 /* PlayerState.h */ = {isa = PBXFileReference; fileEncoding = 4; lastKnownFileType = sourcecode.c.h; name = PlayerState.h; path = "Logic Engine/Gamestate/PlayerState.h"; sourceTree = "<group>"; };
		CD86D6FB13BBA3430005A182 /* PlayerState.m */ = {isa = PBXFileReference; fileEncoding = 4; lastKnownFileType = sourcecode.c.objc; name = PlayerState.m; path = "Logic Engine/Gamestate/PlayerState.m"; sourceTree = "<group>"; };
		CD86D70413BBA37C0005A182 /* Agent.mm */ = {isa = PBXFileReference; fileEncoding = 4; lastKnownFileType = sourcecode.cpp.objcpp; name = Agent.mm; path = "Logic Engine/Player Abstraction/Soar Agent Abstraction/Agent.mm"; sourceTree = "<group>"; };
		CD86D70513BBA37C0005A182 /* Agent.h */ = {isa = PBXFileReference; fileEncoding = 4; lastKnownFileType = sourcecode.c.h; name = Agent.h; path = "Logic Engine/Player Abstraction/Soar Agent Abstraction/Agent.h"; sourceTree = "<group>"; };
		CD86D70D13BBA3870005A182 /* NetworkPlayer.h */ = {isa = PBXFileReference; fileEncoding = 4; lastKnownFileType = sourcecode.c.h; name = NetworkPlayer.h; path = "Logic Engine/Player Abstraction/Network Player Abstraction/NetworkPlayer.h"; sourceTree = "<group>"; };
		CD86D70E13BBA3870005A182 /* NetworkPlayer.m */ = {isa = PBXFileReference; fileEncoding = 4; lastKnownFileType = sourcecode.c.objc; name = NetworkPlayer.m; path = "Logic Engine/Player Abstraction/Network Player Abstraction/NetworkPlayer.m"; sourceTree = "<group>"; };
		CD86D71C13BBB1B60005A182 /* OpenGLES.framework */ = {isa = PBXFileReference; lastKnownFileType = wrapper.framework; name = OpenGLES.framework; path = System/Library/Frameworks/OpenGLES.framework; sourceTree = SDKROOT; };
		CD86D71E13BBB1BA0005A182 /* QuartzCore.framework */ = {isa = PBXFileReference; lastKnownFileType = wrapper.framework; name = QuartzCore.framework; path = System/Library/Frameworks/QuartzCore.framework; sourceTree = SDKROOT; };
		CD96574313C39D4B00F79BB4 /* MainMenu.h */ = {isa = PBXFileReference; fileEncoding = 4; lastKnownFileType = sourcecode.c.h; name = MainMenu.h; path = GUI/MainMenu.h; sourceTree = "<group>"; };
		CD96574413C39D4B00F79BB4 /* MainMenu.m */ = {isa = PBXFileReference; fileEncoding = 4; lastKnownFileType = sourcecode.c.objc; name = MainMenu.m; path = GUI/MainMenu.m; sourceTree = "<group>"; };
		CD96574513C39D4B00F79BB4 /* MainMenu.xib */ = {isa = PBXFileReference; fileEncoding = 4; lastKnownFileType = file.xib; name = MainMenu.xib; path = iPad/MainMenu.xib; sourceTree = "<group>"; };
		CDCC457913C4C92C002B4996 /* NetworkParser.h */ = {isa = PBXFileReference; fileEncoding = 4; lastKnownFileType = sourcecode.c.h; name = NetworkParser.h; path = "Logic Engine/Player Abstraction/Network Player Abstraction/NetworkParser.h"; sourceTree = "<group>"; };
		CDCC457A13C4C92C002B4996 /* NetworkParser.m */ = {isa = PBXFileReference; fileEncoding = 4; lastKnownFileType = sourcecode.c.objc; name = NetworkParser.m; path = "Logic Engine/Player Abstraction/Network Player Abstraction/NetworkParser.m"; sourceTree = "<group>"; };
		CDCC457C13C4E828002B4996 /* iPhoneViewController.h */ = {isa = PBXFileReference; fileEncoding = 4; lastKnownFileType = sourcecode.c.h; name = iPhoneViewController.h; path = iPhone/iPhoneViewController.h; sourceTree = "<group>"; };
		CDCC457D13C4E828002B4996 /* iPhoneViewController.m */ = {isa = PBXFileReference; fileEncoding = 4; lastKnownFileType = sourcecode.c.objc; name = iPhoneViewController.m; path = iPhone/iPhoneViewController.m; sourceTree = "<group>"; };
		CDCC457E13C4E828002B4996 /* iPhoneViewController.xib */ = {isa = PBXFileReference; fileEncoding = 4; lastKnownFileType = file.xib; name = iPhoneViewController.xib; path = iPhone/iPhoneViewController.xib; sourceTree = "<group>"; };
		CDF1A11513BE4BAF009AB116 /* Dice2.png */ = {isa = PBXFileReference; lastKnownFileType = image.png; name = Dice2.png; path = Assets/Textures/Dice2.png; sourceTree = "<group>"; };
		CDF1A11613BE4BAF009AB116 /* Dice3.png */ = {isa = PBXFileReference; lastKnownFileType = image.png; name = Dice3.png; path = Assets/Textures/Dice3.png; sourceTree = "<group>"; };
		CDF1A11713BE4BAF009AB116 /* Dice4.png */ = {isa = PBXFileReference; lastKnownFileType = image.png; name = Dice4.png; path = Assets/Textures/Dice4.png; sourceTree = "<group>"; };
		CDF1A11813BE4BAF009AB116 /* Dice5.png */ = {isa = PBXFileReference; lastKnownFileType = image.png; name = Dice5.png; path = Assets/Textures/Dice5.png; sourceTree = "<group>"; };
		CDF1A11913BE4BAF009AB116 /* Dice6.png */ = {isa = PBXFileReference; lastKnownFileType = image.png; name = Dice6.png; path = Assets/Textures/Dice6.png; sourceTree = "<group>"; };
		CDF1A12813BE5D2E009AB116 /* QuestionMark.png */ = {isa = PBXFileReference; lastKnownFileType = image.png; name = QuestionMark.png; path = Assets/Textures/QuestionMark.png; sourceTree = "<group>"; };
		CDF1A12B13BE6318009AB116 /* QuestionMark.png */ = {isa = PBXFileReference; lastKnownFileType = image.png; path = QuestionMark.png; sourceTree = "<group>"; };
		CDF1A12D13BE64D7009AB116 /* Launch-Image-iPad.png */ = {isa = PBXFileReference; lastKnownFileType = image.png; name = "Launch-Image-iPad.png"; path = "Assets/Textures/Launch-Image-iPad.png"; sourceTree = "<group>"; };
		CDF1A12F13BE64E4009AB116 /* Default-Landscape~ipad.png */ = {isa = PBXFileReference; lastKnownFileType = image.png; path = "Default-Landscape~ipad.png"; sourceTree = "<group>"; };
		CDF1A13113BE64EB009AB116 /* Default-Portrait~ipad.png */ = {isa = PBXFileReference; lastKnownFileType = image.png; path = "Default-Portrait~ipad.png"; sourceTree = "<group>"; };
/* End PBXFileReference section */

/* Begin PBXFrameworksBuildPhase section */
		CD86D64013BB9E450005A182 /* Frameworks */ = {
			isa = PBXFrameworksBuildPhase;
			buildActionMask = 2147483647;
			files = (
				4DDA885B13FDA1F2008D3900 /* CoreFoundation.framework in Frameworks */,
				4DDA885913FD9C35008D3900 /* SystemConfiguration.framework in Frameworks */,
				CD548D3313C612B700D70176 /* GameKit.framework in Frameworks */,
				CD86D71F13BBB1BB0005A182 /* QuartzCore.framework in Frameworks */,
				CD86D71D13BBB1B60005A182 /* OpenGLES.framework in Frameworks */,
				CD86D64813BB9E450005A182 /* UIKit.framework in Frameworks */,
				CD86D64A13BB9E450005A182 /* Foundation.framework in Frameworks */,
				CD86D64C13BB9E450005A182 /* CoreGraphics.framework in Frameworks */,
				CD86D64E13BB9E450005A182 /* CoreData.framework in Frameworks */,
			);
			runOnlyForDeploymentPostprocessing = 0;
		};
/* End PBXFrameworksBuildPhase section */

/* Begin PBXGroup section */
		4DD48F4714056F7E0016A32B /* GUI */ = {
			isa = PBXGroup;
			children = (
				CD96574313C39D4B00F79BB4 /* MainMenu.h */,
				CD96574413C39D4B00F79BB4 /* MainMenu.m */,
			);
			name = GUI;
			sourceTree = "<group>";
		};
		4DD48F48140570E90016A32B /* Unification Classes */ = {
			isa = PBXGroup;
			children = (
				4DD48F491405710A0016A32B /* Server.h */,
				4DD48F4A1405710A0016A32B /* Server.m */,
			);
			name = "Unification Classes";
			sourceTree = "<group>";
		};
		CD07ACAC13BCE91500FB8DC8 /* Assets */ = {
			isa = PBXGroup;
			children = (
				CD07ACAD13BCE91C00FB8DC8 /* Textures */,
			);
			name = Assets;
			sourceTree = "<group>";
		};
		CD07ACAD13BCE91C00FB8DC8 /* Textures */ = {
			isa = PBXGroup;
			children = (
				4DEAE53013FC42050044FF11 /* BluetoothDisabled.png */,
				4DEAE53113FC42050044FF11 /* BluetoothEnabled.png */,
				4DEAE53213FC42050044FF11 /* WifiEnabled.png */,
				4DEAE53313FC42050044FF11 /* WifiDisabled.png */,
				4D33AD7713E1F998006A9203 /* DiceiPhoneScroller.png */,
				4D33AD7813E1F998006A9203 /* DiceiPhoneScroller2.png */,
				4D33AD7913E1F998006A9203 /* DiceiPhoneScroller3.png */,
				4D33AD7A13E1F998006A9203 /* DiceiPhoneScroller4.png */,
				4D33AD7B13E1F998006A9203 /* DiceiPhoneScroller5.png */,
				4D33AD7C13E1F998006A9203 /* DiceiPhoneScroller6.png */,
				4D84DDD313CF774A00F924B2 /* Launch-Image-iPad.png */,
				4D84DDD413CF774A00F924B2 /* Launch-Image-iPhone.png */,
				4D84DDCB13CF751000F924B2 /* Logo-iPhone.png */,
				4D84DDCC13CF751000F924B2 /* Logo-Retina.png */,
				4D84DDC713CF749D00F924B2 /* Logo.png */,
				4D84DDBA13CF701900F924B2 /* Dice2Pushed.png */,
				4D84DDBB13CF701900F924B2 /* Dice3Pushed.png */,
				4D84DDBC13CF701900F924B2 /* Dice4Pushed.png */,
				4D84DDBD13CF701900F924B2 /* Dice5Pushed.png */,
				4D84DDBE13CF701900F924B2 /* Dice6Pushed.png */,
				4D84DDBF13CF701900F924B2 /* DicePushed.png */,
				CDF1A12D13BE64D7009AB116 /* Launch-Image-iPad.png */,
				CDF1A12813BE5D2E009AB116 /* QuestionMark.png */,
				CD07ACCC13BCF2AB00FB8DC8 /* Dice.png */,
				CDF1A11513BE4BAF009AB116 /* Dice2.png */,
				CDF1A11613BE4BAF009AB116 /* Dice3.png */,
				CDF1A11713BE4BAF009AB116 /* Dice4.png */,
				CDF1A11813BE4BAF009AB116 /* Dice5.png */,
				CDF1A11913BE4BAF009AB116 /* Dice6.png */,
			);
			name = Textures;
			sourceTree = "<group>";
		};
		CD86D63813BB9E450005A182 = {
			isa = PBXGroup;
			children = (
				4D84DDD913CF775A00F924B2 /* Default.png */,
				4D84DDD713CF775300F924B2 /* Default@2x.png */,
				4D84DDD113CF751C00F924B2 /* Logo-Retina.png */,
				4D84DDCF13CF751800F924B2 /* Logo-iPhone.png */,
				4D84DDC913CF74BD00F924B2 /* Logo.png */,
				CDF1A13113BE64EB009AB116 /* Default-Portrait~ipad.png */,
				CDF1A12F13BE64E4009AB116 /* Default-Landscape~ipad.png */,
				CDF1A12B13BE6318009AB116 /* QuestionMark.png */,
				CD86D64F13BB9E450005A182 /* Lair's Dice */,
				CD86D64613BB9E450005A182 /* Frameworks */,
				CD86D64413BB9E450005A182 /* Products */,
			);
			sourceTree = "<group>";
		};
		CD86D64413BB9E450005A182 /* Products */ = {
			isa = PBXGroup;
			children = (
				CD86D64313BB9E450005A182 /* Lair's Dice.app */,
			);
			name = Products;
			sourceTree = "<group>";
		};
		CD86D64613BB9E450005A182 /* Frameworks */ = {
			isa = PBXGroup;
			children = (
				4DDA885A13FDA1F2008D3900 /* CoreFoundation.framework */,
				4DDA885813FD9C35008D3900 /* SystemConfiguration.framework */,
				CD548D3213C612B700D70176 /* GameKit.framework */,
				CD86D71E13BBB1BA0005A182 /* QuartzCore.framework */,
				CD86D71C13BBB1B60005A182 /* OpenGLES.framework */,
				CD86D64713BB9E450005A182 /* UIKit.framework */,
				CD86D64913BB9E450005A182 /* Foundation.framework */,
				CD86D64B13BB9E450005A182 /* CoreGraphics.framework */,
				CD86D64D13BB9E450005A182 /* CoreData.framework */,
			);
			name = Frameworks;
			sourceTree = "<group>";
		};
		CD86D64F13BB9E450005A182 /* Lair's Dice */ = {
			isa = PBXGroup;
			children = (
				4DD48F48140570E90016A32B /* Unification Classes */,
				4DD48F4714056F7E0016A32B /* GUI */,
				CDCC456F13C4B041002B4996 /* Networking */,
				CD07ACAC13BCE91500FB8DC8 /* Assets */,
				CD86D6EB13BBA3160005A182 /* Logic Engine */,
				CD86D68013BBA07F0005A182 /* Soar */,
				CD86D65813BB9E460005A182 /* Lair_s_DiceAppDelegate.h */,
				CD86D65913BB9E460005A182 /* Lair_s_DiceAppDelegate.m */,
				CD86D65B13BB9E460005A182 /* Lair_s_Dice.xcdatamodeld */,
				CD86D65E13BB9E460005A182 /* iPhone */,
				CD86D66513BB9E460005A182 /* iPad */,
				CD86D65013BB9E450005A182 /* Supporting Files */,
			);
			path = "Lair's Dice";
			sourceTree = "<group>";
		};
		CD86D65013BB9E450005A182 /* Supporting Files */ = {
			isa = PBXGroup;
			children = (
				CD86D65113BB9E450005A182 /* Lair's Dice-Info.plist */,
				CD86D65213BB9E460005A182 /* InfoPlist.strings */,
				CD86D65513BB9E460005A182 /* Lair's Dice-Prefix.pch */,
				CD86D65613BB9E460005A182 /* main.m */,
			);
			name = "Supporting Files";
			sourceTree = "<group>";
		};
		CD86D65E13BB9E460005A182 /* iPhone */ = {
			isa = PBXGroup;
			children = (
				CD86D65F13BB9E460005A182 /* Lair_s_DiceAppDelegate_iPhone.h */,
				CD86D66013BB9E460005A182 /* Lair_s_DiceAppDelegate_iPhone.m */,
				CD86D66213BB9E460005A182 /* MainWindow_iPhone.xib */,
				CDCC457C13C4E828002B4996 /* iPhoneViewController.h */,
				CDCC457D13C4E828002B4996 /* iPhoneViewController.m */,
				CDCC457E13C4E828002B4996 /* iPhoneViewController.xib */,
				4DB74E0D13D4A06000B68673 /* iPhoneMainMenu.h */,
				4DB74E0E13D4A06000B68673 /* iPhoneMainMenu.m */,
				4DB74E0F13D4A06000B68673 /* iPhoneMainMenu.xib */,
				4D12A10C13E1A6B8005E6F62 /* iPhoneHelp.h */,
				4D12A10D13E1A6B8005E6F62 /* iPhoneHelp.m */,
				4D12A10E13E1A6B8005E6F62 /* iPhoneHelp.xib */,
				4DD48F44140568CF0016A32B /* iPhoneServer.xib */,
			);
			name = iPhone;
			sourceTree = "<group>";
		};
		CD86D66513BB9E460005A182 /* iPad */ = {
			isa = PBXGroup;
			children = (
				CD86D67613BB9E800005A182 /* Background.jpg */,
				CD86D66613BB9E460005A182 /* Lair_s_DiceAppDelegate_iPad.h */,
				CD86D66713BB9E460005A182 /* Lair_s_DiceAppDelegate_iPad.m */,
				CD86D66913BB9E460005A182 /* MainWindow_iPad.xib */,
				CD86D67113BB9E6F0005A182 /* iPadServerViewController.h */,
				CD86D67213BB9E6F0005A182 /* iPadServerViewController.m */,
				CD86D67313BB9E6F0005A182 /* iPadServerViewController.xib */,
				CD96574513C39D4B00F79BB4 /* MainMenu.xib */,
				4DC720CE13E08C8200D5484F /* iPadHelp.h */,
				4DC720CF13E08C8200D5484F /* iPadHelp.m */,
				4DC720D013E08C8200D5484F /* iPadHelp.xib */,
				4D33AD7313E1BCE4006A9203 /* PopoverViewController.h */,
				4D33AD7413E1BCE4006A9203 /* PopoverViewController.m */,
			);
			name = iPad;
			sourceTree = "<group>";
		};
		CD86D68013BBA07F0005A182 /* Soar */ = {
			isa = PBXGroup;
			children = (
				CD86D68313BBA09B0005A182 /* Soar Libraries */,
				CD86D68213BBA0930005A182 /* Soar Headers */,
				CD86D68113BBA08C0005A182 /* Soar Rules */,
			);
			name = Soar;
			sourceTree = "<group>";
		};
		CD86D68113BBA08C0005A182 /* Soar Rules */ = {
			isa = PBXGroup;
			children = (
				CD86D68413BBA2F80005A182 /* dice-model-bot-new */,
				CD86D68513BBA2F80005A182 /* default */,
				CD86D68613BBA2F80005A182 /* dice-rl */,
				CD86D68713BBA2F80005A182 /* dice */,
				CD86D68813BBA2F80005A182 /* dice-model-bot-new.soar */,
				CD86D68913BBA2F80005A182 /* dice-p0-m0-c0.soar */,
				CD86D68A13BBA2F80005A182 /* dice-p0-m1-c0.soar */,
				CD86D68B13BBA2F80005A182 /* dice-p1-m1-c0.soar */,
				CD86D68C13BBA2F80005A182 /* dice-rl.soar */,
				CD86D68D13BBA2F80005A182 /* dice-rl.vsa */,
				CD86D68E13BBA2F80005A182 /* dice.soar */,
				CD86D68F13BBA2F80005A182 /* dice.vsa */,
				CD86D69013BBA2F80005A182 /* improvements.soar */,
			);
			name = "Soar Rules";
			sourceTree = "<group>";
		};
		CD86D68213BBA0930005A182 /* Soar Headers */ = {
			isa = PBXGroup;
			children = (
				CD86D69E13BBA3070005A182 /* stlsoft */,
				CD86D69F13BBA3070005A182 /* unixstl */,
				CD86D6A013BBA3070005A182 /* sml_ClientKernel.h */,
				CD86D6A113BBA3070005A182 /* sml_ClientAgent.h */,
				CD86D6A213BBA3070005A182 /* ElementXML.h */,
				CD86D6A313BBA3070005A182 /* sml_Connection.h */,
				CD86D6A413BBA3070005A182 /* ElementXMLImpl.h */,
				CD86D6A513BBA3070005A182 /* ElementXMLInterface.h */,
				CD86D6A613BBA3070005A182 /* tokenizer.h */,
				CD86D6A713BBA3070005A182 /* sml_Names.h */,
				CD86D6A813BBA3070005A182 /* sml_Events.h */,
				CD86D6A913BBA3070005A182 /* misc.h */,
				CD86D6AA13BBA3070005A182 /* ParseXML.h */,
				CD86D6AB13BBA3070005A182 /* sml_ClientIdentifier.h */,
				CD86D6AC13BBA3070005A182 /* sml_ClientXML.h */,
				CD86D6AD13BBA3070005A182 /* soar_TraceNames.h */,
				CD86D6AE13BBA3070005A182 /* EmbeddedSMLInterface.h */,
				CD86D6AF13BBA3070005A182 /* pcreposix.h */,
				CD86D6B013BBA3070005A182 /* sml_AnalyzeXML.h */,
				CD86D6B113BBA3070005A182 /* sml_ClientEvents.h */,
				CD86D6B213BBA3070005A182 /* sml_ClientTraceXML.h */,
				CD86D6B313BBA3070005A182 /* sml_ClientWMElement.h */,
				CD86D6B413BBA3070005A182 /* sml_ClientWorkingMemory.h */,
				CD86D6B513BBA3070005A182 /* sml_EmbeddedConnection.h */,
				CD86D6B613BBA3070005A182 /* sml_ListMap.h */,
				CD86D6B713BBA3070005A182 /* sml_Utils.h */,
				CD86D6B813BBA3070005A182 /* XMLTrace.h */,
				CD86D6B913BBA3070005A182 /* ElementXMLHandle.h */,
				CD86D6BA13BBA3070005A182 /* Export.h */,
				CD86D6BB13BBA3070005A182 /* KernelSMLDirect.h */,
				CD86D6BC13BBA3070005A182 /* ParseXMLFile.h */,
				CD86D6BD13BBA3070005A182 /* ParseXMLString.h */,
				CD86D6BE13BBA3070005A182 /* portability_posix.h */,
				CD86D6BF13BBA3070005A182 /* portability_windows.h */,
				CD86D6C013BBA3070005A182 /* portability.h */,
				CD86D6C113BBA3070005A182 /* sml_ArgMap.h */,
				CD86D6C213BBA3070005A182 /* sml_Client.h */,
				CD86D6C313BBA3070005A182 /* sml_ClientAnalyzedXML.h */,
				CD86D6C413BBA3070005A182 /* sml_ClientDirect.h */,
				CD86D6C513BBA3070005A182 /* sml_ClientErrors.h */,
				CD86D6C613BBA3070005A182 /* sml_ClientFloatElement.h */,
				CD86D6C713BBA3070005A182 /* sml_ClientIntElement.h */,
				CD86D6C813BBA3070005A182 /* sml_ClientStringElement.h */,
				CD86D6C913BBA3070005A182 /* sml_DeltaList.h */,
				CD86D6CA13BBA3070005A182 /* sml_EmbeddedConnectionAsynch.h */,
				CD86D6CB13BBA3070005A182 /* sml_EmbeddedConnectionSynch.h */,
				CD86D6CC13BBA3070005A182 /* sml_Errors.h */,
				CD86D6CD13BBA3070005A182 /* sml_EventThread.h */,
				CD86D6CE13BBA3070005A182 /* sml_Handles.h */,
				CD86D6CF13BBA3070005A182 /* sml_MessageSML.h */,
				CD86D6D013BBA3070005A182 /* sml_ObjectMap.h */,
				CD86D6D113BBA3070005A182 /* sml_OutputDeltaList.h */,
				CD86D6D213BBA3070005A182 /* sml_RemoteConnection.h */,
				CD86D6D313BBA3070005A182 /* sml_StringOps.h */,
				CD86D6D413BBA3070005A182 /* sml_TagArg.h */,
				CD86D6D513BBA3070005A182 /* sml_TagCommand.h */,
				CD86D6D613BBA3070005A182 /* sml_TagError.h */,
				CD86D6D713BBA3070005A182 /* sml_TagFilter.h */,
				CD86D6D813BBA3070005A182 /* sml_TagName.h */,
				CD86D6D913BBA3070005A182 /* sml_TagResult.h */,
				CD86D6DA13BBA3070005A182 /* sml_TagWme.h */,
				CD86D6DB13BBA3070005A182 /* soarversion.h */,
				CD86D6DC13BBA3070005A182 /* sock_ClientNamedPipe.h */,
				CD86D6DD13BBA3070005A182 /* sock_ClientSocket.h */,
				CD86D6DE13BBA3070005A182 /* sock_DataSender.h */,
				CD86D6DF13BBA3070005A182 /* sock_ListenerNamedPipe.h */,
				CD86D6E013BBA3070005A182 /* sock_ListenerSocket.h */,
				CD86D6E113BBA3070005A182 /* sock_NamedPipe.h */,
				CD86D6E213BBA3070005A182 /* sock_OSspecific.h */,
				CD86D6E313BBA3070005A182 /* sock_Socket.h */,
				CD86D6E413BBA3070005A182 /* sock_SocketLib.h */,
				CD86D6E513BBA3070005A182 /* thread_Event.h */,
				CD86D6E613BBA3070005A182 /* thread_Lock.h */,
				CD86D6E713BBA3070005A182 /* thread_OSspecific.h */,
				CD86D6E813BBA3070005A182 /* thread_Thread.h */,
			);
			name = "Soar Headers";
			sourceTree = "<group>";
		};
		CD86D68313BBA09B0005A182 /* Soar Libraries */ = {
			isa = PBXGroup;
			children = (
			);
			name = "Soar Libraries";
			sourceTree = "<group>";
		};
		CD86D6EB13BBA3160005A182 /* Logic Engine */ = {
			isa = PBXGroup;
			children = (
				CD86D6EF13BBA33E0005A182 /* DiceEngine.m */,
				CD86D6F013BBA33E0005A182 /* DiceEngine.h */,
				CD86D6ED13BBA32D0005A182 /* Gamestate */,
				CD86D6EC13BBA3200005A182 /* Player Abstraction */,
			);
			name = "Logic Engine";
			sourceTree = "<group>";
		};
		CD86D6EC13BBA3200005A182 /* Player Abstraction */ = {
			isa = PBXGroup;
			children = (
				CD86D70313BBA3630005A182 /* Soar Agent Abstraction */,
				CD86D70213BBA3550005A182 /* Network Player Abstraction */,
			);
			name = "Player Abstraction";
			sourceTree = "<group>";
		};
		CD86D6ED13BBA32D0005A182 /* Gamestate */ = {
			isa = PBXGroup;
			children = (
				CD86D6F213BBA3430005A182 /* Bid.h */,
				CD86D6F313BBA3430005A182 /* Bid.m */,
				CD86D6F413BBA3430005A182 /* DiceGameState.h */,
				CD86D6F513BBA3430005A182 /* DiceGameState.m */,
				CD86D6F613BBA3430005A182 /* Die.h */,
				CD86D6F713BBA3430005A182 /* Die.m */,
				CD86D6F813BBA3430005A182 /* HistoryItem.h */,
				CD86D6F913BBA3430005A182 /* HistoryItem.m */,
				CD86D6FA13BBA3430005A182 /* PlayerState.h */,
				CD86D6FB13BBA3430005A182 /* PlayerState.m */,
			);
			name = Gamestate;
			sourceTree = "<group>";
		};
		CD86D70213BBA3550005A182 /* Network Player Abstraction */ = {
			isa = PBXGroup;
			children = (
				CD86D70D13BBA3870005A182 /* NetworkPlayer.h */,
				CD86D70E13BBA3870005A182 /* NetworkPlayer.m */,
				CDCC457913C4C92C002B4996 /* NetworkParser.h */,
				CDCC457A13C4C92C002B4996 /* NetworkParser.m */,
			);
			name = "Network Player Abstraction";
			sourceTree = "<group>";
		};
		CD86D70313BBA3630005A182 /* Soar Agent Abstraction */ = {
			isa = PBXGroup;
			children = (
				CD86D70413BBA37C0005A182 /* Agent.mm */,
				CD86D70513BBA37C0005A182 /* Agent.h */,
			);
			name = "Soar Agent Abstraction";
			sourceTree = "<group>";
		};
		CDCC456F13C4B041002B4996 /* Networking */ = {
			isa = PBXGroup;
			children = (
				4D87542213C76CEE00D1586B /* Peer.h */,
				4D87542313C76CEE00D1586B /* Peer.m */,
				4D51F36F13F9AEE70040D09C /* WifiServer.h */,
				4D51F37013F9AEE70040D09C /* WifiServer.m */,
				4D51F37213F9AEF20040D09C /* WifiClient.h */,
				4D51F37313F9AEF20040D09C /* WifiClient.m */,
				4D51F37513F9B9410040D09C /* WifiConnection.h */,
				4D51F37613F9B9410040D09C /* WifiConnection.m */,
				4DDA885413FD9BAF008D3900 /* Reachability.h */,
				4DDA885513FD9BAF008D3900 /* Reachability.m */,
			);
			name = Networking;
			sourceTree = "<group>";
		};
/* End PBXGroup section */

/* Begin PBXNativeTarget section */
		CD86D64213BB9E450005A182 /* Lair's Dice */ = {
			isa = PBXNativeTarget;
			buildConfigurationList = CD86D66E13BB9E460005A182 /* Build configuration list for PBXNativeTarget "Lair's Dice" */;
			buildPhases = (
				CD86D63F13BB9E450005A182 /* Sources */,
				CD86D64013BB9E450005A182 /* Frameworks */,
				CD86D64113BB9E450005A182 /* Resources */,
			);
			buildRules = (
			);
			dependencies = (
			);
			name = "Lair's Dice";
			productName = "Lair's Dice";
			productReference = CD86D64313BB9E450005A182 /* Lair's Dice.app */;
			productType = "com.apple.product-type.application";
		};
/* End PBXNativeTarget section */

/* Begin PBXProject section */
		CD86D63A13BB9E450005A182 /* Project object */ = {
			isa = PBXProject;
			buildConfigurationList = CD86D63D13BB9E450005A182 /* Build configuration list for PBXProject "Lair's Dice" */;
			compatibilityVersion = "Xcode 3.2";
			developmentRegion = English;
			hasScannedForEncodings = 0;
			knownRegions = (
				en,
			);
			mainGroup = CD86D63813BB9E450005A182;
			productRefGroup = CD86D64413BB9E450005A182 /* Products */;
			projectDirPath = "";
			projectRoot = "";
			targets = (
				CD86D64213BB9E450005A182 /* Lair's Dice */,
			);
		};
/* End PBXProject section */

/* Begin PBXResourcesBuildPhase section */
		CD86D64113BB9E450005A182 /* Resources */ = {
			isa = PBXResourcesBuildPhase;
			buildActionMask = 2147483647;
			files = (
				CD86D65413BB9E460005A182 /* InfoPlist.strings in Resources */,
				CD86D66413BB9E460005A182 /* MainWindow_iPhone.xib in Resources */,
				CD86D66B13BB9E460005A182 /* MainWindow_iPad.xib in Resources */,
				CD86D67513BB9E6F0005A182 /* iPadServerViewController.xib in Resources */,
				CD86D67713BB9E800005A182 /* Background.jpg in Resources */,
				CD86D69113BBA2F80005A182 /* dice-model-bot-new in Resources */,
				CD86D69213BBA2F80005A182 /* default in Resources */,
				CD86D69313BBA2F80005A182 /* dice-rl in Resources */,
				CD86D69413BBA2F80005A182 /* dice in Resources */,
				CD86D69513BBA2F80005A182 /* dice-model-bot-new.soar in Resources */,
				CD86D69613BBA2F80005A182 /* dice-p0-m0-c0.soar in Resources */,
				CD86D69713BBA2F80005A182 /* dice-p0-m1-c0.soar in Resources */,
				CD86D69813BBA2F80005A182 /* dice-p1-m1-c0.soar in Resources */,
				CD86D69913BBA2F80005A182 /* dice-rl.soar in Resources */,
				CD86D69A13BBA2F80005A182 /* dice-rl.vsa in Resources */,
				CD86D69B13BBA2F80005A182 /* dice.soar in Resources */,
				CD86D69C13BBA2F80005A182 /* dice.vsa in Resources */,
				CD86D69D13BBA2F80005A182 /* improvements.soar in Resources */,
				CD86D6E913BBA3070005A182 /* stlsoft in Resources */,
				CD86D6EA13BBA3070005A182 /* unixstl in Resources */,
				CD07ACCD13BCF2AB00FB8DC8 /* Dice.png in Resources */,
				CDF1A11A13BE4BAF009AB116 /* Dice2.png in Resources */,
				CDF1A11B13BE4BAF009AB116 /* Dice3.png in Resources */,
				CDF1A11C13BE4BAF009AB116 /* Dice4.png in Resources */,
				CDF1A11D13BE4BAF009AB116 /* Dice5.png in Resources */,
				CDF1A11E13BE4BAF009AB116 /* Dice6.png in Resources */,
				CDF1A12913BE5D2E009AB116 /* QuestionMark.png in Resources */,
				CDF1A12C13BE6318009AB116 /* QuestionMark.png in Resources */,
				CDF1A12E13BE64D7009AB116 /* Launch-Image-iPad.png in Resources */,
				CDF1A13013BE64E4009AB116 /* Default-Landscape~ipad.png in Resources */,
				CDF1A13213BE64EB009AB116 /* Default-Portrait~ipad.png in Resources */,
				CD96574713C39D4B00F79BB4 /* MainMenu.xib in Resources */,
				CDCC458013C4E828002B4996 /* iPhoneViewController.xib in Resources */,
				4D84DDC013CF701900F924B2 /* Dice2Pushed.png in Resources */,
				4D84DDC113CF701900F924B2 /* Dice3Pushed.png in Resources */,
				4D84DDC213CF701900F924B2 /* Dice4Pushed.png in Resources */,
				4D84DDC313CF701900F924B2 /* Dice5Pushed.png in Resources */,
				4D84DDC413CF701900F924B2 /* Dice6Pushed.png in Resources */,
				4D84DDC513CF701900F924B2 /* DicePushed.png in Resources */,
				4D84DDC813CF749D00F924B2 /* Logo.png in Resources */,
				4D84DDCA13CF74BD00F924B2 /* Logo.png in Resources */,
				4D84DDCD13CF751000F924B2 /* Logo-iPhone.png in Resources */,
				4D84DDCE13CF751000F924B2 /* Logo-Retina.png in Resources */,
				4D84DDD013CF751800F924B2 /* Logo-iPhone.png in Resources */,
				4D84DDD213CF751C00F924B2 /* Logo-Retina.png in Resources */,
				4D84DDD513CF774A00F924B2 /* Launch-Image-iPad.png in Resources */,
				4D84DDD613CF774A00F924B2 /* Launch-Image-iPhone.png in Resources */,
				4D84DDD813CF775300F924B2 /* Default@2x.png in Resources */,
				4D84DDDA13CF775A00F924B2 /* Default.png in Resources */,
				4DB74E1113D4A06000B68673 /* iPhoneMainMenu.xib in Resources */,
				4DC720D213E08C8200D5484F /* iPadHelp.xib in Resources */,
				4D12A11013E1A6B8005E6F62 /* iPhoneHelp.xib in Resources */,
				4D33AD7D13E1F998006A9203 /* DiceiPhoneScroller.png in Resources */,
				4D33AD7E13E1F998006A9203 /* DiceiPhoneScroller2.png in Resources */,
				4D33AD7F13E1F998006A9203 /* DiceiPhoneScroller3.png in Resources */,
				4D33AD8013E1F998006A9203 /* DiceiPhoneScroller4.png in Resources */,
				4D33AD8113E1F998006A9203 /* DiceiPhoneScroller5.png in Resources */,
				4D33AD8213E1F998006A9203 /* DiceiPhoneScroller6.png in Resources */,
				4DEAE53413FC42050044FF11 /* BluetoothDisabled.png in Resources */,
				4DEAE53513FC42050044FF11 /* BluetoothEnabled.png in Resources */,
				4DEAE53613FC42050044FF11 /* WifiEnabled.png in Resources */,
				4DEAE53713FC42050044FF11 /* WifiDisabled.png in Resources */,
				4DD48F46140568CF0016A32B /* iPhoneServer.xib in Resources */,
			);
			runOnlyForDeploymentPostprocessing = 0;
		};
/* End PBXResourcesBuildPhase section */

/* Begin PBXSourcesBuildPhase section */
		CD86D63F13BB9E450005A182 /* Sources */ = {
			isa = PBXSourcesBuildPhase;
			buildActionMask = 2147483647;
			files = (
				CD86D65713BB9E460005A182 /* main.m in Sources */,
				CD86D65A13BB9E460005A182 /* Lair_s_DiceAppDelegate.m in Sources */,
				CD86D65D13BB9E460005A182 /* Lair_s_Dice.xcdatamodeld in Sources */,
				CD86D66113BB9E460005A182 /* Lair_s_DiceAppDelegate_iPhone.m in Sources */,
				CD86D66813BB9E460005A182 /* Lair_s_DiceAppDelegate_iPad.m in Sources */,
				CD86D67413BB9E6F0005A182 /* iPadServerViewController.m in Sources */,
				CD86D6F113BBA33E0005A182 /* DiceEngine.m in Sources */,
				CD86D6FC13BBA3430005A182 /* Bid.m in Sources */,
				CD86D6FD13BBA3430005A182 /* DiceGameState.m in Sources */,
				CD86D6FE13BBA3430005A182 /* Die.m in Sources */,
				CD86D6FF13BBA3430005A182 /* HistoryItem.m in Sources */,
				CD86D70013BBA3430005A182 /* PlayerState.m in Sources */,
				CD86D70613BBA37C0005A182 /* Agent.mm in Sources */,
				CD86D70F13BBA3870005A182 /* NetworkPlayer.m in Sources */,
				CD96574613C39D4B00F79BB4 /* MainMenu.m in Sources */,
				CDCC457B13C4C92C002B4996 /* NetworkParser.m in Sources */,
				CDCC457F13C4E828002B4996 /* iPhoneViewController.m in Sources */,
				4D87542413C76CEE00D1586B /* Peer.m in Sources */,
				4DB74E1013D4A06000B68673 /* iPhoneMainMenu.m in Sources */,
				4DC720D113E08C8200D5484F /* iPadHelp.m in Sources */,
				4D12A10F13E1A6B8005E6F62 /* iPhoneHelp.m in Sources */,
				4D33AD7513E1BCE4006A9203 /* PopoverViewController.m in Sources */,
				4D51F37113F9AEE70040D09C /* WifiServer.m in Sources */,
				4D51F37413F9AEF20040D09C /* WifiClient.m in Sources */,
				4D51F37713F9B9410040D09C /* WifiConnection.m in Sources */,
				4DDA885613FD9BAF008D3900 /* Reachability.m in Sources */,
				4DD48F4B1405710A0016A32B /* Server.m in Sources */,
			);
			runOnlyForDeploymentPostprocessing = 0;
		};
/* End PBXSourcesBuildPhase section */

/* Begin PBXVariantGroup section */
		CD86D65213BB9E460005A182 /* InfoPlist.strings */ = {
			isa = PBXVariantGroup;
			children = (
				CD86D65313BB9E460005A182 /* en */,
			);
			name = InfoPlist.strings;
			sourceTree = "<group>";
		};
		CD86D66213BB9E460005A182 /* MainWindow_iPhone.xib */ = {
			isa = PBXVariantGroup;
			children = (
				CD86D66313BB9E460005A182 /* en */,
			);
			name = MainWindow_iPhone.xib;
			sourceTree = "<group>";
		};
		CD86D66913BB9E460005A182 /* MainWindow_iPad.xib */ = {
			isa = PBXVariantGroup;
			children = (
				CD86D66A13BB9E460005A182 /* en */,
			);
			name = MainWindow_iPad.xib;
			sourceTree = "<group>";
		};
/* End PBXVariantGroup section */

/* Begin XCBuildConfiguration section */
		CD86D66C13BB9E460005A182 /* Debug */ = {
			isa = XCBuildConfiguration;
			buildSettings = {
				ARCHS = "$(ARCHS_STANDARD_32_BIT)";
				"CODE_SIGN_IDENTITY[sdk=iphoneos*]" = "iPhone Developer";
				GCC_C_LANGUAGE_STANDARD = gnu99;
				GCC_OPTIMIZATION_LEVEL = 0;
				GCC_PREPROCESSOR_DEFINITIONS = DEBUG;
				GCC_SYMBOLS_PRIVATE_EXTERN = NO;
				GCC_VERSION = com.apple.compilers.llvm.clang.1_0;
				GCC_WARN_ABOUT_RETURN_TYPE = YES;
				GCC_WARN_UNUSED_VARIABLE = YES;
				HEADER_SEARCH_PATHS = (
					"\"$(SRCROOT)/Lair's Dice/Soar/Soar Headers\"",
				);
				IPHONEOS_DEPLOYMENT_TARGET = 4.0;
				LIBRARY_SEARCH_PATHS = "";
				"LIBRARY_SEARCH_PATHS[sdk=iphoneos4.3][arch=armv6]" = (
					"\"$(SRCROOT)/Lair's Dice/Soar/Soar Libraries/Armv6\"",
				);
				"LIBRARY_SEARCH_PATHS[sdk=iphoneos4.3][arch=armv7]" = (
					"\"$(SRCROOT)/Lair's Dice/Soar/Soar Libraries/Armv7\"",
				);
				"LIBRARY_SEARCH_PATHS[sdk=iphonesimulator4.3][arch=*]" = (
					"\"$(SRCROOT)/Lair's Dice/Soar/Soar Libraries/Simulator\"",
				);
				OTHER_CFLAGS = "";
				OTHER_LDFLAGS = (
					"-lClientSML",
					"-lCommandLineInterface",
					"-lConnectionSML",
					"-lElementXML",
					"-lSoarKernel",
					"-lSoarKernelSML",
					"-lsqlite3.0",
				);
				SDKROOT = iphoneos;
				TARGETED_DEVICE_FAMILY = "1,2";
			};
			name = Debug;
		};
		CD86D66D13BB9E460005A182 /* Release */ = {
			isa = XCBuildConfiguration;
			buildSettings = {
				ARCHS = "$(ARCHS_STANDARD_32_BIT)";
				"CODE_SIGN_IDENTITY[sdk=iphoneos*]" = "iPhone Developer";
				GCC_C_LANGUAGE_STANDARD = gnu99;
				GCC_VERSION = com.apple.compilers.llvm.clang.1_0;
				GCC_WARN_ABOUT_RETURN_TYPE = YES;
				GCC_WARN_UNUSED_VARIABLE = YES;
				HEADER_SEARCH_PATHS = (
					"\"$(SRCROOT)/Lair's Dice/Soar/Soar Headers\"",
				);
				IPHONEOS_DEPLOYMENT_TARGET = 4.0;
				LIBRARY_SEARCH_PATHS = "";
				"LIBRARY_SEARCH_PATHS[sdk=iphoneos4.3][arch=armv6]" = (
					"\"$(SRCROOT)/Lair's Dice/Soar/Soar Libraries/Armv6\"",
				);
				"LIBRARY_SEARCH_PATHS[sdk=iphoneos4.3][arch=armv7]" = (
					"\"$(SRCROOT)/Lair's Dice/Soar/Soar Libraries/Armv7\"",
				);
				"LIBRARY_SEARCH_PATHS[sdk=iphonesimulator4.3][arch=*]" = (
					"\"$(SRCROOT)/Lair's Dice/Soar/Soar Libraries/Simulator\"",
				);
				OTHER_CFLAGS = "";
				OTHER_LDFLAGS = (
					"-lClientSML",
					"-lCommandLineInterface",
					"-lConnectionSML",
					"-lElementXML",
					"-lSoarKernel",
					"-lSoarKernelSML",
					"-lsqlite3.0",
				);
				SDKROOT = iphoneos;
				TARGETED_DEVICE_FAMILY = "1,2";
			};
			name = Release;
		};
		CD86D66F13BB9E460005A182 /* Debug */ = {
			isa = XCBuildConfiguration;
			buildSettings = {
				ALWAYS_SEARCH_USER_PATHS = NO;
				COPY_PHASE_STRIP = NO;
				GCC_DYNAMIC_NO_PIC = NO;
				GCC_PRECOMPILE_PREFIX_HEADER = YES;
				GCC_PREFIX_HEADER = "Lair's Dice/Lair's Dice-Prefix.pch";
				INFOPLIST_FILE = "Lair's Dice/Lair's Dice-Info.plist";
				IPHONEOS_DEPLOYMENT_TARGET = 4.2;
				PRODUCT_NAME = "$(TARGET_NAME)";
				WRAPPER_EXTENSION = app;
			};
			name = Debug;
		};
		CD86D67013BB9E460005A182 /* Release */ = {
			isa = XCBuildConfiguration;
			buildSettings = {
				ALWAYS_SEARCH_USER_PATHS = NO;
				COPY_PHASE_STRIP = YES;
				GCC_PRECOMPILE_PREFIX_HEADER = YES;
				GCC_PREFIX_HEADER = "Lair's Dice/Lair's Dice-Prefix.pch";
				INFOPLIST_FILE = "Lair's Dice/Lair's Dice-Info.plist";
				IPHONEOS_DEPLOYMENT_TARGET = 4.2;
				PRODUCT_NAME = "$(TARGET_NAME)";
				VALIDATE_PRODUCT = YES;
				WRAPPER_EXTENSION = app;
			};
			name = Release;
		};
/* End XCBuildConfiguration section */

/* Begin XCConfigurationList section */
		CD86D63D13BB9E450005A182 /* Build configuration list for PBXProject "Lair's Dice" */ = {
			isa = XCConfigurationList;
			buildConfigurations = (
				CD86D66C13BB9E460005A182 /* Debug */,
				CD86D66D13BB9E460005A182 /* Release */,
			);
			defaultConfigurationIsVisible = 0;
			defaultConfigurationName = Release;
		};
		CD86D66E13BB9E460005A182 /* Build configuration list for PBXNativeTarget "Lair's Dice" */ = {
			isa = XCConfigurationList;
			buildConfigurations = (
				CD86D66F13BB9E460005A182 /* Debug */,
				CD86D67013BB9E460005A182 /* Release */,
			);
			defaultConfigurationIsVisible = 0;
			defaultConfigurationName = Release;
		};
/* End XCConfigurationList section */

/* Begin XCVersionGroup section */
		CD86D65B13BB9E460005A182 /* Lair_s_Dice.xcdatamodeld */ = {
			isa = XCVersionGroup;
			children = (
				CD86D65C13BB9E460005A182 /* Lair_s_Dice.xcdatamodel */,
			);
			currentVersion = CD86D65C13BB9E460005A182 /* Lair_s_Dice.xcdatamodel */;
			path = Lair_s_Dice.xcdatamodeld;
			sourceTree = "<group>";
			versionGroupType = wrapper.xcdatamodel;
		};
/* End XCVersionGroup section */
	};
	rootObject = CD86D63A13BB9E450005A182 /* Project object */;
}
