// !$*UTF8*$!
{
	archiveVersion = 1;
	classes = {
	};
	objectVersion = 46;
	objects = {

/* Begin PBXBuildFile section */
		4D12BDD115F0FDF200265801 /* about.html in Resources */ = {isa = PBXBuildFile; fileRef = 4D12BDD015F0FDF200265801 /* about.html */; };
		4D55DFFA15EFB3A200829BC6 /* dice-easy.soar in Resources */ = {isa = PBXBuildFile; fileRef = 4D55DFF815EFB3A200829BC6 /* dice-easy.soar */; };
		4D55DFFB15EFB3A200829BC6 /* dice-harder.soar in Resources */ = {isa = PBXBuildFile; fileRef = 4D55DFF915EFB3A200829BC6 /* dice-harder.soar */; };
		4D5B8154191C243200BAC1D1 /* main.m in Sources */ = {isa = PBXBuildFile; fileRef = 4D5B8153191C243200BAC1D1 /* main.m */; };
		4D7501C717F0BA4E00D5DF3A /* SingleplayerView.xib in Resources */ = {isa = PBXBuildFile; fileRef = 4D7501C617F0BA4E00D5DF3A /* SingleplayerView.xib */; };
		4D7501CA17F0EC5900D5DF3A /* UIImage+ImageEffects.m in Sources */ = {isa = PBXBuildFile; fileRef = 4D7501C817F0EC5900D5DF3A /* UIImage+ImageEffects.m */; };
		4D7501CC17F0EE3200D5DF3A /* Accelerate.framework in Frameworks */ = {isa = PBXBuildFile; fileRef = 4D7501CB17F0EE3200D5DF3A /* Accelerate.framework */; };
		4D82BFE9191827660071FF3B /* Center-Push@2x.png in Resources */ = {isa = PBXBuildFile; fileRef = 4D82BFE8191827660071FF3B /* Center-Push@2x.png */; };
		4D82BFEB191827700071FF3B /* Center-Push.png in Resources */ = {isa = PBXBuildFile; fileRef = 4D82BFEA191827700071FF3B /* Center-Push.png */; };
		4DA8DA2C15E84BC800D2CED9 /* dice-hard.soar in Resources */ = {isa = PBXBuildFile; fileRef = 4DA8DA2915E84BC800D2CED9 /* dice-hard.soar */; };
		4DA8DA2D15E84BC800D2CED9 /* dice-hardest.soar in Resources */ = {isa = PBXBuildFile; fileRef = 4DA8DA2A15E84BC800D2CED9 /* dice-hardest.soar */; };
		4DA8DA2E15E84BC800D2CED9 /* dice-medium.soar in Resources */ = {isa = PBXBuildFile; fileRef = 4DA8DA2B15E84BC800D2CED9 /* dice-medium.soar */; };
		4DB7B1DC17EB45C000CA94CE /* Images.xcassets in Resources */ = {isa = PBXBuildFile; fileRef = 4DB7B1DB17EB45C000CA94CE /* Images.xcassets */; };
		4DBD2A5117EE089F006806D0 /* Application.xib in Resources */ = {isa = PBXBuildFile; fileRef = 4DBD2A5017EE089F006806D0 /* Application.xib */; };
		4DBD2A5517EE0AA7006806D0 /* MainMenu.xib in Resources */ = {isa = PBXBuildFile; fileRef = 4DBD2A5417EE0AA7006806D0 /* MainMenu.xib */; };
		4DBD2A5B17EE6286006806D0 /* AboutView.xib in Resources */ = {isa = PBXBuildFile; fileRef = 4DBD2A5A17EE6286006806D0 /* AboutView.xib */; };
		4DBD2A5D17EE6D42006806D0 /* SettingsView.xib in Resources */ = {isa = PBXBuildFile; fileRef = 4DBD2A5C17EE6D42006806D0 /* SettingsView.xib */; };
		4DBD2A5F17EE6FC9006806D0 /* RulesView.xib in Resources */ = {isa = PBXBuildFile; fileRef = 4DBD2A5E17EE6FC9006806D0 /* RulesView.xib */; };
		4DBD2A6317EE719C006806D0 /* StatsView.xib in Resources */ = {isa = PBXBuildFile; fileRef = 4DBD2A6217EE719C006806D0 /* StatsView.xib */; };
		4DBD2A6517EE76AD006806D0 /* PlayGameView.xib in Resources */ = {isa = PBXBuildFile; fileRef = 4DBD2A6417EE76AD006806D0 /* PlayGameView.xib */; };
		4DBD2A6717EE7B77006806D0 /* LoadingGameView.xib in Resources */ = {isa = PBXBuildFile; fileRef = 4DBD2A6617EE7B77006806D0 /* LoadingGameView.xib */; };
		4DBD2A6917EE7C7E006806D0 /* HistoryView.xib in Resources */ = {isa = PBXBuildFile; fileRef = 4DBD2A6817EE7C7E006806D0 /* HistoryView.xib */; };
		4DBD2A6B17EE8172006806D0 /* RoundOverView.xib in Resources */ = {isa = PBXBuildFile; fileRef = 4DBD2A6A17EE8172006806D0 /* RoundOverView.xib */; };
		4DBD2A8917EF4BD2006806D0 /* AboutView.m in Sources */ = {isa = PBXBuildFile; fileRef = 4DBD2A6F17EF4BD2006806D0 /* AboutView.m */; };
		4DBD2A8A17EF4BD2006806D0 /* Application.m in Sources */ = {isa = PBXBuildFile; fileRef = 4DBD2A7117EF4BD2006806D0 /* Application.m */; };
		4DBD2A8B17EF4BD2006806D0 /* ApplicationDelegate.m in Sources */ = {isa = PBXBuildFile; fileRef = 4DBD2A7317EF4BD2006806D0 /* ApplicationDelegate.m */; };
		4DBD2A8C17EF4BD2006806D0 /* DiceHistoryView.m in Sources */ = {isa = PBXBuildFile; fileRef = 4DBD2A7517EF4BD2006806D0 /* DiceHistoryView.m */; };
		4DBD2A8D17EF4BD2006806D0 /* MainMenu.m in Sources */ = {isa = PBXBuildFile; fileRef = 4DBD2A7717EF4BD2006806D0 /* MainMenu.m */; };
		4DBD2A8F17EF4BD2006806D0 /* RulesView.m in Sources */ = {isa = PBXBuildFile; fileRef = 4DBD2A7B17EF4BD2006806D0 /* RulesView.m */; };
		4DBD2A9017EF4BD2006806D0 /* LoadingGameView.m in Sources */ = {isa = PBXBuildFile; fileRef = 4DBD2A7D17EF4BD2006806D0 /* LoadingGameView.m */; };
		4DBD2A9217EF4BD2006806D0 /* PlayGameView.m in Sources */ = {isa = PBXBuildFile; fileRef = 4DBD2A8217EF4BD2006806D0 /* PlayGameView.m */; };
		4DBD2A9317EF4BD2006806D0 /* StatsView.m in Sources */ = {isa = PBXBuildFile; fileRef = 4DBD2A8417EF4BD2006806D0 /* StatsView.m */; };
		4DBD2A9417EF4BD2006806D0 /* RoundOverView.m in Sources */ = {isa = PBXBuildFile; fileRef = 4DBD2A8617EF4BD2006806D0 /* RoundOverView.m */; };
		4DBD2A9517EF4BD2006806D0 /* SettingsView.m in Sources */ = {isa = PBXBuildFile; fileRef = 4DBD2A8817EF4BD2006806D0 /* SettingsView.m */; };
		4DC1AF501919544B007CE062 /* MultiplayerViewiPad.xib in Resources */ = {isa = PBXBuildFile; fileRef = 4DC1AF4F1919544B007CE062 /* MultiplayerViewiPad.xib */; };
		4DC1AF5319195B05007CE062 /* ScrollRightArrow.png in Resources */ = {isa = PBXBuildFile; fileRef = 4DC1AF5219195B05007CE062 /* ScrollRightArrow.png */; };
		4DC1AF5819195C3D007CE062 /* MultiplayerView.xib in Resources */ = {isa = PBXBuildFile; fileRef = 4DC1AF5719195C3D007CE062 /* MultiplayerView.xib */; };
		4DC1AF5A19195D9C007CE062 /* JoinMatchView.xib in Resources */ = {isa = PBXBuildFile; fileRef = 4DC1AF5919195D9C007CE062 /* JoinMatchView.xib */; };
		4DC1AF62191961C1007CE062 /* JoinMatchView.m in Sources */ = {isa = PBXBuildFile; fileRef = 4DC1AF61191961C1007CE062 /* JoinMatchView.m */; };
		4DC1AF7A191A75AD007CE062 /* MultiplayerMatchData.m in Sources */ = {isa = PBXBuildFile; fileRef = 4DC1AF79191A75AD007CE062 /* MultiplayerMatchData.m */; };
		4DC1AF7D191BD409007CE062 /* GameKitListener.m in Sources */ = {isa = PBXBuildFile; fileRef = 4DC1AF7C191BD409007CE062 /* GameKitListener.m */; };
		4DC1AF80191BD84F007CE062 /* GameKitGameHandler.m in Sources */ = {isa = PBXBuildFile; fileRef = 4DC1AF7F191BD84F007CE062 /* GameKitGameHandler.m */; };
		4DC1BE421878A694007A17D3 /* GameKit.framework in Frameworks */ = {isa = PBXBuildFile; fileRef = 4DC1BE411878A694007A17D3 /* GameKit.framework */; };
		4DC66D9D1913FB2800A7FF0D /* MainMenuiPad.xib in Resources */ = {isa = PBXBuildFile; fileRef = 4DC66D9C1913FB2800A7FF0D /* MainMenuiPad.xib */; };
		4DC66D9F1913FEC700A7FF0D /* ApplicationiPad.xib in Resources */ = {isa = PBXBuildFile; fileRef = 4DC66D9E1913FEC700A7FF0D /* ApplicationiPad.xib */; };
		4DC66DA91914023700A7FF0D /* AboutViewiPad.xib in Resources */ = {isa = PBXBuildFile; fileRef = 4DC66DA01914023700A7FF0D /* AboutViewiPad.xib */; };
		4DC66DAA1914023700A7FF0D /* HistoryViewiPad.xib in Resources */ = {isa = PBXBuildFile; fileRef = 4DC66DA11914023700A7FF0D /* HistoryViewiPad.xib */; };
		4DC66DAB1914023700A7FF0D /* LoadingGameViewiPad.xib in Resources */ = {isa = PBXBuildFile; fileRef = 4DC66DA21914023700A7FF0D /* LoadingGameViewiPad.xib */; };
		4DC66DAC1914023700A7FF0D /* PlayGameViewiPad.xib in Resources */ = {isa = PBXBuildFile; fileRef = 4DC66DA31914023700A7FF0D /* PlayGameViewiPad.xib */; };
		4DC66DAD1914023700A7FF0D /* RoundOverViewiPad.xib in Resources */ = {isa = PBXBuildFile; fileRef = 4DC66DA41914023700A7FF0D /* RoundOverViewiPad.xib */; };
		4DC66DAE1914023700A7FF0D /* RulesViewiPad.xib in Resources */ = {isa = PBXBuildFile; fileRef = 4DC66DA51914023700A7FF0D /* RulesViewiPad.xib */; };
		4DC66DAF1914023700A7FF0D /* SettingsViewiPad.xib in Resources */ = {isa = PBXBuildFile; fileRef = 4DC66DA61914023700A7FF0D /* SettingsViewiPad.xib */; };
		4DC66DB01914023700A7FF0D /* SingleplayerViewiPad.xib in Resources */ = {isa = PBXBuildFile; fileRef = 4DC66DA71914023700A7FF0D /* SingleplayerViewiPad.xib */; };
		4DC66DB11914023700A7FF0D /* StatsViewiPad.xib in Resources */ = {isa = PBXBuildFile; fileRef = 4DC66DA81914023700A7FF0D /* StatsViewiPad.xib */; };
		4DD146E217F0B8CF000A4A4E /* SingleplayerView.m in Sources */ = {isa = PBXBuildFile; fileRef = 4DD146E117F0B8CF000A4A4E /* SingleplayerView.m */; };
		4DD146E517F0B8E5000A4A4E /* MultiplayerView.m in Sources */ = {isa = PBXBuildFile; fileRef = 4DD146E417F0B8E5000A4A4E /* MultiplayerView.m */; };
		4DDA885913FD9C35008D3900 /* SystemConfiguration.framework in Frameworks */ = {isa = PBXBuildFile; fileRef = 4DDA885813FD9C35008D3900 /* SystemConfiguration.framework */; };
		4DDA885B13FDA1F2008D3900 /* CoreFoundation.framework in Frameworks */ = {isa = PBXBuildFile; fileRef = 4DDA885A13FDA1F2008D3900 /* CoreFoundation.framework */; };
		C602E0931552F1C2005B7D70 /* database.db in Resources */ = {isa = PBXBuildFile; fileRef = C61F629E1552D6660065D8BB /* database.db */; };
		C6031A641550B33A00186B8E /* default in Resources */ = {isa = PBXBuildFile; fileRef = C6031A571550B33A00186B8E /* default */; };
		C6031A651550B33A00186B8E /* dice in Resources */ = {isa = PBXBuildFile; fileRef = C6031A581550B33A00186B8E /* dice */; };
		C6031A671550B33A00186B8E /* dice-model-bot-new.soar in Resources */ = {isa = PBXBuildFile; fileRef = C6031A5A1550B33A00186B8E /* dice-model-bot-new.soar */; };
		C6031A681550B33A00186B8E /* dice-p0-m0-c0.soar in Resources */ = {isa = PBXBuildFile; fileRef = C6031A5B1550B33A00186B8E /* dice-p0-m0-c0.soar */; };
		C6031A691550B33A00186B8E /* dice-p0-m1-c0.soar in Resources */ = {isa = PBXBuildFile; fileRef = C6031A5C1550B33A00186B8E /* dice-p0-m1-c0.soar */; };
		C6031A6A1550B33A00186B8E /* dice-p1-m1-c0.soar in Resources */ = {isa = PBXBuildFile; fileRef = C6031A5D1550B33A00186B8E /* dice-p1-m1-c0.soar */; };
		C6031A6B1550B33A00186B8E /* dice-rl in Resources */ = {isa = PBXBuildFile; fileRef = C6031A5E1550B33A00186B8E /* dice-rl */; };
		C6031A6C1550B33A00186B8E /* dice-rl.soar in Resources */ = {isa = PBXBuildFile; fileRef = C6031A5F1550B33A00186B8E /* dice-rl.soar */; };
		C6031A6D1550B33A00186B8E /* dice-rl.vsa in Resources */ = {isa = PBXBuildFile; fileRef = C6031A601550B33A00186B8E /* dice-rl.vsa */; };
		C6031A6E1550B33A00186B8E /* dice.soar in Resources */ = {isa = PBXBuildFile; fileRef = C6031A611550B33A00186B8E /* dice.soar */; };
		C6031A6F1550B33A00186B8E /* dice.vsa in Resources */ = {isa = PBXBuildFile; fileRef = C6031A621550B33A00186B8E /* dice.vsa */; };
		C6031A701550B33A00186B8E /* improvements.soar in Resources */ = {isa = PBXBuildFile; fileRef = C6031A631550B33A00186B8E /* improvements.soar */; };
		C61F62A11552D6870065D8BB /* DiceDatabase.m in Sources */ = {isa = PBXBuildFile; fileRef = C61F62A01552D6870065D8BB /* DiceDatabase.m */; };
		C61F62A81552DFE20065D8BB /* GameRecord.m in Sources */ = {isa = PBXBuildFile; fileRef = C61F62A71552DFE20065D8BB /* GameRecord.m */; };
		C642BD8A15542FB000643A5B /* dice-model-bot-new in Resources */ = {isa = PBXBuildFile; fileRef = C642BD8915542FB000643A5B /* dice-model-bot-new */; };
		C642BD8C155430F300643A5B /* dice-model-bot-new-old in Resources */ = {isa = PBXBuildFile; fileRef = C642BD8B155430F300643A5B /* dice-model-bot-new-old */; };
		C642BD8E1554348900643A5B /* dice-p1-m0-c0.soar in Resources */ = {isa = PBXBuildFile; fileRef = C642BD8D1554348800643A5B /* dice-p1-m0-c0.soar */; };
		C680898D154F56CF0068E477 /* die-1.png in Resources */ = {isa = PBXBuildFile; fileRef = C680896B154F56CF0068E477 /* die-1.png */; };
		C680898E154F56CF0068E477 /* die-2.png in Resources */ = {isa = PBXBuildFile; fileRef = C680896C154F56CF0068E477 /* die-2.png */; };
		C680898F154F56CF0068E477 /* die-3.png in Resources */ = {isa = PBXBuildFile; fileRef = C680896D154F56CF0068E477 /* die-3.png */; };
		C6808990154F56CF0068E477 /* die-4.png in Resources */ = {isa = PBXBuildFile; fileRef = C680896E154F56CF0068E477 /* die-4.png */; };
		C6808991154F56CF0068E477 /* die-5.png in Resources */ = {isa = PBXBuildFile; fileRef = C680896F154F56CF0068E477 /* die-5.png */; };
		C6808992154F56CF0068E477 /* die-6.png in Resources */ = {isa = PBXBuildFile; fileRef = C6808970154F56CF0068E477 /* die-6.png */; };
		C6808993154F56CF0068E477 /* die-unknown.png in Resources */ = {isa = PBXBuildFile; fileRef = C6808971154F56CF0068E477 /* die-unknown.png */; };
		C68C288015CB229C00EB07B7 /* dice-agent-new.soar in Resources */ = {isa = PBXBuildFile; fileRef = C68C287F15CB229C00EB07B7 /* dice-agent-new.soar */; };
		C68C288315CB22A400EB07B7 /* dice-agent-p in Resources */ = {isa = PBXBuildFile; fileRef = C68C288215CB22A400EB07B7 /* dice-agent-p */; };
		C68C288515CB22AC00EB07B7 /* dice-pmh.soar in Resources */ = {isa = PBXBuildFile; fileRef = C68C288415CB22AC00EB07B7 /* dice-pmh.soar */; };
		C690D5B0152CD60500AC3020 /* DiceGraphics.m in Sources */ = {isa = PBXBuildFile; fileRef = C690D5AF152CD60500AC3020 /* DiceGraphics.m */; };
		C695183B154F9F9400BD15DA /* rules.html in Resources */ = {isa = PBXBuildFile; fileRef = C695183A154F9F9400BD15DA /* rules.html */; };
		C6BA3778143D18C2001E6A6D /* Bid.m in Sources */ = {isa = PBXBuildFile; fileRef = C6BA376F143D18C2001E6A6D /* Bid.m */; };
		C6BA3779143D18C2001E6A6D /* DiceGameState.m in Sources */ = {isa = PBXBuildFile; fileRef = C6BA3771143D18C2001E6A6D /* DiceGameState.m */; };
		C6BA377A143D18C2001E6A6D /* Die.m in Sources */ = {isa = PBXBuildFile; fileRef = C6BA3773143D18C2001E6A6D /* Die.m */; };
		C6BA377B143D18C2001E6A6D /* HistoryItem.m in Sources */ = {isa = PBXBuildFile; fileRef = C6BA3775143D18C2001E6A6D /* HistoryItem.m */; };
		C6BA377C143D18C2001E6A6D /* PlayerState.m in Sources */ = {isa = PBXBuildFile; fileRef = C6BA3777143D18C2001E6A6D /* PlayerState.m */; };
		C6BA377F143D18CF001E6A6D /* SoarPlayer.mm in Sources */ = {isa = PBXBuildFile; fileRef = C6BA377E143D18CF001E6A6D /* SoarPlayer.mm */; };
		C6F66153143BA95300EF3AD2 /* DiceGame.m in Sources */ = {isa = PBXBuildFile; fileRef = C6F66152143BA95300EF3AD2 /* DiceGame.m */; };
		C6F6615C143BA9A200EF3AD2 /* DiceLocalPlayer.m in Sources */ = {isa = PBXBuildFile; fileRef = C6F6615B143BA9A100EF3AD2 /* DiceLocalPlayer.m */; };
		C6F6615F143BA9B300EF3AD2 /* DiceRemotePlayer.m in Sources */ = {isa = PBXBuildFile; fileRef = C6F6615E143BA9B300EF3AD2 /* DiceRemotePlayer.m */; };
		C6F6616B143BBF4C00EF3AD2 /* DiceAction.m in Sources */ = {isa = PBXBuildFile; fileRef = C6F6616A143BBF4C00EF3AD2 /* DiceAction.m */; };
		CD86D64813BB9E450005A182 /* UIKit.framework in Frameworks */ = {isa = PBXBuildFile; fileRef = CD86D64713BB9E450005A182 /* UIKit.framework */; };
		CD86D64A13BB9E450005A182 /* Foundation.framework in Frameworks */ = {isa = PBXBuildFile; fileRef = CD86D64913BB9E450005A182 /* Foundation.framework */; };
		CD86D64C13BB9E450005A182 /* CoreGraphics.framework in Frameworks */ = {isa = PBXBuildFile; fileRef = CD86D64B13BB9E450005A182 /* CoreGraphics.framework */; };
		CD86D64E13BB9E450005A182 /* CoreData.framework in Frameworks */ = {isa = PBXBuildFile; fileRef = CD86D64D13BB9E450005A182 /* CoreData.framework */; };
		CD86D71D13BBB1B60005A182 /* OpenGLES.framework in Frameworks */ = {isa = PBXBuildFile; fileRef = CD86D71C13BBB1B60005A182 /* OpenGLES.framework */; };
		CD86D71F13BBB1BB0005A182 /* QuartzCore.framework in Frameworks */ = {isa = PBXBuildFile; fileRef = CD86D71E13BBB1BA0005A182 /* QuartzCore.framework */; };
/* End PBXBuildFile section */

/* Begin PBXFileReference section */
		4D12BDD015F0FDF200265801 /* about.html */ = {isa = PBXFileReference; fileEncoding = 4; lastKnownFileType = text.html; path = about.html; sourceTree = "<group>"; };
		4D55DFF815EFB3A200829BC6 /* dice-easy.soar */ = {isa = PBXFileReference; fileEncoding = 4; lastKnownFileType = text; name = "dice-easy.soar"; path = "Soar Code/Soar Rules/dice-easy.soar"; sourceTree = "<group>"; };
		4D55DFF915EFB3A200829BC6 /* dice-harder.soar */ = {isa = PBXFileReference; fileEncoding = 4; lastKnownFileType = text; name = "dice-harder.soar"; path = "Soar Code/Soar Rules/dice-harder.soar"; sourceTree = "<group>"; };
		4D5B8150191C238900BAC1D1 /* UM Liars Dice-Prefix.pch */ = {isa = PBXFileReference; lastKnownFileType = sourcecode.c.h; path = "UM Liars Dice-Prefix.pch"; sourceTree = "<group>"; };
		4D5B8151191C23E300BAC1D1 /* UM Liars Dice-Info.plist */ = {isa = PBXFileReference; lastKnownFileType = text.plist; path = "UM Liars Dice-Info.plist"; sourceTree = "<group>"; };
		4D5B8153191C243200BAC1D1 /* main.m */ = {isa = PBXFileReference; fileEncoding = 4; lastKnownFileType = sourcecode.c.objc; path = main.m; sourceTree = "<group>"; };
		4D7501C617F0BA4E00D5DF3A /* SingleplayerView.xib */ = {isa = PBXFileReference; fileEncoding = 4; lastKnownFileType = file.xib; path = SingleplayerView.xib; sourceTree = "<group>"; };
		4D7501C817F0EC5900D5DF3A /* UIImage+ImageEffects.m */ = {isa = PBXFileReference; fileEncoding = 4; lastKnownFileType = sourcecode.c.objc; path = "UIImage+ImageEffects.m"; sourceTree = "<group>"; };
		4D7501C917F0EC5900D5DF3A /* UIImage+ImageEffects.h */ = {isa = PBXFileReference; fileEncoding = 4; lastKnownFileType = sourcecode.c.h; path = "UIImage+ImageEffects.h"; sourceTree = "<group>"; };
		4D7501CB17F0EE3200D5DF3A /* Accelerate.framework */ = {isa = PBXFileReference; lastKnownFileType = wrapper.framework; name = Accelerate.framework; path = System/Library/Frameworks/Accelerate.framework; sourceTree = SDKROOT; };
		4D82BFE8191827660071FF3B /* Center-Push@2x.png */ = {isa = PBXFileReference; lastKnownFileType = image.png; path = "Center-Push@2x.png"; sourceTree = "<group>"; };
		4D82BFEA191827700071FF3B /* Center-Push.png */ = {isa = PBXFileReference; lastKnownFileType = image.png; path = "Center-Push.png"; sourceTree = "<group>"; };
		4D956DB9160D0C1400E7A7C2 /* UM Liars Dice.entitlements */ = {isa = PBXFileReference; lastKnownFileType = text.xml; path = "UM Liars Dice.entitlements"; sourceTree = "<group>"; };
		4DA2B8471630B35900E9F8E3 /* UM Liars Dice.app */ = {isa = PBXFileReference; explicitFileType = wrapper.application; includeInIndex = 0; path = "UM Liars Dice.app"; sourceTree = BUILT_PRODUCTS_DIR; };
		4DA8DA2915E84BC800D2CED9 /* dice-hard.soar */ = {isa = PBXFileReference; fileEncoding = 4; lastKnownFileType = text; name = "dice-hard.soar"; path = "Soar Code/Soar Rules/dice-hard.soar"; sourceTree = "<group>"; };
		4DA8DA2A15E84BC800D2CED9 /* dice-hardest.soar */ = {isa = PBXFileReference; fileEncoding = 4; lastKnownFileType = text; name = "dice-hardest.soar"; path = "Soar Code/Soar Rules/dice-hardest.soar"; sourceTree = "<group>"; };
		4DA8DA2B15E84BC800D2CED9 /* dice-medium.soar */ = {isa = PBXFileReference; fileEncoding = 4; lastKnownFileType = text; name = "dice-medium.soar"; path = "Soar Code/Soar Rules/dice-medium.soar"; sourceTree = "<group>"; };
		4DB7B1DB17EB45C000CA94CE /* Images.xcassets */ = {isa = PBXFileReference; lastKnownFileType = folder.assetcatalog; name = Images.xcassets; path = "UM Liars Dice/Images.xcassets"; sourceTree = "<group>"; };
		4DBD2A5017EE089F006806D0 /* Application.xib */ = {isa = PBXFileReference; fileEncoding = 4; lastKnownFileType = file.xib; path = Application.xib; sourceTree = "<group>"; };
		4DBD2A5417EE0AA7006806D0 /* MainMenu.xib */ = {isa = PBXFileReference; fileEncoding = 4; lastKnownFileType = file.xib; path = MainMenu.xib; sourceTree = "<group>"; };
		4DBD2A5A17EE6286006806D0 /* AboutView.xib */ = {isa = PBXFileReference; fileEncoding = 4; lastKnownFileType = file.xib; path = AboutView.xib; sourceTree = "<group>"; };
		4DBD2A5C17EE6D42006806D0 /* SettingsView.xib */ = {isa = PBXFileReference; fileEncoding = 4; lastKnownFileType = file.xib; path = SettingsView.xib; sourceTree = "<group>"; };
		4DBD2A5E17EE6FC9006806D0 /* RulesView.xib */ = {isa = PBXFileReference; fileEncoding = 4; lastKnownFileType = file.xib; path = RulesView.xib; sourceTree = "<group>"; };
		4DBD2A6217EE719C006806D0 /* StatsView.xib */ = {isa = PBXFileReference; fileEncoding = 4; lastKnownFileType = file.xib; path = StatsView.xib; sourceTree = "<group>"; };
		4DBD2A6417EE76AD006806D0 /* PlayGameView.xib */ = {isa = PBXFileReference; fileEncoding = 4; lastKnownFileType = file.xib; path = PlayGameView.xib; sourceTree = "<group>"; };
		4DBD2A6617EE7B77006806D0 /* LoadingGameView.xib */ = {isa = PBXFileReference; fileEncoding = 4; lastKnownFileType = file.xib; path = LoadingGameView.xib; sourceTree = "<group>"; };
		4DBD2A6817EE7C7E006806D0 /* HistoryView.xib */ = {isa = PBXFileReference; fileEncoding = 4; lastKnownFileType = file.xib; path = HistoryView.xib; sourceTree = "<group>"; };
		4DBD2A6A17EE8172006806D0 /* RoundOverView.xib */ = {isa = PBXFileReference; fileEncoding = 4; lastKnownFileType = file.xib; path = RoundOverView.xib; sourceTree = "<group>"; };
		4DBD2A6E17EF4BD2006806D0 /* AboutView.h */ = {isa = PBXFileReference; fileEncoding = 4; lastKnownFileType = sourcecode.c.h; path = AboutView.h; sourceTree = "<group>"; };
		4DBD2A6F17EF4BD2006806D0 /* AboutView.m */ = {isa = PBXFileReference; fileEncoding = 4; lastKnownFileType = sourcecode.c.objc; path = AboutView.m; sourceTree = "<group>"; };
		4DBD2A7017EF4BD2006806D0 /* Application.h */ = {isa = PBXFileReference; fileEncoding = 4; lastKnownFileType = sourcecode.c.h; path = Application.h; sourceTree = "<group>"; };
		4DBD2A7117EF4BD2006806D0 /* Application.m */ = {isa = PBXFileReference; fileEncoding = 4; lastKnownFileType = sourcecode.c.objc; path = Application.m; sourceTree = "<group>"; };
		4DBD2A7217EF4BD2006806D0 /* ApplicationDelegate.h */ = {isa = PBXFileReference; fileEncoding = 4; lastKnownFileType = sourcecode.c.h; path = ApplicationDelegate.h; sourceTree = "<group>"; };
		4DBD2A7317EF4BD2006806D0 /* ApplicationDelegate.m */ = {isa = PBXFileReference; fileEncoding = 4; lastKnownFileType = sourcecode.c.objc; path = ApplicationDelegate.m; sourceTree = "<group>"; };
		4DBD2A7417EF4BD2006806D0 /* DiceHistoryView.h */ = {isa = PBXFileReference; fileEncoding = 4; lastKnownFileType = sourcecode.c.h; path = DiceHistoryView.h; sourceTree = "<group>"; };
		4DBD2A7517EF4BD2006806D0 /* DiceHistoryView.m */ = {isa = PBXFileReference; fileEncoding = 4; lastKnownFileType = sourcecode.c.objc; path = DiceHistoryView.m; sourceTree = "<group>"; };
		4DBD2A7617EF4BD2006806D0 /* MainMenu.h */ = {isa = PBXFileReference; fileEncoding = 4; lastKnownFileType = sourcecode.c.h; path = MainMenu.h; sourceTree = "<group>"; };
		4DBD2A7717EF4BD2006806D0 /* MainMenu.m */ = {isa = PBXFileReference; fileEncoding = 4; lastKnownFileType = sourcecode.c.objc; path = MainMenu.m; sourceTree = "<group>"; };
		4DBD2A7A17EF4BD2006806D0 /* RulesView.h */ = {isa = PBXFileReference; fileEncoding = 4; lastKnownFileType = sourcecode.c.h; path = RulesView.h; sourceTree = "<group>"; };
		4DBD2A7B17EF4BD2006806D0 /* RulesView.m */ = {isa = PBXFileReference; fileEncoding = 4; lastKnownFileType = sourcecode.c.objc; path = RulesView.m; sourceTree = "<group>"; };
		4DBD2A7C17EF4BD2006806D0 /* LoadingGameView.h */ = {isa = PBXFileReference; fileEncoding = 4; lastKnownFileType = sourcecode.c.h; path = LoadingGameView.h; sourceTree = "<group>"; };
		4DBD2A7D17EF4BD2006806D0 /* LoadingGameView.m */ = {isa = PBXFileReference; fileEncoding = 4; lastKnownFileType = sourcecode.c.objc; path = LoadingGameView.m; sourceTree = "<group>"; };
		4DBD2A7E17EF4BD2006806D0 /* PlayGame.h */ = {isa = PBXFileReference; fileEncoding = 4; lastKnownFileType = sourcecode.c.h; path = PlayGame.h; sourceTree = "<group>"; };
		4DBD2A8117EF4BD2006806D0 /* PlayGameView.h */ = {isa = PBXFileReference; fileEncoding = 4; lastKnownFileType = sourcecode.c.h; path = PlayGameView.h; sourceTree = "<group>"; };
		4DBD2A8217EF4BD2006806D0 /* PlayGameView.m */ = {isa = PBXFileReference; fileEncoding = 4; lastKnownFileType = sourcecode.c.objc; path = PlayGameView.m; sourceTree = "<group>"; };
		4DBD2A8317EF4BD2006806D0 /* StatsView.h */ = {isa = PBXFileReference; fileEncoding = 4; lastKnownFileType = sourcecode.c.h; path = StatsView.h; sourceTree = "<group>"; };
		4DBD2A8417EF4BD2006806D0 /* StatsView.m */ = {isa = PBXFileReference; fileEncoding = 4; lastKnownFileType = sourcecode.c.objc; path = StatsView.m; sourceTree = "<group>"; };
		4DBD2A8517EF4BD2006806D0 /* RoundOverView.h */ = {isa = PBXFileReference; fileEncoding = 4; lastKnownFileType = sourcecode.c.h; path = RoundOverView.h; sourceTree = "<group>"; };
		4DBD2A8617EF4BD2006806D0 /* RoundOverView.m */ = {isa = PBXFileReference; fileEncoding = 4; lastKnownFileType = sourcecode.c.objc; path = RoundOverView.m; sourceTree = "<group>"; };
		4DBD2A8717EF4BD2006806D0 /* SettingsView.h */ = {isa = PBXFileReference; fileEncoding = 4; lastKnownFileType = sourcecode.c.h; path = SettingsView.h; sourceTree = "<group>"; };
		4DBD2A8817EF4BD2006806D0 /* SettingsView.m */ = {isa = PBXFileReference; fileEncoding = 4; lastKnownFileType = sourcecode.c.objc; path = SettingsView.m; sourceTree = "<group>"; };
		4DC1AF4F1919544B007CE062 /* MultiplayerViewiPad.xib */ = {isa = PBXFileReference; fileEncoding = 4; lastKnownFileType = file.xib; path = MultiplayerViewiPad.xib; sourceTree = "<group>"; };
		4DC1AF5219195B05007CE062 /* ScrollRightArrow.png */ = {isa = PBXFileReference; lastKnownFileType = image.png; path = ScrollRightArrow.png; sourceTree = "<group>"; };
		4DC1AF5719195C3D007CE062 /* MultiplayerView.xib */ = {isa = PBXFileReference; fileEncoding = 4; lastKnownFileType = file.xib; path = MultiplayerView.xib; sourceTree = "<group>"; };
		4DC1AF5919195D9C007CE062 /* JoinMatchView.xib */ = {isa = PBXFileReference; fileEncoding = 4; lastKnownFileType = file.xib; path = JoinMatchView.xib; sourceTree = "<group>"; };
		4DC1AF60191961C1007CE062 /* JoinMatchView.h */ = {isa = PBXFileReference; fileEncoding = 4; lastKnownFileType = sourcecode.c.h; path = JoinMatchView.h; sourceTree = "<group>"; };
		4DC1AF61191961C1007CE062 /* JoinMatchView.m */ = {isa = PBXFileReference; fileEncoding = 4; lastKnownFileType = sourcecode.c.objc; path = JoinMatchView.m; sourceTree = "<group>"; };
		4DC1AF78191A75AD007CE062 /* MultiplayerMatchData.h */ = {isa = PBXFileReference; fileEncoding = 4; lastKnownFileType = sourcecode.c.h; path = MultiplayerMatchData.h; sourceTree = "<group>"; };
		4DC1AF79191A75AD007CE062 /* MultiplayerMatchData.m */ = {isa = PBXFileReference; fileEncoding = 4; lastKnownFileType = sourcecode.c.objc; path = MultiplayerMatchData.m; sourceTree = "<group>"; };
		4DC1AF7B191BD409007CE062 /* GameKitListener.h */ = {isa = PBXFileReference; fileEncoding = 4; lastKnownFileType = sourcecode.c.h; path = GameKitListener.h; sourceTree = "<group>"; };
		4DC1AF7C191BD409007CE062 /* GameKitListener.m */ = {isa = PBXFileReference; fileEncoding = 4; lastKnownFileType = sourcecode.c.objc; path = GameKitListener.m; sourceTree = "<group>"; };
		4DC1AF7E191BD84F007CE062 /* GameKitGameHandler.h */ = {isa = PBXFileReference; fileEncoding = 4; lastKnownFileType = sourcecode.c.h; path = GameKitGameHandler.h; sourceTree = "<group>"; };
		4DC1AF7F191BD84F007CE062 /* GameKitGameHandler.m */ = {isa = PBXFileReference; fileEncoding = 4; lastKnownFileType = sourcecode.c.objc; path = GameKitGameHandler.m; sourceTree = "<group>"; };
		4DC1BE411878A694007A17D3 /* GameKit.framework */ = {isa = PBXFileReference; lastKnownFileType = wrapper.framework; name = GameKit.framework; path = System/Library/Frameworks/GameKit.framework; sourceTree = SDKROOT; };
		4DC66D9C1913FB2800A7FF0D /* MainMenuiPad.xib */ = {isa = PBXFileReference; fileEncoding = 4; lastKnownFileType = file.xib; path = MainMenuiPad.xib; sourceTree = "<group>"; };
		4DC66D9E1913FEC700A7FF0D /* ApplicationiPad.xib */ = {isa = PBXFileReference; fileEncoding = 4; lastKnownFileType = file.xib; path = ApplicationiPad.xib; sourceTree = "<group>"; };
		4DC66DA01914023700A7FF0D /* AboutViewiPad.xib */ = {isa = PBXFileReference; fileEncoding = 4; lastKnownFileType = file.xib; path = AboutViewiPad.xib; sourceTree = "<group>"; };
		4DC66DA11914023700A7FF0D /* HistoryViewiPad.xib */ = {isa = PBXFileReference; fileEncoding = 4; lastKnownFileType = file.xib; path = HistoryViewiPad.xib; sourceTree = "<group>"; };
		4DC66DA21914023700A7FF0D /* LoadingGameViewiPad.xib */ = {isa = PBXFileReference; fileEncoding = 4; lastKnownFileType = file.xib; path = LoadingGameViewiPad.xib; sourceTree = "<group>"; };
		4DC66DA31914023700A7FF0D /* PlayGameViewiPad.xib */ = {isa = PBXFileReference; fileEncoding = 4; lastKnownFileType = file.xib; path = PlayGameViewiPad.xib; sourceTree = "<group>"; };
		4DC66DA41914023700A7FF0D /* RoundOverViewiPad.xib */ = {isa = PBXFileReference; fileEncoding = 4; lastKnownFileType = file.xib; path = RoundOverViewiPad.xib; sourceTree = "<group>"; };
		4DC66DA51914023700A7FF0D /* RulesViewiPad.xib */ = {isa = PBXFileReference; fileEncoding = 4; lastKnownFileType = file.xib; path = RulesViewiPad.xib; sourceTree = "<group>"; };
		4DC66DA61914023700A7FF0D /* SettingsViewiPad.xib */ = {isa = PBXFileReference; fileEncoding = 4; lastKnownFileType = file.xib; path = SettingsViewiPad.xib; sourceTree = "<group>"; };
		4DC66DA71914023700A7FF0D /* SingleplayerViewiPad.xib */ = {isa = PBXFileReference; fileEncoding = 4; lastKnownFileType = file.xib; path = SingleplayerViewiPad.xib; sourceTree = "<group>"; };
		4DC66DA81914023700A7FF0D /* StatsViewiPad.xib */ = {isa = PBXFileReference; fileEncoding = 4; lastKnownFileType = file.xib; path = StatsViewiPad.xib; sourceTree = "<group>"; };
		4DD146E017F0B8CF000A4A4E /* SingleplayerView.h */ = {isa = PBXFileReference; fileEncoding = 4; lastKnownFileType = sourcecode.c.h; path = SingleplayerView.h; sourceTree = "<group>"; };
		4DD146E117F0B8CF000A4A4E /* SingleplayerView.m */ = {isa = PBXFileReference; fileEncoding = 4; lastKnownFileType = sourcecode.c.objc; path = SingleplayerView.m; sourceTree = "<group>"; };
		4DD146E317F0B8E5000A4A4E /* MultiplayerView.h */ = {isa = PBXFileReference; fileEncoding = 4; lastKnownFileType = sourcecode.c.h; path = MultiplayerView.h; sourceTree = "<group>"; };
		4DD146E417F0B8E5000A4A4E /* MultiplayerView.m */ = {isa = PBXFileReference; fileEncoding = 4; lastKnownFileType = sourcecode.c.objc; path = MultiplayerView.m; sourceTree = "<group>"; };
		4DDA885813FD9C35008D3900 /* SystemConfiguration.framework */ = {isa = PBXFileReference; lastKnownFileType = wrapper.framework; name = SystemConfiguration.framework; path = System/Library/Frameworks/SystemConfiguration.framework; sourceTree = SDKROOT; };
		4DDA885A13FDA1F2008D3900 /* CoreFoundation.framework */ = {isa = PBXFileReference; lastKnownFileType = wrapper.framework; name = CoreFoundation.framework; path = System/Library/Frameworks/CoreFoundation.framework; sourceTree = SDKROOT; };
		C6031A571550B33A00186B8E /* default */ = {isa = PBXFileReference; lastKnownFileType = folder; name = default; path = "Soar Code/Soar Rules/default"; sourceTree = "<group>"; };
		C6031A581550B33A00186B8E /* dice */ = {isa = PBXFileReference; lastKnownFileType = folder; name = dice; path = "Soar Code/Soar Rules/dice"; sourceTree = "<group>"; };
		C6031A5A1550B33A00186B8E /* dice-model-bot-new.soar */ = {isa = PBXFileReference; fileEncoding = 4; lastKnownFileType = text; name = "dice-model-bot-new.soar"; path = "Soar Code/Soar Rules/dice-model-bot-new.soar"; sourceTree = "<group>"; };
		C6031A5B1550B33A00186B8E /* dice-p0-m0-c0.soar */ = {isa = PBXFileReference; fileEncoding = 4; lastKnownFileType = text; name = "dice-p0-m0-c0.soar"; path = "Soar Code/Soar Rules/dice-p0-m0-c0.soar"; sourceTree = "<group>"; };
		C6031A5C1550B33A00186B8E /* dice-p0-m1-c0.soar */ = {isa = PBXFileReference; fileEncoding = 4; lastKnownFileType = text; name = "dice-p0-m1-c0.soar"; path = "Soar Code/Soar Rules/dice-p0-m1-c0.soar"; sourceTree = "<group>"; };
		C6031A5D1550B33A00186B8E /* dice-p1-m1-c0.soar */ = {isa = PBXFileReference; fileEncoding = 4; lastKnownFileType = text; name = "dice-p1-m1-c0.soar"; path = "Soar Code/Soar Rules/dice-p1-m1-c0.soar"; sourceTree = "<group>"; };
		C6031A5E1550B33A00186B8E /* dice-rl */ = {isa = PBXFileReference; lastKnownFileType = folder; name = "dice-rl"; path = "Soar Code/Soar Rules/dice-rl"; sourceTree = "<group>"; };
		C6031A5F1550B33A00186B8E /* dice-rl.soar */ = {isa = PBXFileReference; fileEncoding = 4; lastKnownFileType = text; name = "dice-rl.soar"; path = "Soar Code/Soar Rules/dice-rl.soar"; sourceTree = "<group>"; };
		C6031A601550B33A00186B8E /* dice-rl.vsa */ = {isa = PBXFileReference; fileEncoding = 4; lastKnownFileType = text; name = "dice-rl.vsa"; path = "Soar Code/Soar Rules/dice-rl.vsa"; sourceTree = "<group>"; };
		C6031A611550B33A00186B8E /* dice.soar */ = {isa = PBXFileReference; fileEncoding = 4; lastKnownFileType = text; name = dice.soar; path = "Soar Code/Soar Rules/dice.soar"; sourceTree = "<group>"; };
		C6031A621550B33A00186B8E /* dice.vsa */ = {isa = PBXFileReference; fileEncoding = 4; lastKnownFileType = text; name = dice.vsa; path = "Soar Code/Soar Rules/dice.vsa"; sourceTree = "<group>"; };
		C6031A631550B33A00186B8E /* improvements.soar */ = {isa = PBXFileReference; fileEncoding = 4; lastKnownFileType = text; name = improvements.soar; path = "Soar Code/Soar Rules/improvements.soar"; sourceTree = "<group>"; };
		C61DD32A1550659E0049A84C /* Lair_s_Dice.xcdatamodel */ = {isa = PBXFileReference; lastKnownFileType = wrapper.xcdatamodel; path = Lair_s_Dice.xcdatamodel; sourceTree = "<group>"; };
		C61F629E1552D6660065D8BB /* database.db */ = {isa = PBXFileReference; lastKnownFileType = file; name = database.db; path = sql/database.db; sourceTree = "<group>"; };
		C61F629F1552D6870065D8BB /* DiceDatabase.h */ = {isa = PBXFileReference; fileEncoding = 4; lastKnownFileType = sourcecode.c.h; path = DiceDatabase.h; sourceTree = "<group>"; };
		C61F62A01552D6870065D8BB /* DiceDatabase.m */ = {isa = PBXFileReference; fileEncoding = 4; lastKnownFileType = sourcecode.c.objc; path = DiceDatabase.m; sourceTree = "<group>"; };
		C61F62A61552DFE20065D8BB /* GameRecord.h */ = {isa = PBXFileReference; fileEncoding = 4; lastKnownFileType = sourcecode.c.h; path = GameRecord.h; sourceTree = "<group>"; };
		C61F62A71552DFE20065D8BB /* GameRecord.m */ = {isa = PBXFileReference; fileEncoding = 4; lastKnownFileType = sourcecode.c.objc; path = GameRecord.m; sourceTree = "<group>"; };
		C642BD8915542FB000643A5B /* dice-model-bot-new */ = {isa = PBXFileReference; lastKnownFileType = folder; name = "dice-model-bot-new"; path = "Soar Code/Soar Rules/dice-model-bot-new"; sourceTree = "<group>"; };
		C642BD8B155430F300643A5B /* dice-model-bot-new-old */ = {isa = PBXFileReference; lastKnownFileType = folder; name = "dice-model-bot-new-old"; path = "Soar Code/Soar Rules/dice-model-bot-new-old"; sourceTree = "<group>"; };
		C642BD8D1554348800643A5B /* dice-p1-m0-c0.soar */ = {isa = PBXFileReference; fileEncoding = 4; lastKnownFileType = text; name = "dice-p1-m0-c0.soar"; path = "Soar Code/Soar Rules/dice-p1-m0-c0.soar"; sourceTree = "<group>"; };
		C680896B154F56CF0068E477 /* die-1.png */ = {isa = PBXFileReference; lastKnownFileType = image.png; path = "die-1.png"; sourceTree = "<group>"; };
		C680896C154F56CF0068E477 /* die-2.png */ = {isa = PBXFileReference; lastKnownFileType = image.png; path = "die-2.png"; sourceTree = "<group>"; };
		C680896D154F56CF0068E477 /* die-3.png */ = {isa = PBXFileReference; lastKnownFileType = image.png; path = "die-3.png"; sourceTree = "<group>"; };
		C680896E154F56CF0068E477 /* die-4.png */ = {isa = PBXFileReference; lastKnownFileType = image.png; path = "die-4.png"; sourceTree = "<group>"; };
		C680896F154F56CF0068E477 /* die-5.png */ = {isa = PBXFileReference; lastKnownFileType = image.png; path = "die-5.png"; sourceTree = "<group>"; };
		C6808970154F56CF0068E477 /* die-6.png */ = {isa = PBXFileReference; lastKnownFileType = image.png; path = "die-6.png"; sourceTree = "<group>"; };
		C6808971154F56CF0068E477 /* die-unknown.png */ = {isa = PBXFileReference; lastKnownFileType = image.png; path = "die-unknown.png"; sourceTree = "<group>"; };
		C68C287F15CB229C00EB07B7 /* dice-agent-new.soar */ = {isa = PBXFileReference; fileEncoding = 4; lastKnownFileType = text; name = "dice-agent-new.soar"; path = "Soar Code/Soar Rules/dice-agent-new.soar"; sourceTree = "<group>"; };
		C68C288215CB22A400EB07B7 /* dice-agent-p */ = {isa = PBXFileReference; lastKnownFileType = folder; name = "dice-agent-p"; path = "Soar Code/Soar Rules/dice-agent-p"; sourceTree = "<group>"; };
		C68C288415CB22AC00EB07B7 /* dice-pmh.soar */ = {isa = PBXFileReference; fileEncoding = 4; lastKnownFileType = text; name = "dice-pmh.soar"; path = "Soar Code/Soar Rules/dice-pmh.soar"; sourceTree = "<group>"; };
		C690D5AE152CD60500AC3020 /* DiceGraphics.h */ = {isa = PBXFileReference; fileEncoding = 4; lastKnownFileType = sourcecode.c.h; path = DiceGraphics.h; sourceTree = "<group>"; };
		C690D5AF152CD60500AC3020 /* DiceGraphics.m */ = {isa = PBXFileReference; fileEncoding = 4; lastKnownFileType = sourcecode.c.objc; path = DiceGraphics.m; sourceTree = "<group>"; };
		C695183A154F9F9400BD15DA /* rules.html */ = {isa = PBXFileReference; fileEncoding = 4; lastKnownFileType = text.html; path = rules.html; sourceTree = "<group>"; };
		C6951846155045E900BD15DA /* Lair_s_Dice.xcdatamodel */ = {isa = PBXFileReference; lastKnownFileType = wrapper.xcdatamodel; path = Lair_s_Dice.xcdatamodel; sourceTree = "<group>"; };
		C6BA376E143D18C2001E6A6D /* Bid.h */ = {isa = PBXFileReference; fileEncoding = 4; lastKnownFileType = sourcecode.c.h; path = Bid.h; sourceTree = "<group>"; };
		C6BA376F143D18C2001E6A6D /* Bid.m */ = {isa = PBXFileReference; fileEncoding = 4; lastKnownFileType = sourcecode.c.objc; path = Bid.m; sourceTree = "<group>"; };
		C6BA3770143D18C2001E6A6D /* DiceGameState.h */ = {isa = PBXFileReference; fileEncoding = 4; lastKnownFileType = sourcecode.c.h; path = DiceGameState.h; sourceTree = "<group>"; };
		C6BA3771143D18C2001E6A6D /* DiceGameState.m */ = {isa = PBXFileReference; fileEncoding = 4; lastKnownFileType = sourcecode.c.objc; path = DiceGameState.m; sourceTree = "<group>"; };
		C6BA3772143D18C2001E6A6D /* Die.h */ = {isa = PBXFileReference; fileEncoding = 4; lastKnownFileType = sourcecode.c.h; path = Die.h; sourceTree = "<group>"; };
		C6BA3773143D18C2001E6A6D /* Die.m */ = {isa = PBXFileReference; fileEncoding = 4; lastKnownFileType = sourcecode.c.objc; path = Die.m; sourceTree = "<group>"; };
		C6BA3774143D18C2001E6A6D /* HistoryItem.h */ = {isa = PBXFileReference; fileEncoding = 4; lastKnownFileType = sourcecode.c.h; path = HistoryItem.h; sourceTree = "<group>"; };
		C6BA3775143D18C2001E6A6D /* HistoryItem.m */ = {isa = PBXFileReference; fileEncoding = 4; lastKnownFileType = sourcecode.c.objc; path = HistoryItem.m; sourceTree = "<group>"; };
		C6BA3776143D18C2001E6A6D /* PlayerState.h */ = {isa = PBXFileReference; fileEncoding = 4; lastKnownFileType = sourcecode.c.h; path = PlayerState.h; sourceTree = "<group>"; };
		C6BA3777143D18C2001E6A6D /* PlayerState.m */ = {isa = PBXFileReference; fileEncoding = 4; lastKnownFileType = sourcecode.c.objc; path = PlayerState.m; sourceTree = "<group>"; };
		C6BA377D143D18CF001E6A6D /* SoarPlayer.h */ = {isa = PBXFileReference; fileEncoding = 4; lastKnownFileType = sourcecode.c.h; path = SoarPlayer.h; sourceTree = "<group>"; };
		C6BA377E143D18CF001E6A6D /* SoarPlayer.mm */ = {isa = PBXFileReference; fileEncoding = 4; lastKnownFileType = sourcecode.cpp.objcpp; path = SoarPlayer.mm; sourceTree = "<group>"; };
		C6BA3783143DF87A001E6A6D /* Player.h */ = {isa = PBXFileReference; fileEncoding = 4; lastKnownFileType = sourcecode.c.h; path = Player.h; sourceTree = "<group>"; };
		C6C636BD15263648004C4A70 /* DiceTypes.h */ = {isa = PBXFileReference; fileEncoding = 4; lastKnownFileType = sourcecode.c.h; path = DiceTypes.h; sourceTree = "<group>"; };
		C6F66151143BA95300EF3AD2 /* DiceGame.h */ = {isa = PBXFileReference; fileEncoding = 4; lastKnownFileType = sourcecode.c.h; path = DiceGame.h; sourceTree = "<group>"; };
		C6F66152143BA95300EF3AD2 /* DiceGame.m */ = {isa = PBXFileReference; fileEncoding = 4; lastKnownFileType = sourcecode.c.objc; path = DiceGame.m; sourceTree = "<group>"; };
		C6F6615A143BA9A100EF3AD2 /* DiceLocalPlayer.h */ = {isa = PBXFileReference; fileEncoding = 4; lastKnownFileType = sourcecode.c.h; path = DiceLocalPlayer.h; sourceTree = "<group>"; };
		C6F6615B143BA9A100EF3AD2 /* DiceLocalPlayer.m */ = {isa = PBXFileReference; fileEncoding = 4; lastKnownFileType = sourcecode.c.objc; path = DiceLocalPlayer.m; sourceTree = "<group>"; };
		C6F6615D143BA9B300EF3AD2 /* DiceRemotePlayer.h */ = {isa = PBXFileReference; fileEncoding = 4; lastKnownFileType = sourcecode.c.h; path = DiceRemotePlayer.h; sourceTree = "<group>"; };
		C6F6615E143BA9B300EF3AD2 /* DiceRemotePlayer.m */ = {isa = PBXFileReference; fileEncoding = 4; lastKnownFileType = sourcecode.c.objc; path = DiceRemotePlayer.m; sourceTree = "<group>"; };
		C6F66169143BBF4C00EF3AD2 /* DiceAction.h */ = {isa = PBXFileReference; fileEncoding = 4; lastKnownFileType = sourcecode.c.h; path = DiceAction.h; sourceTree = "<group>"; };
		C6F6616A143BBF4C00EF3AD2 /* DiceAction.m */ = {isa = PBXFileReference; fileEncoding = 4; lastKnownFileType = sourcecode.c.objc; path = DiceAction.m; sourceTree = "<group>"; };
		CD86D64713BB9E450005A182 /* UIKit.framework */ = {isa = PBXFileReference; lastKnownFileType = wrapper.framework; name = UIKit.framework; path = System/Library/Frameworks/UIKit.framework; sourceTree = SDKROOT; };
		CD86D64913BB9E450005A182 /* Foundation.framework */ = {isa = PBXFileReference; lastKnownFileType = wrapper.framework; name = Foundation.framework; path = System/Library/Frameworks/Foundation.framework; sourceTree = SDKROOT; };
		CD86D64B13BB9E450005A182 /* CoreGraphics.framework */ = {isa = PBXFileReference; lastKnownFileType = wrapper.framework; name = CoreGraphics.framework; path = System/Library/Frameworks/CoreGraphics.framework; sourceTree = SDKROOT; };
		CD86D64D13BB9E450005A182 /* CoreData.framework */ = {isa = PBXFileReference; lastKnownFileType = wrapper.framework; name = CoreData.framework; path = System/Library/Frameworks/CoreData.framework; sourceTree = SDKROOT; };
		CD86D71C13BBB1B60005A182 /* OpenGLES.framework */ = {isa = PBXFileReference; lastKnownFileType = wrapper.framework; name = OpenGLES.framework; path = System/Library/Frameworks/OpenGLES.framework; sourceTree = SDKROOT; };
		CD86D71E13BBB1BA0005A182 /* QuartzCore.framework */ = {isa = PBXFileReference; lastKnownFileType = wrapper.framework; name = QuartzCore.framework; path = System/Library/Frameworks/QuartzCore.framework; sourceTree = SDKROOT; };
/* End PBXFileReference section */

/* Begin PBXFrameworksBuildPhase section */
		CD86D64013BB9E450005A182 /* Frameworks */ = {
			isa = PBXFrameworksBuildPhase;
			buildActionMask = 2147483647;
			files = (
				4D7501CC17F0EE3200D5DF3A /* Accelerate.framework in Frameworks */,
				4DDA885B13FDA1F2008D3900 /* CoreFoundation.framework in Frameworks */,
				4DDA885913FD9C35008D3900 /* SystemConfiguration.framework in Frameworks */,
				CD86D71F13BBB1BB0005A182 /* QuartzCore.framework in Frameworks */,
				CD86D71D13BBB1B60005A182 /* OpenGLES.framework in Frameworks */,
				CD86D64813BB9E450005A182 /* UIKit.framework in Frameworks */,
				CD86D64A13BB9E450005A182 /* Foundation.framework in Frameworks */,
				CD86D64C13BB9E450005A182 /* CoreGraphics.framework in Frameworks */,
				CD86D64E13BB9E450005A182 /* CoreData.framework in Frameworks */,
				4DC1BE421878A694007A17D3 /* GameKit.framework in Frameworks */,
			);
			runOnlyForDeploymentPostprocessing = 0;
		};
/* End PBXFrameworksBuildPhase section */

/* Begin PBXGroup section */
		4DBD2A4D17EE0870006806D0 /* ui-iOS7 */ = {
			isa = PBXGroup;
			children = (
				4DC66D851913FA1000A7FF0D /* iPad-XIBs */,
				4DBD2A6D17EF4AD3006806D0 /* UI Source */,
				4DBD2A4F17EE0890006806D0 /* iPhone-XIBs */,
			);
			path = "ui-iOS7";
			sourceTree = "<group>";
		};
		4DBD2A4F17EE0890006806D0 /* iPhone-XIBs */ = {
			isa = PBXGroup;
			children = (
				4DBD2A5E17EE6FC9006806D0 /* RulesView.xib */,
				4DBD2A5017EE089F006806D0 /* Application.xib */,
				4DBD2A5417EE0AA7006806D0 /* MainMenu.xib */,
				4DBD2A5A17EE6286006806D0 /* AboutView.xib */,
				4DBD2A5C17EE6D42006806D0 /* SettingsView.xib */,
				4DBD2A6217EE719C006806D0 /* StatsView.xib */,
				4DBD2A6417EE76AD006806D0 /* PlayGameView.xib */,
				4DBD2A6617EE7B77006806D0 /* LoadingGameView.xib */,
				4DBD2A6817EE7C7E006806D0 /* HistoryView.xib */,
				4DBD2A6A17EE8172006806D0 /* RoundOverView.xib */,
				4D7501C617F0BA4E00D5DF3A /* SingleplayerView.xib */,
				4DC1AF5719195C3D007CE062 /* MultiplayerView.xib */,
				4DC1AF5919195D9C007CE062 /* JoinMatchView.xib */,
			);
			path = "iPhone-XIBs";
			sourceTree = "<group>";
		};
		4DBD2A6D17EF4AD3006806D0 /* UI Source */ = {
			isa = PBXGroup;
			children = (
				4D7501C817F0EC5900D5DF3A /* UIImage+ImageEffects.m */,
				4D7501C917F0EC5900D5DF3A /* UIImage+ImageEffects.h */,
				4DD146DF17F0B8AB000A4A4E /* Multiplayer */,
				4DD146DE17F0B8A6000A4A4E /* SingleplayerView */,
				4DBD2A9617EF4BF8006806D0 /* AboutView */,
				4DBD2A9717EF4C07006806D0 /* Application */,
				4DBD2A9817EF4C14006806D0 /* HistoryView */,
				4DBD2A9917EF4C1C006806D0 /* MainMenu */,
				4DBD2A9A17EF4C64006806D0 /* RulesView */,
				4DBD2A9B17EF4C6C006806D0 /* LoadingGameView */,
				4DBD2A9C17EF4C7D006806D0 /* PlayGameView */,
				4DBD2A9D17EF4C85006806D0 /* StatsView */,
				4DBD2A9E17EF4C8B006806D0 /* SettingsView */,
			);
			path = "UI Source";
			sourceTree = "<group>";
		};
		4DBD2A9617EF4BF8006806D0 /* AboutView */ = {
			isa = PBXGroup;
			children = (
				4DBD2A6E17EF4BD2006806D0 /* AboutView.h */,
				4DBD2A6F17EF4BD2006806D0 /* AboutView.m */,
			);
			name = AboutView;
			sourceTree = "<group>";
		};
		4DBD2A9717EF4C07006806D0 /* Application */ = {
			isa = PBXGroup;
			children = (
				4DBD2A7017EF4BD2006806D0 /* Application.h */,
				4DBD2A7117EF4BD2006806D0 /* Application.m */,
				4DBD2A7217EF4BD2006806D0 /* ApplicationDelegate.h */,
				4DBD2A7317EF4BD2006806D0 /* ApplicationDelegate.m */,
			);
			name = Application;
			sourceTree = "<group>";
		};
		4DBD2A9817EF4C14006806D0 /* HistoryView */ = {
			isa = PBXGroup;
			children = (
				4DBD2A7417EF4BD2006806D0 /* DiceHistoryView.h */,
				4DBD2A7517EF4BD2006806D0 /* DiceHistoryView.m */,
			);
			name = HistoryView;
			sourceTree = "<group>";
		};
		4DBD2A9917EF4C1C006806D0 /* MainMenu */ = {
			isa = PBXGroup;
			children = (
				4DBD2A7617EF4BD2006806D0 /* MainMenu.h */,
				4DBD2A7717EF4BD2006806D0 /* MainMenu.m */,
			);
			name = MainMenu;
			sourceTree = "<group>";
		};
		4DBD2A9A17EF4C64006806D0 /* RulesView */ = {
			isa = PBXGroup;
			children = (
				4DBD2A7A17EF4BD2006806D0 /* RulesView.h */,
				4DBD2A7B17EF4BD2006806D0 /* RulesView.m */,
			);
			name = RulesView;
			sourceTree = "<group>";
		};
		4DBD2A9B17EF4C6C006806D0 /* LoadingGameView */ = {
			isa = PBXGroup;
			children = (
				4DBD2A7C17EF4BD2006806D0 /* LoadingGameView.h */,
				4DBD2A7D17EF4BD2006806D0 /* LoadingGameView.m */,
			);
			name = LoadingGameView;
			sourceTree = "<group>";
		};
		4DBD2A9C17EF4C7D006806D0 /* PlayGameView */ = {
			isa = PBXGroup;
			children = (
				4DBD2A7E17EF4BD2006806D0 /* PlayGame.h */,
				4DBD2A8117EF4BD2006806D0 /* PlayGameView.h */,
				4DBD2A8217EF4BD2006806D0 /* PlayGameView.m */,
				4DBD2A8517EF4BD2006806D0 /* RoundOverView.h */,
				4DBD2A8617EF4BD2006806D0 /* RoundOverView.m */,
			);
			name = PlayGameView;
			sourceTree = "<group>";
		};
		4DBD2A9D17EF4C85006806D0 /* StatsView */ = {
			isa = PBXGroup;
			children = (
				4DBD2A8317EF4BD2006806D0 /* StatsView.h */,
				4DBD2A8417EF4BD2006806D0 /* StatsView.m */,
			);
			name = StatsView;
			sourceTree = "<group>";
		};
		4DBD2A9E17EF4C8B006806D0 /* SettingsView */ = {
			isa = PBXGroup;
			children = (
				4DBD2A8717EF4BD2006806D0 /* SettingsView.h */,
				4DBD2A8817EF4BD2006806D0 /* SettingsView.m */,
			);
			name = SettingsView;
			sourceTree = "<group>";
		};
		4DC66D851913FA1000A7FF0D /* iPad-XIBs */ = {
			isa = PBXGroup;
			children = (
				4DC66DA01914023700A7FF0D /* AboutViewiPad.xib */,
				4DC66DA11914023700A7FF0D /* HistoryViewiPad.xib */,
				4DC66DA21914023700A7FF0D /* LoadingGameViewiPad.xib */,
				4DC66DA31914023700A7FF0D /* PlayGameViewiPad.xib */,
				4DC66DA41914023700A7FF0D /* RoundOverViewiPad.xib */,
				4DC66DA51914023700A7FF0D /* RulesViewiPad.xib */,
				4DC66DA61914023700A7FF0D /* SettingsViewiPad.xib */,
				4DC66DA71914023700A7FF0D /* SingleplayerViewiPad.xib */,
				4DC66DA81914023700A7FF0D /* StatsViewiPad.xib */,
				4DC66D9C1913FB2800A7FF0D /* MainMenuiPad.xib */,
				4DC66D9E1913FEC700A7FF0D /* ApplicationiPad.xib */,
				4DC1AF4F1919544B007CE062 /* MultiplayerViewiPad.xib */,
			);
			path = "iPad-XIBs";
			sourceTree = "<group>";
		};
		4DD146DE17F0B8A6000A4A4E /* SingleplayerView */ = {
			isa = PBXGroup;
			children = (
				4DD146E017F0B8CF000A4A4E /* SingleplayerView.h */,
				4DD146E117F0B8CF000A4A4E /* SingleplayerView.m */,
			);
			name = SingleplayerView;
			sourceTree = "<group>";
		};
		4DD146DF17F0B8AB000A4A4E /* Multiplayer */ = {
			isa = PBXGroup;
			children = (
				4DD146E317F0B8E5000A4A4E /* MultiplayerView.h */,
				4DD146E417F0B8E5000A4A4E /* MultiplayerView.m */,
				4DC1AF60191961C1007CE062 /* JoinMatchView.h */,
				4DC1AF61191961C1007CE062 /* JoinMatchView.m */,
				4DC1AF78191A75AD007CE062 /* MultiplayerMatchData.h */,
				4DC1AF79191A75AD007CE062 /* MultiplayerMatchData.m */,
			);
			name = Multiplayer;
			sourceTree = "<group>";
		};
		C6031A561550B32E00186B8E /* Soar Rules */ = {
			isa = PBXGroup;
			children = (
				C68C288415CB22AC00EB07B7 /* dice-pmh.soar */,
				C68C288215CB22A400EB07B7 /* dice-agent-p */,
				C68C287F15CB229C00EB07B7 /* dice-agent-new.soar */,
				4D55DFF815EFB3A200829BC6 /* dice-easy.soar */,
				4DA8DA2915E84BC800D2CED9 /* dice-hard.soar */,
				4D55DFF915EFB3A200829BC6 /* dice-harder.soar */,
				4DA8DA2A15E84BC800D2CED9 /* dice-hardest.soar */,
				4DA8DA2B15E84BC800D2CED9 /* dice-medium.soar */,
				C642BD8B155430F300643A5B /* dice-model-bot-new-old */,
				C642BD8915542FB000643A5B /* dice-model-bot-new */,
				C6031A571550B33A00186B8E /* default */,
				C6031A581550B33A00186B8E /* dice */,
				C6031A5A1550B33A00186B8E /* dice-model-bot-new.soar */,
				C642BD8D1554348800643A5B /* dice-p1-m0-c0.soar */,
				C6031A5B1550B33A00186B8E /* dice-p0-m0-c0.soar */,
				C6031A5C1550B33A00186B8E /* dice-p0-m1-c0.soar */,
				C6031A5D1550B33A00186B8E /* dice-p1-m1-c0.soar */,
				C6031A5E1550B33A00186B8E /* dice-rl */,
				C6031A5F1550B33A00186B8E /* dice-rl.soar */,
				C6031A601550B33A00186B8E /* dice-rl.vsa */,
				C6031A611550B33A00186B8E /* dice.soar */,
				C6031A621550B33A00186B8E /* dice.vsa */,
				C6031A631550B33A00186B8E /* improvements.soar */,
			);
			name = "Soar Rules";
			sourceTree = "<group>";
		};
		C61F629C1552D6060065D8BB /* Database */ = {
			isa = PBXGroup;
			children = (
				C61F629E1552D6660065D8BB /* database.db */,
			);
			name = Database;
			sourceTree = "<group>";
		};
		C61F62A21552DFB80065D8BB /* Database */ = {
			isa = PBXGroup;
			children = (
				C61F629F1552D6870065D8BB /* DiceDatabase.h */,
				C61F62A01552D6870065D8BB /* DiceDatabase.m */,
				C61F62A61552DFE20065D8BB /* GameRecord.h */,
				C61F62A71552DFE20065D8BB /* GameRecord.m */,
			);
			name = Database;
			sourceTree = "<group>";
		};
		C690D57D152CD5ED00AC3020 /* Graphics */ = {
			isa = PBXGroup;
			children = (
				C680896B154F56CF0068E477 /* die-1.png */,
				C680896C154F56CF0068E477 /* die-2.png */,
				C680896D154F56CF0068E477 /* die-3.png */,
				C680896E154F56CF0068E477 /* die-4.png */,
				C680896F154F56CF0068E477 /* die-5.png */,
				C6808970154F56CF0068E477 /* die-6.png */,
				C6808971154F56CF0068E477 /* die-unknown.png */,
				4D82BFEA191827700071FF3B /* Center-Push.png */,
				4D82BFE8191827660071FF3B /* Center-Push@2x.png */,
				4DC1AF5219195B05007CE062 /* ScrollRightArrow.png */,
			);
			path = Graphics;
			sourceTree = "<group>";
		};
		C6951839154F9F9300BD15DA /* html */ = {
			isa = PBXGroup;
			children = (
				4D12BDD015F0FDF200265801 /* about.html */,
				C695183A154F9F9400BD15DA /* rules.html */,
			);
			path = html;
			sourceTree = "<group>";
		};
		C6951844155045D900BD15DA /* Supporting Files */ = {
			isa = PBXGroup;
			children = (
				4D5B8153191C243200BAC1D1 /* main.m */,
				4D5B8150191C238900BAC1D1 /* UM Liars Dice-Prefix.pch */,
				4D5B8151191C23E300BAC1D1 /* UM Liars Dice-Info.plist */,
				C61DD3291550659E0049A84C /* Liar_s_Dice.xcdatamodeld */,
				C6951845155045E900BD15DA /* Liar_s_Dice.xcdatamodeld */,
			);
			name = "Supporting Files";
			sourceTree = "<group>";
		};
		C6BA376A143D11F1001E6A6D /* Soar */ = {
			isa = PBXGroup;
			children = (
				C6BA377D143D18CF001E6A6D /* SoarPlayer.h */,
				C6BA377E143D18CF001E6A6D /* SoarPlayer.mm */,
			);
			path = Soar;
			sourceTree = "<group>";
		};
		C6F66149143BA53800EF3AD2 /* src */ = {
			isa = PBXGroup;
			children = (
				C61F62A21552DFB80065D8BB /* Database */,
				C6BA376A143D11F1001E6A6D /* Soar */,
				4DBD2A4D17EE0870006806D0 /* ui-iOS7 */,
				CD86D6ED13BBA32D0005A182 /* DiceGameState */,
				C6F66151143BA95300EF3AD2 /* DiceGame.h */,
				C6F66152143BA95300EF3AD2 /* DiceGame.m */,
				4DC1AF7B191BD409007CE062 /* GameKitListener.h */,
				4DC1AF7C191BD409007CE062 /* GameKitListener.m */,
				4DC1AF7E191BD84F007CE062 /* GameKitGameHandler.h */,
				4DC1AF7F191BD84F007CE062 /* GameKitGameHandler.m */,
				C6F6615A143BA9A100EF3AD2 /* DiceLocalPlayer.h */,
				C6F6615B143BA9A100EF3AD2 /* DiceLocalPlayer.m */,
				C6F6615D143BA9B300EF3AD2 /* DiceRemotePlayer.h */,
				C6F6615E143BA9B300EF3AD2 /* DiceRemotePlayer.m */,
				C6BA3783143DF87A001E6A6D /* Player.h */,
				C690D5AE152CD60500AC3020 /* DiceGraphics.h */,
				C690D5AF152CD60500AC3020 /* DiceGraphics.m */,
			);
			path = src;
			sourceTree = "<group>";
		};
		CD86D63813BB9E450005A182 = {
			isa = PBXGroup;
			children = (
				4DB7B1DB17EB45C000CA94CE /* Images.xcassets */,
				4D956DB9160D0C1400E7A7C2 /* UM Liars Dice.entitlements */,
				C61F629C1552D6060065D8BB /* Database */,
				C6031A561550B32E00186B8E /* Soar Rules */,
				C6951844155045D900BD15DA /* Supporting Files */,
				C6951839154F9F9300BD15DA /* html */,
				C690D57D152CD5ED00AC3020 /* Graphics */,
				C6F66149143BA53800EF3AD2 /* src */,
				CD86D64613BB9E450005A182 /* Frameworks */,
				4DA2B8471630B35900E9F8E3 /* UM Liars Dice.app */,
			);
			sourceTree = "<group>";
		};
		CD86D64613BB9E450005A182 /* Frameworks */ = {
			isa = PBXGroup;
			children = (
				4DC1BE411878A694007A17D3 /* GameKit.framework */,
				4D7501CB17F0EE3200D5DF3A /* Accelerate.framework */,
				4DDA885A13FDA1F2008D3900 /* CoreFoundation.framework */,
				4DDA885813FD9C35008D3900 /* SystemConfiguration.framework */,
				CD86D71E13BBB1BA0005A182 /* QuartzCore.framework */,
				CD86D71C13BBB1B60005A182 /* OpenGLES.framework */,
				CD86D64713BB9E450005A182 /* UIKit.framework */,
				CD86D64913BB9E450005A182 /* Foundation.framework */,
				CD86D64B13BB9E450005A182 /* CoreGraphics.framework */,
				CD86D64D13BB9E450005A182 /* CoreData.framework */,
			);
			name = Frameworks;
			sourceTree = "<group>";
		};
		CD86D6ED13BBA32D0005A182 /* DiceGameState */ = {
			isa = PBXGroup;
			children = (
				C6BA376E143D18C2001E6A6D /* Bid.h */,
				C6BA376F143D18C2001E6A6D /* Bid.m */,
				C6BA3770143D18C2001E6A6D /* DiceGameState.h */,
				C6BA3771143D18C2001E6A6D /* DiceGameState.m */,
				C6BA3772143D18C2001E6A6D /* Die.h */,
				C6BA3773143D18C2001E6A6D /* Die.m */,
				C6BA3774143D18C2001E6A6D /* HistoryItem.h */,
				C6BA3775143D18C2001E6A6D /* HistoryItem.m */,
				C6BA3776143D18C2001E6A6D /* PlayerState.h */,
				C6BA3777143D18C2001E6A6D /* PlayerState.m */,
				C6F66169143BBF4C00EF3AD2 /* DiceAction.h */,
				C6F6616A143BBF4C00EF3AD2 /* DiceAction.m */,
				C6C636BD15263648004C4A70 /* DiceTypes.h */,
			);
			path = DiceGameState;
			sourceTree = "<group>";
		};
/* End PBXGroup section */

/* Begin PBXNativeTarget section */
		CD86D64213BB9E450005A182 /* UM Liars Dice */ = {
			isa = PBXNativeTarget;
			buildConfigurationList = CD86D66E13BB9E460005A182 /* Build configuration list for PBXNativeTarget "UM Liars Dice" */;
			buildPhases = (
				CD86D63F13BB9E450005A182 /* Sources */,
				CD86D64013BB9E450005A182 /* Frameworks */,
				CD86D64113BB9E450005A182 /* Resources */,
			);
			buildRules = (
			);
			dependencies = (
			);
			name = "UM Liars Dice";
			productName = "Lair's Dice";
			productReference = 4DA2B8471630B35900E9F8E3 /* UM Liars Dice.app */;
			productType = "com.apple.product-type.application";
		};
/* End PBXNativeTarget section */

/* Begin PBXProject section */
		CD86D63A13BB9E450005A182 /* Project object */ = {
			isa = PBXProject;
			attributes = {
				LastUpgradeCheck = 0500;
				TargetAttributes = {
					CD86D64213BB9E450005A182 = {
						DevelopmentTeam = RYTB7X84GA;
						SystemCapabilities = {
							com.apple.BackgroundModes = {
								enabled = 0;
							};
							com.apple.GameCenter = {
								enabled = 1;
							};
							com.apple.Keychain = {
								enabled = 0;
							};
							com.apple.iCloud = {
								enabled = 1;
							};
						};
					};
				};
			};
			buildConfigurationList = CD86D63D13BB9E450005A182 /* Build configuration list for PBXProject "UM Liars Dice" */;
			compatibilityVersion = "Xcode 3.2";
			developmentRegion = English;
			hasScannedForEncodings = 0;
			knownRegions = (
				en,
			);
			mainGroup = CD86D63813BB9E450005A182;
			productRefGroup = CD86D63813BB9E450005A182;
			projectDirPath = "";
			projectRoot = "";
			targets = (
				CD86D64213BB9E450005A182 /* UM Liars Dice */,
			);
		};
/* End PBXProject section */

/* Begin PBXResourcesBuildPhase section */
		CD86D64113BB9E450005A182 /* Resources */ = {
			isa = PBXResourcesBuildPhase;
			buildActionMask = 2147483647;
			files = (
				4DBD2A6B17EE8172006806D0 /* RoundOverView.xib in Resources */,
				4DBD2A6917EE7C7E006806D0 /* HistoryView.xib in Resources */,
				4D7501C717F0BA4E00D5DF3A /* SingleplayerView.xib in Resources */,
				C680898D154F56CF0068E477 /* die-1.png in Resources */,
				C680898E154F56CF0068E477 /* die-2.png in Resources */,
				4DBD2A5117EE089F006806D0 /* Application.xib in Resources */,
				4DC66DA91914023700A7FF0D /* AboutViewiPad.xib in Resources */,
				4DC1AF5319195B05007CE062 /* ScrollRightArrow.png in Resources */,
				C680898F154F56CF0068E477 /* die-3.png in Resources */,
				C6808990154F56CF0068E477 /* die-4.png in Resources */,
				4DC1AF501919544B007CE062 /* MultiplayerViewiPad.xib in Resources */,
				4D82BFE9191827660071FF3B /* Center-Push@2x.png in Resources */,
				C6808991154F56CF0068E477 /* die-5.png in Resources */,
				4DC66DAC1914023700A7FF0D /* PlayGameViewiPad.xib in Resources */,
				C6808992154F56CF0068E477 /* die-6.png in Resources */,
				4DC66DAB1914023700A7FF0D /* LoadingGameViewiPad.xib in Resources */,
				4DC1AF5819195C3D007CE062 /* MultiplayerView.xib in Resources */,
				C6808993154F56CF0068E477 /* die-unknown.png in Resources */,
				4DC66D9D1913FB2800A7FF0D /* MainMenuiPad.xib in Resources */,
				4DBD2A5B17EE6286006806D0 /* AboutView.xib in Resources */,
				C695183B154F9F9400BD15DA /* rules.html in Resources */,
				4DC66D9F1913FEC700A7FF0D /* ApplicationiPad.xib in Resources */,
				4DBD2A6317EE719C006806D0 /* StatsView.xib in Resources */,
				C6031A641550B33A00186B8E /* default in Resources */,
				C6031A651550B33A00186B8E /* dice in Resources */,
				4DC66DAA1914023700A7FF0D /* HistoryViewiPad.xib in Resources */,
				C6031A671550B33A00186B8E /* dice-model-bot-new.soar in Resources */,
				C6031A681550B33A00186B8E /* dice-p0-m0-c0.soar in Resources */,
				C6031A691550B33A00186B8E /* dice-p0-m1-c0.soar in Resources */,
				4DB7B1DC17EB45C000CA94CE /* Images.xcassets in Resources */,
				4DC66DB01914023700A7FF0D /* SingleplayerViewiPad.xib in Resources */,
				C6031A6A1550B33A00186B8E /* dice-p1-m1-c0.soar in Resources */,
				C6031A6B1550B33A00186B8E /* dice-rl in Resources */,
				C6031A6C1550B33A00186B8E /* dice-rl.soar in Resources */,
				4DBD2A5517EE0AA7006806D0 /* MainMenu.xib in Resources */,
				C6031A6D1550B33A00186B8E /* dice-rl.vsa in Resources */,
				C6031A6E1550B33A00186B8E /* dice.soar in Resources */,
				C6031A6F1550B33A00186B8E /* dice.vsa in Resources */,
				C6031A701550B33A00186B8E /* improvements.soar in Resources */,
				C602E0931552F1C2005B7D70 /* database.db in Resources */,
				4DBD2A6717EE7B77006806D0 /* LoadingGameView.xib in Resources */,
				C642BD8A15542FB000643A5B /* dice-model-bot-new in Resources */,
				C642BD8C155430F300643A5B /* dice-model-bot-new-old in Resources */,
				4DBD2A6517EE76AD006806D0 /* PlayGameView.xib in Resources */,
				4DC66DAE1914023700A7FF0D /* RulesViewiPad.xib in Resources */,
				4D82BFEB191827700071FF3B /* Center-Push.png in Resources */,
				C642BD8E1554348900643A5B /* dice-p1-m0-c0.soar in Resources */,
				4DC66DB11914023700A7FF0D /* StatsViewiPad.xib in Resources */,
				C68C288015CB229C00EB07B7 /* dice-agent-new.soar in Resources */,
				C68C288315CB22A400EB07B7 /* dice-agent-p in Resources */,
				C68C288515CB22AC00EB07B7 /* dice-pmh.soar in Resources */,
				4DA8DA2C15E84BC800D2CED9 /* dice-hard.soar in Resources */,
				4DC66DAF1914023700A7FF0D /* SettingsViewiPad.xib in Resources */,
				4DA8DA2D15E84BC800D2CED9 /* dice-hardest.soar in Resources */,
				4DA8DA2E15E84BC800D2CED9 /* dice-medium.soar in Resources */,
				4D55DFFA15EFB3A200829BC6 /* dice-easy.soar in Resources */,
				4DC66DAD1914023700A7FF0D /* RoundOverViewiPad.xib in Resources */,
				4D55DFFB15EFB3A200829BC6 /* dice-harder.soar in Resources */,
				4DC1AF5A19195D9C007CE062 /* JoinMatchView.xib in Resources */,
				4D12BDD115F0FDF200265801 /* about.html in Resources */,
				4DBD2A5D17EE6D42006806D0 /* SettingsView.xib in Resources */,
				4DBD2A5F17EE6FC9006806D0 /* RulesView.xib in Resources */,
			);
			runOnlyForDeploymentPostprocessing = 0;
		};
/* End PBXResourcesBuildPhase section */

/* Begin PBXSourcesBuildPhase section */
		CD86D63F13BB9E450005A182 /* Sources */ = {
			isa = PBXSourcesBuildPhase;
			buildActionMask = 2147483647;
			files = (
				4D7501CA17F0EC5900D5DF3A /* UIImage+ImageEffects.m in Sources */,
				C6F66153143BA95300EF3AD2 /* DiceGame.m in Sources */,
				4DC1AF62191961C1007CE062 /* JoinMatchView.m in Sources */,
				4DBD2A9417EF4BD2006806D0 /* RoundOverView.m in Sources */,
				C6F6615C143BA9A200EF3AD2 /* DiceLocalPlayer.m in Sources */,
				4DBD2A8F17EF4BD2006806D0 /* RulesView.m in Sources */,
				4DC1AF7D191BD409007CE062 /* GameKitListener.m in Sources */,
				4DBD2A8917EF4BD2006806D0 /* AboutView.m in Sources */,
				4DBD2A8C17EF4BD2006806D0 /* DiceHistoryView.m in Sources */,
				4DC1AF80191BD84F007CE062 /* GameKitGameHandler.m in Sources */,
				C6F6615F143BA9B300EF3AD2 /* DiceRemotePlayer.m in Sources */,
				4DBD2A8B17EF4BD2006806D0 /* ApplicationDelegate.m in Sources */,
				4DBD2A8D17EF4BD2006806D0 /* MainMenu.m in Sources */,
				C6F6616B143BBF4C00EF3AD2 /* DiceAction.m in Sources */,
				C6BA3778143D18C2001E6A6D /* Bid.m in Sources */,
				4DBD2A9517EF4BD2006806D0 /* SettingsView.m in Sources */,
				C6BA3779143D18C2001E6A6D /* DiceGameState.m in Sources */,
				C6BA377A143D18C2001E6A6D /* Die.m in Sources */,
				C6BA377B143D18C2001E6A6D /* HistoryItem.m in Sources */,
				C6BA377C143D18C2001E6A6D /* PlayerState.m in Sources */,
				C6BA377F143D18CF001E6A6D /* SoarPlayer.mm in Sources */,
				4DBD2A9017EF4BD2006806D0 /* LoadingGameView.m in Sources */,
				C690D5B0152CD60500AC3020 /* DiceGraphics.m in Sources */,
				4DD146E217F0B8CF000A4A4E /* SingleplayerView.m in Sources */,
				4DBD2A9317EF4BD2006806D0 /* StatsView.m in Sources */,
				4DC1AF7A191A75AD007CE062 /* MultiplayerMatchData.m in Sources */,
				4DBD2A9217EF4BD2006806D0 /* PlayGameView.m in Sources */,
				4DBD2A8A17EF4BD2006806D0 /* Application.m in Sources */,
				C61F62A11552D6870065D8BB /* DiceDatabase.m in Sources */,
				4DD146E517F0B8E5000A4A4E /* MultiplayerView.m in Sources */,
				4D5B8154191C243200BAC1D1 /* main.m in Sources */,
				C61F62A81552DFE20065D8BB /* GameRecord.m in Sources */,
			);
			runOnlyForDeploymentPostprocessing = 0;
		};
/* End PBXSourcesBuildPhase section */

/* Begin XCBuildConfiguration section */
		C6951842155043DB00BD15DA /* Ad Hoc */ = {
			isa = XCBuildConfiguration;
			buildSettings = {
				ALWAYS_SEARCH_USER_PATHS = YES;
				CLANG_ANALYZER_SECURITY_INSECUREAPI_RAND = YES;
				CLANG_ANALYZER_SECURITY_INSECUREAPI_STRCPY = YES;
				CLANG_CXX_LANGUAGE_STANDARD = "c++0x";
				CLANG_CXX_LIBRARY = "libc++";
				CLANG_WARN_CXX0X_EXTENSIONS = YES;
				CLANG_WARN_DEPRECATED_OBJC_IMPLEMENTATIONS = YES;
				CLANG_WARN_ENUM_CONVERSION = YES;
				CLANG_WARN_INT_CONVERSION = YES;
				CLANG_WARN_OBJC_EXPLICIT_OWNERSHIP_TYPE = YES;
				CLANG_WARN_OBJC_IMPLICIT_ATOMIC_PROPERTIES = YES;
				CLANG_WARN_OBJC_IMPLICIT_RETAIN_SELF = YES;
				CLANG_WARN_OBJC_MISSING_PROPERTY_SYNTHESIS = YES;
				CLANG_WARN_OBJC_RECEIVER_WEAK = YES;
				CLANG_WARN_OBJC_REPEATED_USE_OF_WEAK = YES;
				CLANG_WARN__DUPLICATE_METHOD_MATCH = YES;
				CODE_SIGN_IDENTITY = "iPhone Developer: Alex Turner (KHXH2344DJ)";
				"CODE_SIGN_IDENTITY[sdk=iphoneos*]" = "iPhone Distribution";
				GCC_C_LANGUAGE_STANDARD = gnu11;
				GCC_OPTIMIZATION_LEVEL = 0;
				GCC_TREAT_WARNINGS_AS_ERRORS = YES;
				GCC_VERSION = "";
				GCC_WARN_ABOUT_MISSING_NEWLINE = YES;
				GCC_WARN_ABOUT_RETURN_TYPE = YES;
				GCC_WARN_FOUR_CHARACTER_CONSTANTS = YES;
				GCC_WARN_INITIALIZER_NOT_FULLY_BRACKETED = YES;
				GCC_WARN_MULTIPLE_DEFINITION_TYPES_FOR_SELECTOR = YES;
				GCC_WARN_NON_VIRTUAL_DESTRUCTOR = YES;
				GCC_WARN_PEDANTIC = YES;
				GCC_WARN_STRICT_SELECTOR_MATCH = YES;
				GCC_WARN_UNDECLARED_SELECTOR = YES;
				GCC_WARN_UNUSED_PARAMETER = NO;
				GCC_WARN_UNUSED_VARIABLE = YES;
				IPHONEOS_DEPLOYMENT_TARGET = 7.1;
				"LIBRARY_SEARCH_PATHS[sdk=iphoneos*]" = "libSoar/lib-phone";
				"LIBRARY_SEARCH_PATHS[sdk=iphonesimulator*]" = "libSoar/lib-simulator";
				LLVM_LTO = YES;
				LLVM_VECTORIZE_LOOPS = YES;
				OTHER_CFLAGS = (
					"-Wall",
					"-Wextra",
				);
				OTHER_LDFLAGS = (
					"-lSoar",
					"-lsqlite3.0",
				);
				PROVISIONING_PROFILE = "4BD48551-B6C7-46B4-BC86-9380B9EF45FF";
				SCAN_ALL_SOURCE_FILES_FOR_INCLUDES = YES;
				SDKROOT = iphoneos;
				TARGETED_DEVICE_FAMILY = "1,2";
				USER_HEADER_SEARCH_PATHS = libSoar/include/;
			};
			name = "Ad Hoc";
		};
		C6951843155043DB00BD15DA /* Ad Hoc */ = {
			isa = XCBuildConfiguration;
			buildSettings = {
				ALWAYS_SEARCH_USER_PATHS = YES;
				ASSETCATALOG_COMPILER_APPICON_NAME = AppIcon;
				ASSETCATALOG_COMPILER_LAUNCHIMAGE_NAME = LaunchImage;
				CLANG_CXX_LANGUAGE_STANDARD = "gnu++0x";
				CLANG_WARN_DEPRECATED_OBJC_IMPLEMENTATIONS = YES;
				CLANG_WARN_EMPTY_BODY = YES;
				CLANG_WARN_OBJC_IMPLICIT_ATOMIC_PROPERTIES = NO;
				CLANG_WARN_OBJC_MISSING_PROPERTY_SYNTHESIS = YES;
				CLANG_WARN_OBJC_RECEIVER_WEAK = YES;
				CLANG_WARN__DUPLICATE_METHOD_MATCH = YES;
				CODE_SIGN_ENTITLEMENTS = "UM Liars Dice.entitlements";
				CODE_SIGN_IDENTITY = "iPhone Developer";
				"CODE_SIGN_IDENTITY[sdk=iphoneos*]" = "iPhone Developer";
				COPY_PHASE_STRIP = NO;
				DEAD_CODE_STRIPPING = NO;
				GCC_PRECOMPILE_PREFIX_HEADER = YES;
				GCC_PREFIX_HEADER = "UM Liars Dice-Prefix.pch";
				GCC_SYMBOLS_PRIVATE_EXTERN = NO;
				GCC_THUMB_SUPPORT = NO;
				GCC_VERSION = "";
				GCC_WARN_FOUR_CHARACTER_CONSTANTS = YES;
				GCC_WARN_MULTIPLE_DEFINITION_TYPES_FOR_SELECTOR = YES;
				GCC_WARN_PEDANTIC = YES;
				GCC_WARN_SHADOW = YES;
				GCC_WARN_STRICT_SELECTOR_MATCH = YES;
				GCC_WARN_UNDECLARED_SELECTOR = YES;
				GCC_WARN_UNINITIALIZED_AUTOS = YES;
				INFOPLIST_FILE = "$(SRCROOT)/UM Liars Dice-Info.plist";
				IPHONEOS_DEPLOYMENT_TARGET = 7.1;
				LLVM_LTO = NO;
				OTHER_CFLAGS = (
					"-DIPHONE_SDK",
					"-D__LLP64__",
					"-Wno-gnu",
				);
				PRODUCT_NAME = "UM Liars Dice";
				PROVISIONING_PROFILE = "4BD48551-B6C7-46B4-BC86-9380B9EF45FF";
				SKIP_INSTALL = NO;
				STRIP_INSTALLED_PRODUCT = NO;
				STRIP_STYLE = "non-global";
				TARGETED_DEVICE_FAMILY = "1,2";
				VALIDATE_PRODUCT = YES;
				WARNING_CFLAGS = "-Wall";
				WRAPPER_EXTENSION = app;
			};
			name = "Ad Hoc";
		};
		CD86D66C13BB9E460005A182 /* Debug */ = {
			isa = XCBuildConfiguration;
			buildSettings = {
				ALWAYS_SEARCH_USER_PATHS = YES;
				CLANG_ANALYZER_SECURITY_INSECUREAPI_RAND = YES;
				CLANG_ANALYZER_SECURITY_INSECUREAPI_STRCPY = YES;
				CLANG_CXX_LANGUAGE_STANDARD = "c++0x";
				CLANG_CXX_LIBRARY = "libc++";
				CLANG_WARN_CXX0X_EXTENSIONS = YES;
				CLANG_WARN_DEPRECATED_OBJC_IMPLEMENTATIONS = YES;
				CLANG_WARN_ENUM_CONVERSION = YES;
				CLANG_WARN_INT_CONVERSION = YES;
				CLANG_WARN_OBJC_EXPLICIT_OWNERSHIP_TYPE = YES;
				CLANG_WARN_OBJC_IMPLICIT_ATOMIC_PROPERTIES = YES;
				CLANG_WARN_OBJC_IMPLICIT_RETAIN_SELF = YES;
				CLANG_WARN_OBJC_MISSING_PROPERTY_SYNTHESIS = YES;
				CLANG_WARN_OBJC_RECEIVER_WEAK = YES;
				CLANG_WARN_OBJC_REPEATED_USE_OF_WEAK = YES;
				CLANG_WARN__DUPLICATE_METHOD_MATCH = YES;
				CODE_SIGN_IDENTITY = "iPhone Developer: Alex Turner (KHXH2344DJ)";
				"CODE_SIGN_IDENTITY[sdk=iphoneos*]" = "iPhone Developer";
				GCC_C_LANGUAGE_STANDARD = gnu11;
				GCC_OPTIMIZATION_LEVEL = 0;
				GCC_PREPROCESSOR_DEFINITIONS = DEBUG;
				GCC_TREAT_WARNINGS_AS_ERRORS = YES;
				GCC_VERSION = "";
				GCC_WARN_ABOUT_MISSING_NEWLINE = YES;
				GCC_WARN_ABOUT_RETURN_TYPE = YES;
				GCC_WARN_FOUR_CHARACTER_CONSTANTS = YES;
				GCC_WARN_INITIALIZER_NOT_FULLY_BRACKETED = YES;
				GCC_WARN_MULTIPLE_DEFINITION_TYPES_FOR_SELECTOR = YES;
				GCC_WARN_NON_VIRTUAL_DESTRUCTOR = YES;
				GCC_WARN_PEDANTIC = YES;
				GCC_WARN_STRICT_SELECTOR_MATCH = YES;
				GCC_WARN_UNDECLARED_SELECTOR = YES;
				GCC_WARN_UNUSED_PARAMETER = NO;
				GCC_WARN_UNUSED_VARIABLE = YES;
				IPHONEOS_DEPLOYMENT_TARGET = 7.1;
				"LIBRARY_SEARCH_PATHS[sdk=iphoneos*]" = "libSoar/lib-phone";
				"LIBRARY_SEARCH_PATHS[sdk=iphonesimulator*]" = "libSoar/lib-simulator";
				LLVM_LTO = YES;
				LLVM_VECTORIZE_LOOPS = YES;
				ONLY_ACTIVE_ARCH = YES;
				OTHER_CFLAGS = (
					"-Wall",
					"-Wextra",
				);
				OTHER_LDFLAGS = (
					"-lSoar",
					"-lsqlite3.0",
				);
				PROVISIONING_PROFILE = "4BD48551-B6C7-46B4-BC86-9380B9EF45FF";
				SCAN_ALL_SOURCE_FILES_FOR_INCLUDES = YES;
				SDKROOT = iphoneos;
				TARGETED_DEVICE_FAMILY = "1,2";
				USER_HEADER_SEARCH_PATHS = libSoar/include/;
			};
			name = Debug;
		};
		CD86D66D13BB9E460005A182 /* Release */ = {
			isa = XCBuildConfiguration;
			buildSettings = {
				ALWAYS_SEARCH_USER_PATHS = YES;
				CLANG_ANALYZER_SECURITY_INSECUREAPI_RAND = YES;
				CLANG_ANALYZER_SECURITY_INSECUREAPI_STRCPY = YES;
				CLANG_CXX_LANGUAGE_STANDARD = "c++0x";
				CLANG_CXX_LIBRARY = "libc++";
				CLANG_WARN_CXX0X_EXTENSIONS = YES;
				CLANG_WARN_DEPRECATED_OBJC_IMPLEMENTATIONS = YES;
				CLANG_WARN_ENUM_CONVERSION = YES;
				CLANG_WARN_INT_CONVERSION = YES;
				CLANG_WARN_OBJC_EXPLICIT_OWNERSHIP_TYPE = YES;
				CLANG_WARN_OBJC_IMPLICIT_ATOMIC_PROPERTIES = YES;
				CLANG_WARN_OBJC_IMPLICIT_RETAIN_SELF = YES;
				CLANG_WARN_OBJC_MISSING_PROPERTY_SYNTHESIS = YES;
				CLANG_WARN_OBJC_RECEIVER_WEAK = YES;
				CLANG_WARN_OBJC_REPEATED_USE_OF_WEAK = YES;
				CLANG_WARN__DUPLICATE_METHOD_MATCH = YES;
				CODE_SIGN_IDENTITY = "iPhone Developer: Alex Turner (KHXH2344DJ)";
				"CODE_SIGN_IDENTITY[sdk=iphoneos*]" = "iPhone Distribution";
				GCC_C_LANGUAGE_STANDARD = gnu11;
				GCC_OPTIMIZATION_LEVEL = fast;
				GCC_TREAT_WARNINGS_AS_ERRORS = YES;
				GCC_VERSION = "";
				GCC_WARN_ABOUT_MISSING_NEWLINE = YES;
				GCC_WARN_ABOUT_RETURN_TYPE = YES;
				GCC_WARN_FOUR_CHARACTER_CONSTANTS = YES;
				GCC_WARN_INITIALIZER_NOT_FULLY_BRACKETED = YES;
				GCC_WARN_MULTIPLE_DEFINITION_TYPES_FOR_SELECTOR = YES;
				GCC_WARN_NON_VIRTUAL_DESTRUCTOR = YES;
				GCC_WARN_PEDANTIC = YES;
				GCC_WARN_STRICT_SELECTOR_MATCH = YES;
				GCC_WARN_UNDECLARED_SELECTOR = YES;
				GCC_WARN_UNUSED_PARAMETER = NO;
				GCC_WARN_UNUSED_VARIABLE = YES;
				IPHONEOS_DEPLOYMENT_TARGET = 7.1;
				"LIBRARY_SEARCH_PATHS[sdk=iphoneos*]" = "libSoar/lib-phone";
				"LIBRARY_SEARCH_PATHS[sdk=iphonesimulator*]" = "libSoar/lib-simulator";
				LLVM_LTO = YES;
				LLVM_VECTORIZE_LOOPS = YES;
				OTHER_CFLAGS = (
					"-Wall",
					"-Wextra",
				);
				OTHER_LDFLAGS = (
					"-lSoar",
					"-lsqlite3.0",
				);
				PROVISIONING_PROFILE = "4BD48551-B6C7-46B4-BC86-9380B9EF45FF";
				SCAN_ALL_SOURCE_FILES_FOR_INCLUDES = YES;
				SDKROOT = iphoneos;
				TARGETED_DEVICE_FAMILY = "1,2";
				USER_HEADER_SEARCH_PATHS = libSoar/include/;
			};
			name = Release;
		};
		CD86D66F13BB9E460005A182 /* Debug */ = {
			isa = XCBuildConfiguration;
			buildSettings = {
				ALWAYS_SEARCH_USER_PATHS = YES;
				ASSETCATALOG_COMPILER_APPICON_NAME = AppIcon;
				ASSETCATALOG_COMPILER_LAUNCHIMAGE_NAME = LaunchImage;
				CLANG_CXX_LANGUAGE_STANDARD = "gnu++0x";
				CLANG_WARN_DEPRECATED_OBJC_IMPLEMENTATIONS = YES;
				CLANG_WARN_EMPTY_BODY = YES;
				CLANG_WARN_OBJC_IMPLICIT_ATOMIC_PROPERTIES = NO;
				CLANG_WARN_OBJC_MISSING_PROPERTY_SYNTHESIS = YES;
				CLANG_WARN_OBJC_RECEIVER_WEAK = YES;
				CLANG_WARN__DUPLICATE_METHOD_MATCH = YES;
				CODE_SIGN_ENTITLEMENTS = "UM Liars Dice.entitlements";
				CODE_SIGN_IDENTITY = "iPhone Developer";
				"CODE_SIGN_IDENTITY[sdk=iphoneos*]" = "iPhone Developer";
				COPY_PHASE_STRIP = NO;
				DEAD_CODE_STRIPPING = NO;
				GCC_DYNAMIC_NO_PIC = NO;
				GCC_PRECOMPILE_PREFIX_HEADER = YES;
				GCC_PREFIX_HEADER = "UM Liars Dice-Prefix.pch";
				GCC_SYMBOLS_PRIVATE_EXTERN = NO;
				GCC_THUMB_SUPPORT = NO;
				GCC_VERSION = "";
				GCC_WARN_FOUR_CHARACTER_CONSTANTS = YES;
				GCC_WARN_MULTIPLE_DEFINITION_TYPES_FOR_SELECTOR = YES;
				GCC_WARN_PEDANTIC = YES;
				GCC_WARN_SHADOW = YES;
				GCC_WARN_STRICT_SELECTOR_MATCH = YES;
				GCC_WARN_UNDECLARED_SELECTOR = YES;
				GCC_WARN_UNINITIALIZED_AUTOS = YES;
				INFOPLIST_FILE = "$(SRCROOT)/UM Liars Dice-Info.plist";
				IPHONEOS_DEPLOYMENT_TARGET = 7.1;
				LLVM_LTO = NO;
				OTHER_CFLAGS = (
					"-DIPHONE_SDK",
					"-D__LLP64__",
					"-Wno-gnu",
				);
				PRODUCT_NAME = "UM Liars Dice";
				PROVISIONING_PROFILE = "4BD48551-B6C7-46B4-BC86-9380B9EF45FF";
				SKIP_INSTALL = NO;
				STRIP_INSTALLED_PRODUCT = NO;
				STRIP_STYLE = "non-global";
				TARGETED_DEVICE_FAMILY = "1,2";
				WARNING_CFLAGS = "-Wall";
				WRAPPER_EXTENSION = app;
			};
			name = Debug;
		};
		CD86D67013BB9E460005A182 /* Release */ = {
			isa = XCBuildConfiguration;
			buildSettings = {
				ALWAYS_SEARCH_USER_PATHS = YES;
				ASSETCATALOG_COMPILER_APPICON_NAME = AppIcon;
				ASSETCATALOG_COMPILER_LAUNCHIMAGE_NAME = LaunchImage;
				CLANG_CXX_LANGUAGE_STANDARD = "gnu++0x";
				CLANG_WARN_DEPRECATED_OBJC_IMPLEMENTATIONS = YES;
				CLANG_WARN_EMPTY_BODY = YES;
				CLANG_WARN_OBJC_IMPLICIT_ATOMIC_PROPERTIES = NO;
				CLANG_WARN_OBJC_MISSING_PROPERTY_SYNTHESIS = YES;
				CLANG_WARN_OBJC_RECEIVER_WEAK = YES;
				CLANG_WARN__DUPLICATE_METHOD_MATCH = YES;
				CODE_SIGN_ENTITLEMENTS = "UM Liars Dice.entitlements";
				CODE_SIGN_IDENTITY = "iPhone Developer";
				"CODE_SIGN_IDENTITY[sdk=iphoneos*]" = "iPhone Developer";
				COPY_PHASE_STRIP = NO;
				DEAD_CODE_STRIPPING = NO;
				GCC_PRECOMPILE_PREFIX_HEADER = YES;
				GCC_PREFIX_HEADER = "UM Liars Dice-Prefix.pch";
				GCC_SYMBOLS_PRIVATE_EXTERN = NO;
				GCC_THUMB_SUPPORT = NO;
				GCC_VERSION = "";
				GCC_WARN_FOUR_CHARACTER_CONSTANTS = YES;
				GCC_WARN_MULTIPLE_DEFINITION_TYPES_FOR_SELECTOR = YES;
				GCC_WARN_PEDANTIC = YES;
				GCC_WARN_SHADOW = YES;
				GCC_WARN_STRICT_SELECTOR_MATCH = YES;
				GCC_WARN_UNDECLARED_SELECTOR = YES;
				GCC_WARN_UNINITIALIZED_AUTOS = YES;
				INFOPLIST_FILE = "$(SRCROOT)/UM Liars Dice-Info.plist";
				IPHONEOS_DEPLOYMENT_TARGET = 7.1;
				LLVM_LTO = NO;
				OTHER_CFLAGS = (
					"-DIPHONE_SDK",
					"-D__LLP64__",
					"-Wno-gnu",
				);
				PRODUCT_NAME = "UM Liars Dice";
				PROVISIONING_PROFILE = "4BD48551-B6C7-46B4-BC86-9380B9EF45FF";
				SKIP_INSTALL = NO;
				STRIP_INSTALLED_PRODUCT = NO;
				STRIP_STYLE = "non-global";
				TARGETED_DEVICE_FAMILY = "1,2";
				VALIDATE_PRODUCT = YES;
				WARNING_CFLAGS = "-Wall";
				WRAPPER_EXTENSION = app;
			};
			name = Release;
		};
/* End XCBuildConfiguration section */

/* Begin XCConfigurationList section */
		CD86D63D13BB9E450005A182 /* Build configuration list for PBXProject "UM Liars Dice" */ = {
			isa = XCConfigurationList;
			buildConfigurations = (
				CD86D66C13BB9E460005A182 /* Debug */,
				CD86D66D13BB9E460005A182 /* Release */,
				C6951842155043DB00BD15DA /* Ad Hoc */,
			);
			defaultConfigurationIsVisible = 0;
			defaultConfigurationName = Release;
		};
		CD86D66E13BB9E460005A182 /* Build configuration list for PBXNativeTarget "UM Liars Dice" */ = {
			isa = XCConfigurationList;
			buildConfigurations = (
				CD86D66F13BB9E460005A182 /* Debug */,
				CD86D67013BB9E460005A182 /* Release */,
				C6951843155043DB00BD15DA /* Ad Hoc */,
			);
			defaultConfigurationIsVisible = 0;
			defaultConfigurationName = Release;
		};
/* End XCConfigurationList section */

/* Begin XCVersionGroup section */
		C61DD3291550659E0049A84C /* Liar_s_Dice.xcdatamodeld */ = {
			isa = XCVersionGroup;
			children = (
				C61DD32A1550659E0049A84C /* Lair_s_Dice.xcdatamodel */,
			);
			currentVersion = C61DD32A1550659E0049A84C /* Lair_s_Dice.xcdatamodel */;
			name = Liar_s_Dice.xcdatamodeld;
			path = "Lairs-Dice/Lair_s_Dice.xcdatamodeld";
			sourceTree = "<group>";
			versionGroupType = wrapper.xcdatamodel;
		};
		C6951845155045E900BD15DA /* Liar_s_Dice.xcdatamodeld */ = {
			isa = XCVersionGroup;
			children = (
				C6951846155045E900BD15DA /* Lair_s_Dice.xcdatamodel */,
			);
			currentVersion = C6951846155045E900BD15DA /* Lair_s_Dice.xcdatamodel */;
			name = Liar_s_Dice.xcdatamodeld;
			path = "Lair's Dice/Lair_s_Dice.xcdatamodeld";
			sourceTree = "<group>";
			versionGroupType = wrapper.xcdatamodel;
		};
/* End XCVersionGroup section */
	};
	rootObject = CD86D63A13BB9E450005A182 /* Project object */;
}
